<?xml version="1.0" encoding="utf-8"?>
<Project ToolsVersion="4.0" xmlns="http://schemas.microsoft.com/developer/msbuild/2003">
  <ItemGroup>
    <Filter Include="Source Files">
      <UniqueIdentifier>{4FC737F1-C7A5-4376-A066-2A32D752A2FF}</UniqueIdentifier>
      <Extensions>cpp;c;cc;cxx;def;odl;idl;hpj;bat;asm;asmx</Extensions>
    </Filter>
    <Filter Include="Header Files">
      <UniqueIdentifier>{93995380-89BD-4b04-88EB-625FBE52EBFB}</UniqueIdentifier>
      <Extensions>h;hh;hpp;hxx;hm;inl;inc;xsd</Extensions>
    </Filter>
    <Filter Include="Resource Files">
      <UniqueIdentifier>{67DA6AB6-F800-4c08-8B7A-83BB121AAD01}</UniqueIdentifier>
      <Extensions>rc;ico;cur;bmp;dlg;rc2;rct;bin;rgs;gif;jpg;jpeg;jpe;resx;tiff;tif;png;wav;mfcribbon-ms</Extensions>
    </Filter>
  </ItemGroup>
  <ItemGroup>
    <Text Include="ReadMe.txt" />
  </ItemGroup>
  <ItemGroup>
    <ClInclude Include="stdafx.h">
      <Filter>Header Files</Filter>
    </ClInclude>
    <ClInclude Include="targetver.h">
      <Filter>Header Files</Filter>
    </ClInclude>
    <ClInclude Include="vmsSimpleIpcItem.h">
      <Filter>Header Files</Filter>
    </ClInclude>
    <ClInclude Include="vmsSimpleIpcItemReceiver.h">
      <Filter>Header Files</Filter>
    </ClInclude>
    <ClInclude Include="vmsSimpleIpcItemSender.h">
      <Filter>Header Files</Filter>
    </ClInclude>
    <ClInclude Include="vmsSimpleIpcManager.h">
      <Filter>Header Files</Filter>
    </ClInclude>
    <ClInclude Include="vmsSimpleIpcStringItem.h">
      <Filter>Header Files</Filter>
    </ClInclude>
    <ClInclude Include="vmsSimpleIpcTaskItem.h">
      <Filter>Header Files</Filter>
    </ClInclude>
    <ClInclude Include="vmsSimpleIpcTaskManager.h">
      <Filter>Header Files</Filter>
    </ClInclude>
    <ClInclude Include="vmsFdmBhIpcTask.h">
      <Filter>Header Files</Filter>
    </ClInclude>
    <ClInclude Include="vmsFdmBhIpcTaskHandshake.h">
      <Filter>Header Files</Filter>
    </ClInclude>
    <ClInclude Include="vmsFdmBhIpcTaskResponse.h">
      <Filter>Header Files</Filter>
    </ClInclude>
    <ClInclude Include="vmsFdmBhIpcTaskProcessorManager.h">
      <Filter>Header Files</Filter>
    </ClInclude>
    <ClInclude Include="vmsFdmBhIpcTaskProcessor.h">
      <Filter>Header Files</Filter>
    </ClInclude>
    <ClInclude Include="vmsFdmBhIpcHandshakeTaskProcessor.h">
      <Filter>Header Files</Filter>
    </ClInclude>
    <ClInclude Include="vmsFdmBhIpcUiStringsTaskProcessor.h">
      <Filter>Header Files</Filter>
    </ClInclude>
    <ClInclude Include="vmsFdmBhIpcUiStringsTaskResponse.h">
      <Filter>Header Files</Filter>
    </ClInclude>
    <ClInclude Include="vmsFdmBhIpcDownloadInfo.h">
      <Filter>Header Files</Filter>
    </ClInclude>
    <ClInclude Include="vmsFdmBhIpcTaskCreateDownloads.h">
      <Filter>Header Files</Filter>
    </ClInclude>
    <ClInclude Include="vmsFdmBhIpcCreateDownloadsTaskProcessor.h">
      <Filter>Header Files</Filter>
    </ClInclude>
    <ClInclude Include="resource.h">
      <Filter>Header Files</Filter>
    </ClInclude>
    <ClInclude Include="vmsFdmSettings.h">
      <Filter>Header Files</Filter>
    </ClInclude>
    <ClInclude Include="vmsFdmSettingsManager.h">
      <Filter>Header Files</Filter>
    </ClInclude>
    <ClInclude Include="vmsFdmBrowserMenuSettings.h">
      <Filter>Header Files</Filter>
    </ClInclude>
    <ClInclude Include="vmsFdmBhIpcQuerySettingsTaskResponse.h">
      <Filter>Header Files</Filter>
    </ClInclude>
    <ClInclude Include="vmsFdmBhIpcQuerySettingsTaskProcessor.h">
      <Filter>Header Files</Filter>
    </ClInclude>
    <ClInclude Include="vmsFdmBrowserMonitorSettings.h">
      <Filter>Header Files</Filter>
    </ClInclude>
    <ClInclude Include="vmsFdmBrowserSettings.h">
      <Filter>Header Files</Filter>
    </ClInclude>
    <ClInclude Include="vmsFdmBhIpcBrowserProxyInfo.h">
      <Filter>Header Files</Filter>
    </ClInclude>
    <ClInclude Include="vmsFdmBhIpcBrowserProxyTaskProcessor.h">
      <Filter>Header Files</Filter>
    </ClInclude>
    <ClInclude Include="WindowsTasksManager.h">
      <Filter>Header Files</Filter>
    </ClInclude>
    <ClInclude Include="vmsFdmBhIpcWindowTaskProcessor.h">
      <Filter>Header Files</Filter>
    </ClInclude>
    <ClInclude Include="vmsFdmBhIpcTaskWindow.h">
      <Filter>Header Files</Filter>
    </ClInclude>
    <ClInclude Include="vmsFdmBhIpcTaskVideoSniffer.h">
      <Filter>Header Files</Filter>
    </ClInclude>
    <ClInclude Include="vmsFdmBhIpcVideoSnifferTaskProcessor.h">
      <Filter>Header Files</Filter>
    </ClInclude>
    <ClInclude Include="vmsFdmBhSniffDllProxyManager.h">
      <Filter>Header Files</Filter>
    </ClInclude>
    <ClInclude Include="vmsParentBrowserProcessManager.h">
      <Filter>Header Files</Filter>
    </ClInclude>
    <ClInclude Include="vmsFdmBhIpcVideoSnifferTaskResponse.h">
      <Filter>Header Files</Filter>
    </ClInclude>
    <ClInclude Include="vmsFdmBrowserHelperApp.h">
      <Filter>Header Files</Filter>
    </ClInclude>
    <ClInclude Include="vmsFdmBhIpcTaskNetworkRequestNotification.h">
      <Filter>Header Files</Filter>
    </ClInclude>
    <ClInclude Include="vmsFdmBhIpcNetworkRequestNotificationTaskProcessor.h">
      <Filter>Header Files</Filter>
    </ClInclude>
    <ClInclude Include="vmsFdmBhIpcTaskDownloadState.h">
      <Filter>Header Files</Filter>
    </ClInclude>
    <ClInclude Include="vmsFdmBhIpcDownloadStateReportTaskProcessor.h">
      <Filter>Header Files</Filter>
    </ClInclude>
    <ClInclude Include="vmsFdmVideoMonitoringSettings.h">
      <Filter>Header Files</Filter>
    </ClInclude>
  </ItemGroup>
  <ItemGroup>
    <ClCompile Include="stdafx.cpp">
      <Filter>Source Files</Filter>
    </ClCompile>
    <ClCompile Include="FdmBrowserHelper.cpp">
      <Filter>Source Files</Filter>
    </ClCompile>
    <ClCompile Include="vmsFdmBhIpcTask.cpp">
      <Filter>Source Files</Filter>
    </ClCompile>
    <ClCompile Include="vmsFdmBhIpcTaskProcessorManager.cpp">
      <Filter>Source Files</Filter>
    </ClCompile>
    <ClCompile Include="vmsFdmBhIpcHandshakeTaskProcessor.cpp">
      <Filter>Source Files</Filter>
    </ClCompile>
    <ClCompile Include="vmsFdmBhIpcUiStringsTaskProcessor.cpp">
      <Filter>Source Files</Filter>
    </ClCompile>
    <ClCompile Include="vmsFdmBhIpcCreateDownloadsTaskProcessor.cpp">
      <Filter>Source Files</Filter>
    </ClCompile>
    <ClCompile Include="vmsFdmSettingsManager.cpp">
      <Filter>Source Files</Filter>
    </ClCompile>
    <ClCompile Include="vmsFdmBhIpcQuerySettingsTaskProcessor.cpp">
      <Filter>Source Files</Filter>
    </ClCompile>
    <ClCompile Include="vmsFdmBhIpcBrowserProxyTaskProcessor.cpp">
      <Filter>Source Files</Filter>
    </ClCompile>
    <ClCompile Include="vmsFdmBhIpcWindowTaskProcessor.cpp">
      <Filter>Source Files</Filter>
    </ClCompile>
    <ClCompile Include="vmsFdmBhIpcVideoSnifferTaskProcessor.cpp">
      <Filter>Source Files</Filter>
    </ClCompile>
    <ClCompile Include="vmsParentBrowserProcessManager.cpp">
      <Filter>Source Files</Filter>
    </ClCompile>
    <ClCompile Include="vmsFdmBrowserHelperApp.cpp">
      <Filter>Source Files</Filter>
    </ClCompile>
    <ClCompile Include="vmsFdmBhIpcNetworkRequestNotificationTaskProcessor.cpp">
      <Filter>Source Files</Filter>
    </ClCompile>
    <ClCompile Include="vmsFdmBhIpcDownloadStateReportTaskProcessor.cpp">
      <Filter>Source Files</Filter>
    </ClCompile>
  </ItemGroup>
  <ItemGroup>
    <ResourceCompile Include="FdmBrowserHelper.rc">
      <Filter>Resource Files</Filter>
    </ResourceCompile>
  </ItemGroup>
</Project>