
Microsoft Visual Studio Solution File, Format Version 11.00
# Visual Studio 2010
Project("{8BC9CEB8-8B4A-11D0-8D11-00A0C91BC942}") = "FDMCustGenerator", "FDMCustGenerator\FDMCustGenerator.vcxproj", "{DAF9C7C0-45C5-ED8B-E6E6-BA180C041E47}"
	ProjectSection(ProjectDependencies) = postProject
		{C0565AAC-A200-9B7C-104D-29E7AEDC406A} = {C0565AAC-A200-9B7C-104D-29E7AEDC406A}
	EndProjectSection
EndProject
Project("{8BC9CEB8-8B4A-11D0-8D11-00A0C91BC942}") = "FDMCustIEBtn", "FDMCustIEBtn\FDMCustIEBtn.vcxproj", "{AB6DD617-E775-2236-6F44-555FBCFD37A3}"
EndProject
Project("{8BC9CEB8-8B4A-11D0-8D11-00A0C91BC942}") = "FDMCustomized", "FDMCustomized.vcxproj", "{B669E4B3-76E7-F379-3180-90013B03E021}"
	ProjectSection(ProjectDependencies) = postProject
		{C0565AAC-A200-9B7C-104D-29E7AEDC406A} = {C0565AAC-A200-9B7C-104D-29E7AEDC406A}
	EndProjectSection
EndProject
Project("{8BC9CEB8-8B4A-11D0-8D11-00A0C91BC942}") = "FDMCustomized_PreExe", "FDMCustomized_PreExe\FDMCustomized_PreExe.vcxproj", "{C57460D3-8687-5D89-B764-E0585C3BF4E6}"
EndProject
Project("{8BC9CEB8-8B4A-11D0-8D11-00A0C91BC942}") = "FDMCustomized_lib", "FDMCustomized_lib\FDMCustomized_lib.vcxproj", "{C0565AAC-A200-9B7C-104D-29E7AEDC406A}"
EndProject
Global
	GlobalSection(SolutionConfigurationPlatforms) = preSolution
		Debug|Win32 = Debug|Win32
		Release|Win32 = Release|Win32
		Template|Win32 = Template|Win32
	EndGlobalSection
	GlobalSection(ProjectConfigurationPlatforms) = postSolution
		{DAF9C7C0-45C5-ED8B-E6E6-BA180C041E47}.Debug|Win32.ActiveCfg = Debug|Win32
		{DAF9C7C0-45C5-ED8B-E6E6-BA180C041E47}.Debug|Win32.Build.0 = Debug|Win32
		{DAF9C7C0-45C5-ED8B-E6E6-BA180C041E47}.Release|Win32.ActiveCfg = Release|Win32
		{DAF9C7C0-45C5-ED8B-E6E6-BA180C041E47}.Release|Win32.Build.0 = Release|Win32
		{DAF9C7C0-45C5-ED8B-E6E6-BA180C041E47}.Template|Win32.ActiveCfg = Template|Win32
		{DAF9C7C0-45C5-ED8B-E6E6-BA180C041E47}.Template|Win32.Build.0 = Template|Win32
		{AB6DD617-E775-2236-6F44-555FBCFD37A3}.Debug|Win32.ActiveCfg = Debug|Win32
		{AB6DD617-E775-2236-6F44-555FBCFD37A3}.Debug|Win32.Build.0 = Debug|Win32
		{AB6DD617-E775-2236-6F44-555FBCFD37A3}.Release|Win32.ActiveCfg = Release|Win32
		{AB6DD617-E775-2236-6F44-555FBCFD37A3}.Release|Win32.Build.0 = Release|Win32
		{AB6DD617-E775-2236-6F44-555FBCFD37A3}.Template|Win32.ActiveCfg = Template|Win32
		{AB6DD617-E775-2236-6F44-555FBCFD37A3}.Template|Win32.Build.0 = Template|Win32
		{B669E4B3-76E7-F379-3180-90013B03E021}.Debug|Win32.ActiveCfg = Debug|Win32
		{B669E4B3-76E7-F379-3180-90013B03E021}.Debug|Win32.Build.0 = Debug|Win32
		{B669E4B3-76E7-F379-3180-90013B03E021}.Release|Win32.ActiveCfg = Release|Win32
		{B669E4B3-76E7-F379-3180-90013B03E021}.Release|Win32.Build.0 = Release|Win32
		{B669E4B3-76E7-F379-3180-90013B03E021}.Template|Win32.ActiveCfg = Template|Win32
		{B669E4B3-76E7-F379-3180-90013B03E021}.Template|Win32.Build.0 = Template|Win32
		{C57460D3-8687-5D89-B764-E0585C3BF4E6}.Debug|Win32.ActiveCfg = Debug|Win32
		{C57460D3-8687-5D89-B764-E0585C3BF4E6}.Debug|Win32.Build.0 = Debug|Win32
		{C57460D3-8687-5D89-B764-E0585C3BF4E6}.Release|Win32.ActiveCfg = Release|Win32
		{C57460D3-8687-5D89-B764-E0585C3BF4E6}.Release|Win32.Build.0 = Release|Win32
		{C57460D3-8687-5D89-B764-E0585C3BF4E6}.Template|Win32.ActiveCfg = Template|Win32
		{C57460D3-8687-5D89-B764-E0585C3BF4E6}.Template|Win32.Build.0 = Template|Win32
		{C0565AAC-A200-9B7C-104D-29E7AEDC406A}.Debug|Win32.ActiveCfg = Debug|Win32
		{C0565AAC-A200-9B7C-104D-29E7AEDC406A}.Debug|Win32.Build.0 = Debug|Win32
		{C0565AAC-A200-9B7C-104D-29E7AEDC406A}.Release|Win32.ActiveCfg = Release|Win32
		{C0565AAC-A200-9B7C-104D-29E7AEDC406A}.Release|Win32.Build.0 = Release|Win32
		{C0565AAC-A200-9B7C-104D-29E7AEDC406A}.Template|Win32.ActiveCfg = Template|Win32
		{C0565AAC-A200-9B7C-104D-29E7AEDC406A}.Template|Win32.Build.0 = Template|Win32
	EndGlobalSection
	GlobalSection(SolutionProperties) = preSolution
		HideSolutionNode = FALSE
	EndGlobalSection
EndGlobal
