
Microsoft Visual Studio Solution File, Format Version 11.00
# Visual Studio 2010
Project("{8BC9CEB8-8B4A-11D0-8D11-00A0C91BC942}") = "FDM", "FDM.vcxproj", "{C78D1502-E76F-ED49-3AC8-C261DF415BF3}"
	ProjectSection(ProjectDependencies) = postProject
		{3CFB7342-5A5F-3BE3-C483-B8C5C9A22CCF} = {3CFB7342-5A5F-3BE3-C483-B8C5C9A22CCF}
		{C1384EA8-F2B8-50AF-E24C-9279FDDF8DB6} = {C1384EA8-F2B8-50AF-E24C-9279FDDF8DB6}
		{0CBA5581-9C81-AA81-B8E4-2872EC572971} = {0CBA5581-9C81-AA81-B8E4-2872EC572971}
		{A0457F4E-7D73-2CAD-EA23-C44E5DDD98C4} = {A0457F4E-7D73-2CAD-EA23-C44E5DDD98C4}
		{E04B293F-D65E-EEA0-4B22-B55CEF69AF6C} = {E04B293F-D65E-EEA0-4B22-B55CEF69AF6C}
	EndProjectSection
EndProject
Project("{8BC9CEB8-8B4A-11D0-8D11-00A0C91BC942}") = "PartMediaPreview", "PartMediaPreview\PartMediaPreview.vcxproj", "{3CFB7342-5A5F-3BE3-C483-B8C5C9A22CCF}"
EndProject
Project("{8BC9CEB8-8B4A-11D0-8D11-00A0C91BC942}") = "FDMCustomized_lib", "FDMCustomized\FDMCustomized_lib\FDMCustomized_lib.vcxproj", "{C1384EA8-F2B8-50AF-E24C-9279FDDF8DB6}"
EndProject
Project("{8BC9CEB8-8B4A-11D0-8D11-00A0C91BC942}") = "Hash", "Hash\Hash.vcxproj", "{E04B293F-D65E-EEA0-4B22-B55CEF69AF6C}"
EndProject
Project("{8BC9CEB8-8B4A-11D0-8D11-00A0C91BC942}") = "cURL_lib", "InetFile\cURL_lib\cURL_lib.vcxproj", "{0CBA5581-9C81-AA81-B8E4-2872EC572971}"
EndProject
Project("{8BC9CEB8-8B4A-11D0-8D11-00A0C91BC942}") = "Updater", "Updater\Updater.vcxproj", "{16C58066-12DB-D801-309A-65140C27A59C}"
EndProject
Project("{8BC9CEB8-8B4A-11D0-8D11-00A0C91BC942}") = "etasks", "etasks\etasks.vcxproj", "{F2D8A004-0C67-9192-D7BA-D7DD3F0E3002}"
EndProject
Project("{8BC9CEB8-8B4A-11D0-8D11-00A0C91BC942}") = "FDMCustIEBtn", "FDMCustomized\FDMCustIEBtn\FDMCustIEBtn.vcxproj", "{ADE99A5A-B596-769D-DCEC-928A3B84DB34}"
EndProject
Project("{8BC9CEB8-8B4A-11D0-8D11-00A0C91BC942}") = "fdminno", "InnoSetup\fdminno\fdminno.vcxproj", "{D5C3BF2C-A39B-6446-2A6B-300247A8FD00}"
EndProject
Project("{8BC9CEB8-8B4A-11D0-8D11-00A0C91BC942}") = "Web Interface", "Web Interface\Web Interface.vcxproj", "{E1E98482-E01E-3723-50DF-8463F7070BC2}"
EndProject
Project("{8BC9CEB8-8B4A-11D0-8D11-00A0C91BC942}") = "iefdmdm", "iefdm\iefdmdm\iefdmdm.vcxproj", "{28985B4F-60D3-BE0F-C5EE-380C34C81234}"
EndProject
Project("{8BC9CEB8-8B4A-11D0-8D11-00A0C91BC942}") = "OpNetCatcher", "OpNetCatcher\OpNetCatcher.vcxproj", "{8D6AFC8F-9DCB-65D3-A695-080437DDD210}"
EndProject
Project("{8BC9CEB8-8B4A-11D0-8D11-00A0C91BC942}") = "FdmIeBho", "iefdm\FdmIeBho\FdmIeBho.vcxproj", "{F58F1DB5-2987-13B4-FE76-207AD74259BF}"
EndProject
Project("{8BC9CEB8-8B4A-11D0-8D11-00A0C91BC942}") = "libtorrent", "Bittorrent\libtorrent\libtorrent.vcxproj", "{24190CA9-490E-4D8F-93D7-55DFC80E2688}"
EndProject
Project("{8BC9CEB8-8B4A-11D0-8D11-00A0C91BC942}") = "fdmbtsupp", "Bittorrent\fdmbtsupp\fdmbtsupp.vcxproj", "{99ECAF97-19FC-45D1-B48D-8F482C3B9E50}"
EndProject
Project("{8BC9CEB8-8B4A-11D0-8D11-00A0C91BC942}") = "Component", "Firefox\XPCOM Component\Component.vcxproj", "{F931E40C-3DEE-C8F9-6199-531014641DF8}"
EndProject
Project("{8BC9CEB8-8B4A-11D0-8D11-00A0C91BC942}") = "vistafx", "vistafx\vistafx.vcxproj", "{E3E69E09-87EC-0B20-A1BD-613C400E34DA}"
EndProject
Project("{8BC9CEB8-8B4A-11D0-8D11-00A0C91BC942}") = "UrlMonSpy", "iefdm\UrlMonSpy\UrlMonSpy.vcxproj", "{DCC54B62-2206-4D78-9799-65BB2CD41B3B}"
EndProject
Project("{8BC9CEB8-8B4A-11D0-8D11-00A0C91BC942}") = "InetFile", "InetFile\InetFile.vcxproj", "{A0457F4E-7D73-2CAD-EA23-C44E5DDD98C4}"
EndProject
Project("{8BC9CEB8-8B4A-11D0-8D11-00A0C91BC942}") = "AppWinSockSniffDll", "AppWinSockSniffDll\AppWinSockSniffDll.vcxproj", "{786674D9-B8AB-DEC2-AD85-6F5C15199ED1}"
EndProject
Global
	GlobalSection(SolutionConfigurationPlatforms) = preSolution
		Debug_noCURL|Win32 = Debug_noCURL|Win32
		Debug|Win32 = Debug|Win32
		Release_noCURL|Win32 = Release_noCURL|Win32
		Release_nossl|Win32 = Release_nossl|Win32
		Release_v90|Win32 = Release_v90|Win32
		Release|Win32 = Release|Win32
		Release-MT|Win32 = Release-MT|Win32
		Release-MT-dbg|Win32 = Release-MT-dbg|Win32
		Template|Win32 = Template|Win32
	EndGlobalSection
	GlobalSection(ProjectConfigurationPlatforms) = postSolution
		{C78D1502-E76F-ED49-3AC8-C261DF415BF3}.Debug_noCURL|Win32.ActiveCfg = Debug|Win32
		{C78D1502-E76F-ED49-3AC8-C261DF415BF3}.Debug_noCURL|Win32.Build.0 = Debug|Win32
		{C78D1502-E76F-ED49-3AC8-C261DF415BF3}.Debug|Win32.ActiveCfg = Debug|Win32
		{C78D1502-E76F-ED49-3AC8-C261DF415BF3}.Debug|Win32.Build.0 = Debug|Win32
		{C78D1502-E76F-ED49-3AC8-C261DF415BF3}.Release_noCURL|Win32.ActiveCfg = Release|Win32
		{C78D1502-E76F-ED49-3AC8-C261DF415BF3}.Release_noCURL|Win32.Build.0 = Release|Win32
		{C78D1502-E76F-ED49-3AC8-C261DF415BF3}.Release_nossl|Win32.ActiveCfg = Release|Win32
		{C78D1502-E76F-ED49-3AC8-C261DF415BF3}.Release_nossl|Win32.Build.0 = Release|Win32
		{C78D1502-E76F-ED49-3AC8-C261DF415BF3}.Release_v90|Win32.ActiveCfg = Release_v90|Win32
		{C78D1502-E76F-ED49-3AC8-C261DF415BF3}.Release_v90|Win32.Build.0 = Release_v90|Win32
		{C78D1502-E76F-ED49-3AC8-C261DF415BF3}.Release|Win32.ActiveCfg = Release|Win32
		{C78D1502-E76F-ED49-3AC8-C261DF415BF3}.Release|Win32.Build.0 = Release|Win32
		{C78D1502-E76F-ED49-3AC8-C261DF415BF3}.Release-MT|Win32.ActiveCfg = Release|Win32
		{C78D1502-E76F-ED49-3AC8-C261DF415BF3}.Release-MT|Win32.Build.0 = Release|Win32
		{C78D1502-E76F-ED49-3AC8-C261DF415BF3}.Release-MT-dbg|Win32.ActiveCfg = Release|Win32
		{C78D1502-E76F-ED49-3AC8-C261DF415BF3}.Release-MT-dbg|Win32.Build.0 = Release|Win32
		{C78D1502-E76F-ED49-3AC8-C261DF415BF3}.Template|Win32.ActiveCfg = Release|Win32
		{C78D1502-E76F-ED49-3AC8-C261DF415BF3}.Template|Win32.Build.0 = Release|Win32
		{3CFB7342-5A5F-3BE3-C483-B8C5C9A22CCF}.Debug_noCURL|Win32.ActiveCfg = Debug|Win32
		{3CFB7342-5A5F-3BE3-C483-B8C5C9A22CCF}.Debug_noCURL|Win32.Build.0 = Debug|Win32
		{3CFB7342-5A5F-3BE3-C483-B8C5C9A22CCF}.Debug|Win32.ActiveCfg = Debug|Win32
		{3CFB7342-5A5F-3BE3-C483-B8C5C9A22CCF}.Debug|Win32.Build.0 = Debug|Win32
		{3CFB7342-5A5F-3BE3-C483-B8C5C9A22CCF}.Release_noCURL|Win32.ActiveCfg = Release|Win32
		{3CFB7342-5A5F-3BE3-C483-B8C5C9A22CCF}.Release_noCURL|Win32.Build.0 = Release|Win32
		{3CFB7342-5A5F-3BE3-C483-B8C5C9A22CCF}.Release_nossl|Win32.ActiveCfg = Release|Win32
		{3CFB7342-5A5F-3BE3-C483-B8C5C9A22CCF}.Release_nossl|Win32.Build.0 = Release|Win32
		{3CFB7342-5A5F-3BE3-C483-B8C5C9A22CCF}.Release_v90|Win32.ActiveCfg = Release_v90|Win32
		{3CFB7342-5A5F-3BE3-C483-B8C5C9A22CCF}.Release_v90|Win32.Build.0 = Release_v90|Win32
		{3CFB7342-5A5F-3BE3-C483-B8C5C9A22CCF}.Release|Win32.ActiveCfg = Release|Win32
		{3CFB7342-5A5F-3BE3-C483-B8C5C9A22CCF}.Release|Win32.Build.0 = Release|Win32
		{3CFB7342-5A5F-3BE3-C483-B8C5C9A22CCF}.Release-MT|Win32.ActiveCfg = Release|Win32
		{3CFB7342-5A5F-3BE3-C483-B8C5C9A22CCF}.Release-MT|Win32.Build.0 = Release|Win32
		{3CFB7342-5A5F-3BE3-C483-B8C5C9A22CCF}.Release-MT-dbg|Win32.ActiveCfg = Release|Win32
		{3CFB7342-5A5F-3BE3-C483-B8C5C9A22CCF}.Release-MT-dbg|Win32.Build.0 = Release|Win32
		{3CFB7342-5A5F-3BE3-C483-B8C5C9A22CCF}.Template|Win32.ActiveCfg = Release|Win32
		{3CFB7342-5A5F-3BE3-C483-B8C5C9A22CCF}.Template|Win32.Build.0 = Release|Win32
		{C1384EA8-F2B8-50AF-E24C-9279FDDF8DB6}.Debug_noCURL|Win32.ActiveCfg = Debug|Win32
		{C1384EA8-F2B8-50AF-E24C-9279FDDF8DB6}.Debug_noCURL|Win32.Build.0 = Debug|Win32
		{C1384EA8-F2B8-50AF-E24C-9279FDDF8DB6}.Debug|Win32.ActiveCfg = Debug|Win32
		{C1384EA8-F2B8-50AF-E24C-9279FDDF8DB6}.Debug|Win32.Build.0 = Debug|Win32
		{C1384EA8-F2B8-50AF-E24C-9279FDDF8DB6}.Release_noCURL|Win32.ActiveCfg = Release|Win32
		{C1384EA8-F2B8-50AF-E24C-9279FDDF8DB6}.Release_noCURL|Win32.Build.0 = Release|Win32
		{C1384EA8-F2B8-50AF-E24C-9279FDDF8DB6}.Release_nossl|Win32.ActiveCfg = Release|Win32
		{C1384EA8-F2B8-50AF-E24C-9279FDDF8DB6}.Release_nossl|Win32.Build.0 = Release|Win32
		{C1384EA8-F2B8-50AF-E24C-9279FDDF8DB6}.Release_v90|Win32.ActiveCfg = Release_v90|Win32
		{C1384EA8-F2B8-50AF-E24C-9279FDDF8DB6}.Release_v90|Win32.Build.0 = Release_v90|Win32
		{C1384EA8-F2B8-50AF-E24C-9279FDDF8DB6}.Release|Win32.ActiveCfg = Release|Win32
		{C1384EA8-F2B8-50AF-E24C-9279FDDF8DB6}.Release|Win32.Build.0 = Release|Win32
		{C1384EA8-F2B8-50AF-E24C-9279FDDF8DB6}.Release-MT|Win32.ActiveCfg = Release|Win32
		{C1384EA8-F2B8-50AF-E24C-9279FDDF8DB6}.Release-MT|Win32.Build.0 = Release|Win32
		{C1384EA8-F2B8-50AF-E24C-9279FDDF8DB6}.Release-MT-dbg|Win32.ActiveCfg = Release|Win32
		{C1384EA8-F2B8-50AF-E24C-9279FDDF8DB6}.Release-MT-dbg|Win32.Build.0 = Release|Win32
		{C1384EA8-F2B8-50AF-E24C-9279FDDF8DB6}.Template|Win32.ActiveCfg = Template|Win32
		{C1384EA8-F2B8-50AF-E24C-9279FDDF8DB6}.Template|Win32.Build.0 = Template|Win32
		{E04B293F-D65E-EEA0-4B22-B55CEF69AF6C}.Debug_noCURL|Win32.ActiveCfg = Debug|Win32
		{E04B293F-D65E-EEA0-4B22-B55CEF69AF6C}.Debug_noCURL|Win32.Build.0 = Debug|Win32
		{E04B293F-D65E-EEA0-4B22-B55CEF69AF6C}.Debug|Win32.ActiveCfg = Debug|Win32
		{E04B293F-D65E-EEA0-4B22-B55CEF69AF6C}.Debug|Win32.Build.0 = Debug|Win32
		{E04B293F-D65E-EEA0-4B22-B55CEF69AF6C}.Release_noCURL|Win32.ActiveCfg = Release|Win32
		{E04B293F-D65E-EEA0-4B22-B55CEF69AF6C}.Release_noCURL|Win32.Build.0 = Release|Win32
		{E04B293F-D65E-EEA0-4B22-B55CEF69AF6C}.Release_nossl|Win32.ActiveCfg = Release|Win32
		{E04B293F-D65E-EEA0-4B22-B55CEF69AF6C}.Release_nossl|Win32.Build.0 = Release|Win32
		{E04B293F-D65E-EEA0-4B22-B55CEF69AF6C}.Release_v90|Win32.ActiveCfg = Release_v90|Win32
		{E04B293F-D65E-EEA0-4B22-B55CEF69AF6C}.Release_v90|Win32.Build.0 = Release_v90|Win32
		{E04B293F-D65E-EEA0-4B22-B55CEF69AF6C}.Release|Win32.ActiveCfg = Release|Win32
		{E04B293F-D65E-EEA0-4B22-B55CEF69AF6C}.Release|Win32.Build.0 = Release|Win32
		{E04B293F-D65E-EEA0-4B22-B55CEF69AF6C}.Release-MT|Win32.ActiveCfg = Release|Win32
		{E04B293F-D65E-EEA0-4B22-B55CEF69AF6C}.Release-MT|Win32.Build.0 = Release|Win32
		{E04B293F-D65E-EEA0-4B22-B55CEF69AF6C}.Release-MT-dbg|Win32.ActiveCfg = Release|Win32
		{E04B293F-D65E-EEA0-4B22-B55CEF69AF6C}.Release-MT-dbg|Win32.Build.0 = Release|Win32
		{E04B293F-D65E-EEA0-4B22-B55CEF69AF6C}.Template|Win32.ActiveCfg = Template|Win32
		{E04B293F-D65E-EEA0-4B22-B55CEF69AF6C}.Template|Win32.Build.0 = Template|Win32
		{0CBA5581-9C81-AA81-B8E4-2872EC572971}.Debug_noCURL|Win32.ActiveCfg = Debug|Win32
		{0CBA5581-9C81-AA81-B8E4-2872EC572971}.Debug_noCURL|Win32.Build.0 = Debug|Win32
		{0CBA5581-9C81-AA81-B8E4-2872EC572971}.Debug|Win32.ActiveCfg = Debug|Win32
		{0CBA5581-9C81-AA81-B8E4-2872EC572971}.Debug|Win32.Build.0 = Debug|Win32
		{0CBA5581-9C81-AA81-B8E4-2872EC572971}.Release_noCURL|Win32.ActiveCfg = Release_nossl|Win32
		{0CBA5581-9C81-AA81-B8E4-2872EC572971}.Release_noCURL|Win32.Build.0 = Release_nossl|Win32
		{0CBA5581-9C81-AA81-B8E4-2872EC572971}.Release_nossl|Win32.ActiveCfg = Release_nossl|Win32
		{0CBA5581-9C81-AA81-B8E4-2872EC572971}.Release_nossl|Win32.Build.0 = Release_nossl|Win32
		{0CBA5581-9C81-AA81-B8E4-2872EC572971}.Release_v90|Win32.ActiveCfg = Release_v90|Win32
		{0CBA5581-9C81-AA81-B8E4-2872EC572971}.Release_v90|Win32.Build.0 = Release_v90|Win32
		{0CBA5581-9C81-AA81-B8E4-2872EC572971}.Release|Win32.ActiveCfg = Release|Win32
		{0CBA5581-9C81-AA81-B8E4-2872EC572971}.Release|Win32.Build.0 = Release|Win32
		{0CBA5581-9C81-AA81-B8E4-2872EC572971}.Release-MT|Win32.ActiveCfg = Release|Win32
		{0CBA5581-9C81-AA81-B8E4-2872EC572971}.Release-MT|Win32.Build.0 = Release|Win32
		{0CBA5581-9C81-AA81-B8E4-2872EC572971}.Release-MT-dbg|Win32.ActiveCfg = Release|Win32
		{0CBA5581-9C81-AA81-B8E4-2872EC572971}.Release-MT-dbg|Win32.Build.0 = Release|Win32
		{0CBA5581-9C81-AA81-B8E4-2872EC572971}.Template|Win32.ActiveCfg = Template|Win32
		{0CBA5581-9C81-AA81-B8E4-2872EC572971}.Template|Win32.Build.0 = Template|Win32
		{16C58066-12DB-D801-309A-65140C27A59C}.Debug_noCURL|Win32.ActiveCfg = Debug|Win32
		{16C58066-12DB-D801-309A-65140C27A59C}.Debug_noCURL|Win32.Build.0 = Debug|Win32
		{16C58066-12DB-D801-309A-65140C27A59C}.Debug|Win32.ActiveCfg = Debug|Win32
		{16C58066-12DB-D801-309A-65140C27A59C}.Debug|Win32.Build.0 = Debug|Win32
		{16C58066-12DB-D801-309A-65140C27A59C}.Release_noCURL|Win32.ActiveCfg = Release|Win32
		{16C58066-12DB-D801-309A-65140C27A59C}.Release_noCURL|Win32.Build.0 = Release|Win32
		{16C58066-12DB-D801-309A-65140C27A59C}.Release_nossl|Win32.ActiveCfg = Release|Win32
		{16C58066-12DB-D801-309A-65140C27A59C}.Release_nossl|Win32.Build.0 = Release|Win32
		{16C58066-12DB-D801-309A-65140C27A59C}.Release_v90|Win32.ActiveCfg = Release_v90|Win32
		{16C58066-12DB-D801-309A-65140C27A59C}.Release_v90|Win32.Build.0 = Release_v90|Win32
		{16C58066-12DB-D801-309A-65140C27A59C}.Release|Win32.ActiveCfg = Release|Win32
		{16C58066-12DB-D801-309A-65140C27A59C}.Release|Win32.Build.0 = Release|Win32
		{16C58066-12DB-D801-309A-65140C27A59C}.Release-MT|Win32.ActiveCfg = Release|Win32
		{16C58066-12DB-D801-309A-65140C27A59C}.Release-MT|Win32.Build.0 = Release|Win32
		{16C58066-12DB-D801-309A-65140C27A59C}.Release-MT-dbg|Win32.ActiveCfg = Release|Win32
		{16C58066-12DB-D801-309A-65140C27A59C}.Release-MT-dbg|Win32.Build.0 = Release|Win32
		{16C58066-12DB-D801-309A-65140C27A59C}.Template|Win32.ActiveCfg = Release|Win32
		{16C58066-12DB-D801-309A-65140C27A59C}.Template|Win32.Build.0 = Release|Win32
		{F2D8A004-0C67-9192-D7BA-D7DD3F0E3002}.Debug_noCURL|Win32.ActiveCfg = Debug|Win32
		{F2D8A004-0C67-9192-D7BA-D7DD3F0E3002}.Debug_noCURL|Win32.Build.0 = Debug|Win32
		{F2D8A004-0C67-9192-D7BA-D7DD3F0E3002}.Debug|Win32.ActiveCfg = Debug|Win32
		{F2D8A004-0C67-9192-D7BA-D7DD3F0E3002}.Debug|Win32.Build.0 = Debug|Win32
		{F2D8A004-0C67-9192-D7BA-D7DD3F0E3002}.Release_noCURL|Win32.ActiveCfg = Release|Win32
		{F2D8A004-0C67-9192-D7BA-D7DD3F0E3002}.Release_noCURL|Win32.Build.0 = Release|Win32
		{F2D8A004-0C67-9192-D7BA-D7DD3F0E3002}.Release_nossl|Win32.ActiveCfg = Release|Win32
		{F2D8A004-0C67-9192-D7BA-D7DD3F0E3002}.Release_nossl|Win32.Build.0 = Release|Win32
		{F2D8A004-0C67-9192-D7BA-D7DD3F0E3002}.Release_v90|Win32.ActiveCfg = Release_v90|Win32
		{F2D8A004-0C67-9192-D7BA-D7DD3F0E3002}.Release_v90|Win32.Build.0 = Release_v90|Win32
		{F2D8A004-0C67-9192-D7BA-D7DD3F0E3002}.Release|Win32.ActiveCfg = Release|Win32
		{F2D8A004-0C67-9192-D7BA-D7DD3F0E3002}.Release|Win32.Build.0 = Release|Win32
		{F2D8A004-0C67-9192-D7BA-D7DD3F0E3002}.Release-MT|Win32.ActiveCfg = Release|Win32
		{F2D8A004-0C67-9192-D7BA-D7DD3F0E3002}.Release-MT|Win32.Build.0 = Release|Win32
		{F2D8A004-0C67-9192-D7BA-D7DD3F0E3002}.Release-MT-dbg|Win32.ActiveCfg = Release|Win32
		{F2D8A004-0C67-9192-D7BA-D7DD3F0E3002}.Release-MT-dbg|Win32.Build.0 = Release|Win32
		{F2D8A004-0C67-9192-D7BA-D7DD3F0E3002}.Template|Win32.ActiveCfg = Release|Win32
		{F2D8A004-0C67-9192-D7BA-D7DD3F0E3002}.Template|Win32.Build.0 = Release|Win32
		{ADE99A5A-B596-769D-DCEC-928A3B84DB34}.Debug_noCURL|Win32.ActiveCfg = Debug|Win32
		{ADE99A5A-B596-769D-DCEC-928A3B84DB34}.Debug_noCURL|Win32.Build.0 = Debug|Win32
		{ADE99A5A-B596-769D-DCEC-928A3B84DB34}.Debug|Win32.ActiveCfg = Debug|Win32
		{ADE99A5A-B596-769D-DCEC-928A3B84DB34}.Debug|Win32.Build.0 = Debug|Win32
		{ADE99A5A-B596-769D-DCEC-928A3B84DB34}.Release_noCURL|Win32.ActiveCfg = Release|Win32
		{ADE99A5A-B596-769D-DCEC-928A3B84DB34}.Release_noCURL|Win32.Build.0 = Release|Win32
		{ADE99A5A-B596-769D-DCEC-928A3B84DB34}.Release_nossl|Win32.ActiveCfg = Release|Win32
		{ADE99A5A-B596-769D-DCEC-928A3B84DB34}.Release_nossl|Win32.Build.0 = Release|Win32
		{ADE99A5A-B596-769D-DCEC-928A3B84DB34}.Release_v90|Win32.ActiveCfg = Release_v90|Win32
		{ADE99A5A-B596-769D-DCEC-928A3B84DB34}.Release_v90|Win32.Build.0 = Release_v90|Win32
		{ADE99A5A-B596-769D-DCEC-928A3B84DB34}.Release|Win32.ActiveCfg = Release|Win32
		{ADE99A5A-B596-769D-DCEC-928A3B84DB34}.Release|Win32.Build.0 = Release|Win32
		{ADE99A5A-B596-769D-DCEC-928A3B84DB34}.Release-MT|Win32.ActiveCfg = Release|Win32
		{ADE99A5A-B596-769D-DCEC-928A3B84DB34}.Release-MT|Win32.Build.0 = Release|Win32
		{ADE99A5A-B596-769D-DCEC-928A3B84DB34}.Release-MT-dbg|Win32.ActiveCfg = Release|Win32
		{ADE99A5A-B596-769D-DCEC-928A3B84DB34}.Release-MT-dbg|Win32.Build.0 = Release|Win32
		{ADE99A5A-B596-769D-DCEC-928A3B84DB34}.Template|Win32.ActiveCfg = Template|Win32
		{ADE99A5A-B596-769D-DCEC-928A3B84DB34}.Template|Win32.Build.0 = Template|Win32
		{D5C3BF2C-A39B-6446-2A6B-300247A8FD00}.Debug_noCURL|Win32.ActiveCfg = Debug|Win32
		{D5C3BF2C-A39B-6446-2A6B-300247A8FD00}.Debug_noCURL|Win32.Build.0 = Debug|Win32
		{D5C3BF2C-A39B-6446-2A6B-300247A8FD00}.Debug|Win32.ActiveCfg = Debug|Win32
		{D5C3BF2C-A39B-6446-2A6B-300247A8FD00}.Debug|Win32.Build.0 = Debug|Win32
		{D5C3BF2C-A39B-6446-2A6B-300247A8FD00}.Release_noCURL|Win32.ActiveCfg = Release|Win32
		{D5C3BF2C-A39B-6446-2A6B-300247A8FD00}.Release_noCURL|Win32.Build.0 = Release|Win32
		{D5C3BF2C-A39B-6446-2A6B-300247A8FD00}.Release_nossl|Win32.ActiveCfg = Release|Win32
		{D5C3BF2C-A39B-6446-2A6B-300247A8FD00}.Release_nossl|Win32.Build.0 = Release|Win32
		{D5C3BF2C-A39B-6446-2A6B-300247A8FD00}.Release_v90|Win32.ActiveCfg = Release_v90|Win32
		{D5C3BF2C-A39B-6446-2A6B-300247A8FD00}.Release_v90|Win32.Build.0 = Release_v90|Win32
		{D5C3BF2C-A39B-6446-2A6B-300247A8FD00}.Release|Win32.ActiveCfg = Release|Win32
		{D5C3BF2C-A39B-6446-2A6B-300247A8FD00}.Release|Win32.Build.0 = Release|Win32
		{D5C3BF2C-A39B-6446-2A6B-300247A8FD00}.Release-MT|Win32.ActiveCfg = Release|Win32
		{D5C3BF2C-A39B-6446-2A6B-300247A8FD00}.Release-MT|Win32.Build.0 = Release|Win32
		{D5C3BF2C-A39B-6446-2A6B-300247A8FD00}.Release-MT-dbg|Win32.ActiveCfg = Release|Win32
		{D5C3BF2C-A39B-6446-2A6B-300247A8FD00}.Release-MT-dbg|Win32.Build.0 = Release|Win32
		{D5C3BF2C-A39B-6446-2A6B-300247A8FD00}.Template|Win32.ActiveCfg = Release|Win32
		{D5C3BF2C-A39B-6446-2A6B-300247A8FD00}.Template|Win32.Build.0 = Release|Win32
		{E1E98482-E01E-3723-50DF-8463F7070BC2}.Debug_noCURL|Win32.ActiveCfg = Debug|Win32
		{E1E98482-E01E-3723-50DF-8463F7070BC2}.Debug_noCURL|Win32.Build.0 = Debug|Win32
		{E1E98482-E01E-3723-50DF-8463F7070BC2}.Debug|Win32.ActiveCfg = Debug|Win32
		{E1E98482-E01E-3723-50DF-8463F7070BC2}.Debug|Win32.Build.0 = Debug|Win32
		{E1E98482-E01E-3723-50DF-8463F7070BC2}.Release_noCURL|Win32.ActiveCfg = Release|Win32
		{E1E98482-E01E-3723-50DF-8463F7070BC2}.Release_noCURL|Win32.Build.0 = Release|Win32
		{E1E98482-E01E-3723-50DF-8463F7070BC2}.Release_nossl|Win32.ActiveCfg = Release|Win32
		{E1E98482-E01E-3723-50DF-8463F7070BC2}.Release_nossl|Win32.Build.0 = Release|Win32
		{E1E98482-E01E-3723-50DF-8463F7070BC2}.Release_v90|Win32.ActiveCfg = Release_v90|Win32
		{E1E98482-E01E-3723-50DF-8463F7070BC2}.Release_v90|Win32.Build.0 = Release_v90|Win32
		{E1E98482-E01E-3723-50DF-8463F7070BC2}.Release|Win32.ActiveCfg = Release|Win32
		{E1E98482-E01E-3723-50DF-8463F7070BC2}.Release|Win32.Build.0 = Release|Win32
		{E1E98482-E01E-3723-50DF-8463F7070BC2}.Release-MT|Win32.ActiveCfg = Release|Win32
		{E1E98482-E01E-3723-50DF-8463F7070BC2}.Release-MT|Win32.Build.0 = Release|Win32
		{E1E98482-E01E-3723-50DF-8463F7070BC2}.Release-MT-dbg|Win32.ActiveCfg = Release|Win32
		{E1E98482-E01E-3723-50DF-8463F7070BC2}.Release-MT-dbg|Win32.Build.0 = Release|Win32
		{E1E98482-E01E-3723-50DF-8463F7070BC2}.Template|Win32.ActiveCfg = Template|Win32
		{E1E98482-E01E-3723-50DF-8463F7070BC2}.Template|Win32.Build.0 = Template|Win32
		{28985B4F-60D3-BE0F-C5EE-380C34C81234}.Debug_noCURL|Win32.ActiveCfg = Debug|Win32
		{28985B4F-60D3-BE0F-C5EE-380C34C81234}.Debug_noCURL|Win32.Build.0 = Debug|Win32
		{28985B4F-60D3-BE0F-C5EE-380C34C81234}.Debug|Win32.ActiveCfg = Debug|Win32
		{28985B4F-60D3-BE0F-C5EE-380C34C81234}.Debug|Win32.Build.0 = Debug|Win32
		{28985B4F-60D3-BE0F-C5EE-380C34C81234}.Release_noCURL|Win32.ActiveCfg = Release|Win32
		{28985B4F-60D3-BE0F-C5EE-380C34C81234}.Release_noCURL|Win32.Build.0 = Release|Win32
		{28985B4F-60D3-BE0F-C5EE-380C34C81234}.Release_nossl|Win32.ActiveCfg = Release|Win32
		{28985B4F-60D3-BE0F-C5EE-380C34C81234}.Release_nossl|Win32.Build.0 = Release|Win32
		{28985B4F-60D3-BE0F-C5EE-380C34C81234}.Release_v90|Win32.ActiveCfg = Release_v90|Win32
		{28985B4F-60D3-BE0F-C5EE-380C34C81234}.Release_v90|Win32.Build.0 = Release_v90|Win32
		{28985B4F-60D3-BE0F-C5EE-380C34C81234}.Release|Win32.ActiveCfg = Release|Win32
		{28985B4F-60D3-BE0F-C5EE-380C34C81234}.Release|Win32.Build.0 = Release|Win32
		{28985B4F-60D3-BE0F-C5EE-380C34C81234}.Release-MT|Win32.ActiveCfg = Release|Win32
		{28985B4F-60D3-BE0F-C5EE-380C34C81234}.Release-MT|Win32.Build.0 = Release|Win32
		{28985B4F-60D3-BE0F-C5EE-380C34C81234}.Release-MT-dbg|Win32.ActiveCfg = Release|Win32
		{28985B4F-60D3-BE0F-C5EE-380C34C81234}.Release-MT-dbg|Win32.Build.0 = Release|Win32
		{28985B4F-60D3-BE0F-C5EE-380C34C81234}.Template|Win32.ActiveCfg = Template|Win32
		{28985B4F-60D3-BE0F-C5EE-380C34C81234}.Template|Win32.Build.0 = Template|Win32
		{8D6AFC8F-9DCB-65D3-A695-080437DDD210}.Debug_noCURL|Win32.ActiveCfg = Debug|Win32
		{8D6AFC8F-9DCB-65D3-A695-080437DDD210}.Debug_noCURL|Win32.Build.0 = Debug|Win32
		{8D6AFC8F-9DCB-65D3-A695-080437DDD210}.Debug|Win32.ActiveCfg = Debug|Win32
		{8D6AFC8F-9DCB-65D3-A695-080437DDD210}.Debug|Win32.Build.0 = Debug|Win32
		{8D6AFC8F-9DCB-65D3-A695-080437DDD210}.Release_noCURL|Win32.ActiveCfg = Release|Win32
		{8D6AFC8F-9DCB-65D3-A695-080437DDD210}.Release_noCURL|Win32.Build.0 = Release|Win32
		{8D6AFC8F-9DCB-65D3-A695-080437DDD210}.Release_nossl|Win32.ActiveCfg = Release|Win32
		{8D6AFC8F-9DCB-65D3-A695-080437DDD210}.Release_nossl|Win32.Build.0 = Release|Win32
		{8D6AFC8F-9DCB-65D3-A695-080437DDD210}.Release_v90|Win32.ActiveCfg = Release_v90|Win32
		{8D6AFC8F-9DCB-65D3-A695-080437DDD210}.Release_v90|Win32.Build.0 = Release_v90|Win32
		{8D6AFC8F-9DCB-65D3-A695-080437DDD210}.Release|Win32.ActiveCfg = Release|Win32
		{8D6AFC8F-9DCB-65D3-A695-080437DDD210}.Release|Win32.Build.0 = Release|Win32
		{8D6AFC8F-9DCB-65D3-A695-080437DDD210}.Release-MT|Win32.ActiveCfg = Release|Win32
		{8D6AFC8F-9DCB-65D3-A695-080437DDD210}.Release-MT|Win32.Build.0 = Release|Win32
		{8D6AFC8F-9DCB-65D3-A695-080437DDD210}.Release-MT-dbg|Win32.ActiveCfg = Release|Win32
		{8D6AFC8F-9DCB-65D3-A695-080437DDD210}.Release-MT-dbg|Win32.Build.0 = Release|Win32
		{8D6AFC8F-9DCB-65D3-A695-080437DDD210}.Template|Win32.ActiveCfg = Release|Win32
		{8D6AFC8F-9DCB-65D3-A695-080437DDD210}.Template|Win32.Build.0 = Release|Win32
		{F58F1DB5-2987-13B4-FE76-207AD74259BF}.Debug_noCURL|Win32.ActiveCfg = Debug|Win32
		{F58F1DB5-2987-13B4-FE76-207AD74259BF}.Debug_noCURL|Win32.Build.0 = Debug|Win32
		{F58F1DB5-2987-13B4-FE76-207AD74259BF}.Debug|Win32.ActiveCfg = Debug|Win32
		{F58F1DB5-2987-13B4-FE76-207AD74259BF}.Debug|Win32.Build.0 = Debug|Win32
		{F58F1DB5-2987-13B4-FE76-207AD74259BF}.Release_noCURL|Win32.ActiveCfg = Release|Win32
		{F58F1DB5-2987-13B4-FE76-207AD74259BF}.Release_noCURL|Win32.Build.0 = Release|Win32
		{F58F1DB5-2987-13B4-FE76-207AD74259BF}.Release_nossl|Win32.ActiveCfg = Release|Win32
		{F58F1DB5-2987-13B4-FE76-207AD74259BF}.Release_nossl|Win32.Build.0 = Release|Win32
		{F58F1DB5-2987-13B4-FE76-207AD74259BF}.Release_v90|Win32.ActiveCfg = Release_v90|Win32
		{F58F1DB5-2987-13B4-FE76-207AD74259BF}.Release_v90|Win32.Build.0 = Release_v90|Win32
		{F58F1DB5-2987-13B4-FE76-207AD74259BF}.Release|Win32.ActiveCfg = Release|Win32
		{F58F1DB5-2987-13B4-FE76-207AD74259BF}.Release|Win32.Build.0 = Release|Win32
		{F58F1DB5-2987-13B4-FE76-207AD74259BF}.Release-MT|Win32.ActiveCfg = Release|Win32
		{F58F1DB5-2987-13B4-FE76-207AD74259BF}.Release-MT|Win32.Build.0 = Release|Win32
		{F58F1DB5-2987-13B4-FE76-207AD74259BF}.Release-MT-dbg|Win32.ActiveCfg = Release|Win32
		{F58F1DB5-2987-13B4-FE76-207AD74259BF}.Release-MT-dbg|Win32.Build.0 = Release|Win32
		{F58F1DB5-2987-13B4-FE76-207AD74259BF}.Template|Win32.ActiveCfg = Release|Win32
		{F58F1DB5-2987-13B4-FE76-207AD74259BF}.Template|Win32.Build.0 = Release|Win32
		{24190CA9-490E-4D8F-93D7-55DFC80E2688}.Debug_noCURL|Win32.ActiveCfg = Debug|Win32
		{24190CA9-490E-4D8F-93D7-55DFC80E2688}.Debug_noCURL|Win32.Build.0 = Debug|Win32
		{24190CA9-490E-4D8F-93D7-55DFC80E2688}.Debug|Win32.ActiveCfg = Debug|Win32
		{24190CA9-490E-4D8F-93D7-55DFC80E2688}.Debug|Win32.Build.0 = Debug|Win32
		{24190CA9-490E-4D8F-93D7-55DFC80E2688}.Release_noCURL|Win32.ActiveCfg = Release|Win32
		{24190CA9-490E-4D8F-93D7-55DFC80E2688}.Release_noCURL|Win32.Build.0 = Release|Win32
		{24190CA9-490E-4D8F-93D7-55DFC80E2688}.Release_nossl|Win32.ActiveCfg = Release|Win32
		{24190CA9-490E-4D8F-93D7-55DFC80E2688}.Release_nossl|Win32.Build.0 = Release|Win32
		{24190CA9-490E-4D8F-93D7-55DFC80E2688}.Release_v90|Win32.ActiveCfg = Release_v90|Win32
		{24190CA9-490E-4D8F-93D7-55DFC80E2688}.Release|Win32.ActiveCfg = Release|Win32
		{24190CA9-490E-4D8F-93D7-55DFC80E2688}.Release|Win32.Build.0 = Release|Win32
		{24190CA9-490E-4D8F-93D7-55DFC80E2688}.Release-MT|Win32.ActiveCfg = Release-MT|Win32
		{24190CA9-490E-4D8F-93D7-55DFC80E2688}.Release-MT|Win32.Build.0 = Release-MT|Win32
		{24190CA9-490E-4D8F-93D7-55DFC80E2688}.Release-MT-dbg|Win32.ActiveCfg = Release-MT-dbg|Win32
		{24190CA9-490E-4D8F-93D7-55DFC80E2688}.Release-MT-dbg|Win32.Build.0 = Release-MT-dbg|Win32
		{24190CA9-490E-4D8F-93D7-55DFC80E2688}.Template|Win32.ActiveCfg = Release|Win32
		{24190CA9-490E-4D8F-93D7-55DFC80E2688}.Template|Win32.Build.0 = Release|Win32
		{99ECAF97-19FC-45D1-B48D-8F482C3B9E50}.Debug_noCURL|Win32.ActiveCfg = Debug|Win32
		{99ECAF97-19FC-45D1-B48D-8F482C3B9E50}.Debug_noCURL|Win32.Build.0 = Debug|Win32
		{99ECAF97-19FC-45D1-B48D-8F482C3B9E50}.Debug|Win32.ActiveCfg = Debug|Win32
		{99ECAF97-19FC-45D1-B48D-8F482C3B9E50}.Debug|Win32.Build.0 = Debug|Win32
		{99ECAF97-19FC-45D1-B48D-8F482C3B9E50}.Release_noCURL|Win32.ActiveCfg = Release|Win32
		{99ECAF97-19FC-45D1-B48D-8F482C3B9E50}.Release_noCURL|Win32.Build.0 = Release|Win32
		{99ECAF97-19FC-45D1-B48D-8F482C3B9E50}.Release_nossl|Win32.ActiveCfg = Release|Win32
		{99ECAF97-19FC-45D1-B48D-8F482C3B9E50}.Release_nossl|Win32.Build.0 = Release|Win32
		{99ECAF97-19FC-45D1-B48D-8F482C3B9E50}.Release_v90|Win32.ActiveCfg = Release_v90|Win32
		{99ECAF97-19FC-45D1-B48D-8F482C3B9E50}.Release_v90|Win32.Build.0 = Release_v90|Win32
		{99ECAF97-19FC-45D1-B48D-8F482C3B9E50}.Release|Win32.ActiveCfg = Release|Win32
		{99ECAF97-19FC-45D1-B48D-8F482C3B9E50}.Release|Win32.Build.0 = Release|Win32
		{99ECAF97-19FC-45D1-B48D-8F482C3B9E50}.Release-MT|Win32.ActiveCfg = Release|Win32
		{99ECAF97-19FC-45D1-B48D-8F482C3B9E50}.Release-MT|Win32.Build.0 = Release|Win32
		{99ECAF97-19FC-45D1-B48D-8F482C3B9E50}.Release-MT-dbg|Win32.ActiveCfg = Release|Win32
		{99ECAF97-19FC-45D1-B48D-8F482C3B9E50}.Release-MT-dbg|Win32.Build.0 = Release|Win32
		{99ECAF97-19FC-45D1-B48D-8F482C3B9E50}.Template|Win32.ActiveCfg = Release|Win32
		{99ECAF97-19FC-45D1-B48D-8F482C3B9E50}.Template|Win32.Build.0 = Release|Win32
		{F931E40C-3DEE-C8F9-6199-531014641DF8}.Debug_noCURL|Win32.ActiveCfg = Debug|Win32
		{F931E40C-3DEE-C8F9-6199-531014641DF8}.Debug_noCURL|Win32.Build.0 = Debug|Win32
		{F931E40C-3DEE-C8F9-6199-531014641DF8}.Debug|Win32.ActiveCfg = Debug|Win32
		{F931E40C-3DEE-C8F9-6199-531014641DF8}.Debug|Win32.Build.0 = Debug|Win32
		{F931E40C-3DEE-C8F9-6199-531014641DF8}.Release_noCURL|Win32.ActiveCfg = Release|Win32
		{F931E40C-3DEE-C8F9-6199-531014641DF8}.Release_noCURL|Win32.Build.0 = Release|Win32
		{F931E40C-3DEE-C8F9-6199-531014641DF8}.Release_nossl|Win32.ActiveCfg = Release|Win32
		{F931E40C-3DEE-C8F9-6199-531014641DF8}.Release_nossl|Win32.Build.0 = Release|Win32
		{F931E40C-3DEE-C8F9-6199-531014641DF8}.Release_v90|Win32.ActiveCfg = Release_v90|Win32
		{F931E40C-3DEE-C8F9-6199-531014641DF8}.Release_v90|Win32.Build.0 = Release_v90|Win32
		{F931E40C-3DEE-C8F9-6199-531014641DF8}.Release|Win32.ActiveCfg = Release|Win32
		{F931E40C-3DEE-C8F9-6199-531014641DF8}.Release|Win32.Build.0 = Release|Win32
		{F931E40C-3DEE-C8F9-6199-531014641DF8}.Release-MT|Win32.ActiveCfg = Release|Win32
		{F931E40C-3DEE-C8F9-6199-531014641DF8}.Release-MT|Win32.Build.0 = Release|Win32
		{F931E40C-3DEE-C8F9-6199-531014641DF8}.Release-MT-dbg|Win32.ActiveCfg = Release|Win32
		{F931E40C-3DEE-C8F9-6199-531014641DF8}.Release-MT-dbg|Win32.Build.0 = Release|Win32
		{F931E40C-3DEE-C8F9-6199-531014641DF8}.Template|Win32.ActiveCfg = Release|Win32
		{F931E40C-3DEE-C8F9-6199-531014641DF8}.Template|Win32.Build.0 = Release|Win32
		{E3E69E09-87EC-0B20-A1BD-613C400E34DA}.Debug_noCURL|Win32.ActiveCfg = Debug|Win32
		{E3E69E09-87EC-0B20-A1BD-613C400E34DA}.Debug_noCURL|Win32.Build.0 = Debug|Win32
		{E3E69E09-87EC-0B20-A1BD-613C400E34DA}.Debug|Win32.ActiveCfg = Debug|Win32
		{E3E69E09-87EC-0B20-A1BD-613C400E34DA}.Debug|Win32.Build.0 = Debug|Win32
		{E3E69E09-87EC-0B20-A1BD-613C400E34DA}.Release_noCURL|Win32.ActiveCfg = Release|Win32
		{E3E69E09-87EC-0B20-A1BD-613C400E34DA}.Release_noCURL|Win32.Build.0 = Release|Win32
		{E3E69E09-87EC-0B20-A1BD-613C400E34DA}.Release_nossl|Win32.ActiveCfg = Release|Win32
		{E3E69E09-87EC-0B20-A1BD-613C400E34DA}.Release_nossl|Win32.Build.0 = Release|Win32
		{E3E69E09-87EC-0B20-A1BD-613C400E34DA}.Release_v90|Win32.ActiveCfg = Release_v90|Win32
		{E3E69E09-87EC-0B20-A1BD-613C400E34DA}.Release_v90|Win32.Build.0 = Release_v90|Win32
		{E3E69E09-87EC-0B20-A1BD-613C400E34DA}.Release|Win32.ActiveCfg = Release|Win32
		{E3E69E09-87EC-0B20-A1BD-613C400E34DA}.Release|Win32.Build.0 = Release|Win32
		{E3E69E09-87EC-0B20-A1BD-613C400E34DA}.Release-MT|Win32.ActiveCfg = Release|Win32
		{E3E69E09-87EC-0B20-A1BD-613C400E34DA}.Release-MT|Win32.Build.0 = Release|Win32
		{E3E69E09-87EC-0B20-A1BD-613C400E34DA}.Release-MT-dbg|Win32.ActiveCfg = Release|Win32
		{E3E69E09-87EC-0B20-A1BD-613C400E34DA}.Release-MT-dbg|Win32.Build.0 = Release|Win32
		{E3E69E09-87EC-0B20-A1BD-613C400E34DA}.Template|Win32.ActiveCfg = Release|Win32
		{E3E69E09-87EC-0B20-A1BD-613C400E34DA}.Template|Win32.Build.0 = Release|Win32
		{DCC54B62-2206-4D78-9799-65BB2CD41B3B}.Debug_noCURL|Win32.ActiveCfg = Debug|Win32
		{DCC54B62-2206-4D78-9799-65BB2CD41B3B}.Debug_noCURL|Win32.Build.0 = Debug|Win32
		{DCC54B62-2206-4D78-9799-65BB2CD41B3B}.Debug|Win32.ActiveCfg = Debug|Win32
		{DCC54B62-2206-4D78-9799-65BB2CD41B3B}.Debug|Win32.Build.0 = Debug|Win32
		{DCC54B62-2206-4D78-9799-65BB2CD41B3B}.Release_noCURL|Win32.ActiveCfg = Release|Win32
		{DCC54B62-2206-4D78-9799-65BB2CD41B3B}.Release_noCURL|Win32.Build.0 = Release|Win32
		{DCC54B62-2206-4D78-9799-65BB2CD41B3B}.Release_nossl|Win32.ActiveCfg = Release|Win32
		{DCC54B62-2206-4D78-9799-65BB2CD41B3B}.Release_nossl|Win32.Build.0 = Release|Win32
		{DCC54B62-2206-4D78-9799-65BB2CD41B3B}.Release_v90|Win32.ActiveCfg = Release_v90|Win32
		{DCC54B62-2206-4D78-9799-65BB2CD41B3B}.Release_v90|Win32.Build.0 = Release_v90|Win32
		{DCC54B62-2206-4D78-9799-65BB2CD41B3B}.Release|Win32.ActiveCfg = Release|Win32
		{DCC54B62-2206-4D78-9799-65BB2CD41B3B}.Release|Win32.Build.0 = Release|Win32
		{DCC54B62-2206-4D78-9799-65BB2CD41B3B}.Release-MT|Win32.ActiveCfg = Release|Win32
		{DCC54B62-2206-4D78-9799-65BB2CD41B3B}.Release-MT|Win32.Build.0 = Release|Win32
		{DCC54B62-2206-4D78-9799-65BB2CD41B3B}.Release-MT-dbg|Win32.ActiveCfg = Release|Win32
		{DCC54B62-2206-4D78-9799-65BB2CD41B3B}.Release-MT-dbg|Win32.Build.0 = Release|Win32
		{DCC54B62-2206-4D78-9799-65BB2CD41B3B}.Template|Win32.ActiveCfg = Release|Win32
		{DCC54B62-2206-4D78-9799-65BB2CD41B3B}.Template|Win32.Build.0 = Release|Win32
		{A0457F4E-7D73-2CAD-EA23-C44E5DDD98C4}.Debug_noCURL|Win32.ActiveCfg = Debug_noCURL|Win32
		{A0457F4E-7D73-2CAD-EA23-C44E5DDD98C4}.Debug_noCURL|Win32.Build.0 = Debug_noCURL|Win32
		{A0457F4E-7D73-2CAD-EA23-C44E5DDD98C4}.Debug|Win32.ActiveCfg = Debug|Win32
		{A0457F4E-7D73-2CAD-EA23-C44E5DDD98C4}.Debug|Win32.Build.0 = Debug|Win32
		{A0457F4E-7D73-2CAD-EA23-C44E5DDD98C4}.Release_noCURL|Win32.ActiveCfg = Release_noCURL|Win32
		{A0457F4E-7D73-2CAD-EA23-C44E5DDD98C4}.Release_noCURL|Win32.Build.0 = Release_noCURL|Win32
		{A0457F4E-7D73-2CAD-EA23-C44E5DDD98C4}.Release_nossl|Win32.ActiveCfg = Release_noCURL|Win32
		{A0457F4E-7D73-2CAD-EA23-C44E5DDD98C4}.Release_nossl|Win32.Build.0 = Release_noCURL|Win32
		{A0457F4E-7D73-2CAD-EA23-C44E5DDD98C4}.Release_v90|Win32.ActiveCfg = Release_v90|Win32
		{A0457F4E-7D73-2CAD-EA23-C44E5DDD98C4}.Release_v90|Win32.Build.0 = Release_v90|Win32
		{A0457F4E-7D73-2CAD-EA23-C44E5DDD98C4}.Release|Win32.ActiveCfg = Release|Win32
		{A0457F4E-7D73-2CAD-EA23-C44E5DDD98C4}.Release|Win32.Build.0 = Release|Win32
		{A0457F4E-7D73-2CAD-EA23-C44E5DDD98C4}.Release-MT|Win32.ActiveCfg = Release|Win32
		{A0457F4E-7D73-2CAD-EA23-C44E5DDD98C4}.Release-MT|Win32.Build.0 = Release|Win32
		{A0457F4E-7D73-2CAD-EA23-C44E5DDD98C4}.Release-MT-dbg|Win32.ActiveCfg = Release|Win32
		{A0457F4E-7D73-2CAD-EA23-C44E5DDD98C4}.Release-MT-dbg|Win32.Build.0 = Release|Win32
		{A0457F4E-7D73-2CAD-EA23-C44E5DDD98C4}.Template|Win32.ActiveCfg = Template|Win32
		{A0457F4E-7D73-2CAD-EA23-C44E5DDD98C4}.Template|Win32.Build.0 = Template|Win32
		{786674D9-B8AB-DEC2-AD85-6F5C15199ED1}.Debug_noCURL|Win32.ActiveCfg = Debug|Win32
		{786674D9-B8AB-DEC2-AD85-6F5C15199ED1}.Debug_noCURL|Win32.Build.0 = Debug|Win32
		{786674D9-B8AB-DEC2-AD85-6F5C15199ED1}.Debug|Win32.ActiveCfg = Debug|Win32
		{786674D9-B8AB-DEC2-AD85-6F5C15199ED1}.Debug|Win32.Build.0 = Debug|Win32
		{786674D9-B8AB-DEC2-AD85-6F5C15199ED1}.Release_noCURL|Win32.ActiveCfg = Release|Win32
		{786674D9-B8AB-DEC2-AD85-6F5C15199ED1}.Release_noCURL|Win32.Build.0 = Release|Win32
		{786674D9-B8AB-DEC2-AD85-6F5C15199ED1}.Release_nossl|Win32.ActiveCfg = Release|Win32
		{786674D9-B8AB-DEC2-AD85-6F5C15199ED1}.Release_nossl|Win32.Build.0 = Release|Win32
		{786674D9-B8AB-DEC2-AD85-6F5C15199ED1}.Release_v90|Win32.ActiveCfg = Release_v90|Win32
		{786674D9-B8AB-DEC2-AD85-6F5C15199ED1}.Release_v90|Win32.Build.0 = Release_v90|Win32
		{786674D9-B8AB-DEC2-AD85-6F5C15199ED1}.Release|Win32.ActiveCfg = Release|Win32
		{786674D9-B8AB-DEC2-AD85-6F5C15199ED1}.Release|Win32.Build.0 = Release|Win32
		{786674D9-B8AB-DEC2-AD85-6F5C15199ED1}.Release-MT|Win32.ActiveCfg = Release|Win32
		{786674D9-B8AB-DEC2-AD85-6F5C15199ED1}.Release-MT|Win32.Build.0 = Release|Win32
		{786674D9-B8AB-DEC2-AD85-6F5C15199ED1}.Release-MT-dbg|Win32.ActiveCfg = Release|Win32
		{786674D9-B8AB-DEC2-AD85-6F5C15199ED1}.Release-MT-dbg|Win32.Build.0 = Release|Win32
		{786674D9-B8AB-DEC2-AD85-6F5C15199ED1}.Template|Win32.ActiveCfg = Release|Win32
		{786674D9-B8AB-DEC2-AD85-6F5C15199ED1}.Template|Win32.Build.0 = Release|Win32
	EndGlobalSection
	GlobalSection(SolutionProperties) = preSolution
		HideSolutionNode = FALSE
	EndGlobalSection
EndGlobal
