
Microsoft Visual Studio Solution File, Format Version 11.00
# Visual Studio 2010
Project("{8BC9CEB8-8B4A-11D0-8D11-00A0C91BC942}") = "FDM", "FDM.vcxproj", "{95F0DC27-026E-009C-D13A-660A2FE96DE2}"
	ProjectSection(ProjectDependencies) = postProject
		{85E21817-4641-4B32-A3C2-635470006333} = {85E21817-4641-4B32-A3C2-635470006333}
		{15F19B48-2A06-0EA8-E8A9-0E10F1AD48B6} = {15F19B48-2A06-0EA8-E8A9-0E10F1AD48B6}
		{A5248CF7-F19C-7DF0-92D8-154A4769CED2} = {A5248CF7-F19C-7DF0-92D8-154A4769CED2}
		{73CF1C2C-B278-35AE-07C5-3A2A7834472C} = {73CF1C2C-B278-35AE-07C5-3A2A7834472C}
		{CA0D564A-3EA6-7148-BFAA-324B6A1C44AD} = {CA0D564A-3EA6-7148-BFAA-324B6A1C44AD}
		{E8C59B57-1502-FFB0-5D47-6B336C868036} = {E8C59B57-1502-FFB0-5D47-6B336C868036}
	EndProjectSection
EndProject
Project("{8BC9CEB8-8B4A-11D0-8D11-00A0C91BC942}") = "PartMediaPreview", "PartMediaPreview\PartMediaPreview.vcxproj", "{15F19B48-2A06-0EA8-E8A9-0E10F1AD48B6}"
EndProject
Project("{8BC9CEB8-8B4A-11D0-8D11-00A0C91BC942}") = "FDMCustomized_lib", "FDMCustomized\FDMCustomized_lib\FDMCustomized_lib.vcxproj", "{A5248CF7-F19C-7DF0-92D8-154A4769CED2}"
EndProject
Project("{8BC9CEB8-8B4A-11D0-8D11-00A0C91BC942}") = "Hash", "Hash\Hash.vcxproj", "{E8C59B57-1502-FFB0-5D47-6B336C868036}"
EndProject
Project("{8BC9CEB8-8B4A-11D0-8D11-00A0C91BC942}") = "cURL_lib", "InetFile\cURL_lib\cURL_lib.vcxproj", "{73CF1C2C-B278-35AE-07C5-3A2A7834472C}"
EndProject
Project("{8BC9CEB8-8B4A-11D0-8D11-00A0C91BC942}") = "Updater", "Updater\Updater.vcxproj", "{B855D5EF-1573-350B-890D-A3C7AC0A2334}"
EndProject
Project("{8BC9CEB8-8B4A-11D0-8D11-00A0C91BC942}") = "etasks", "etasks\etasks.vcxproj", "{5E736730-56BF-17EA-7B36-DFE630EC8C37}"
EndProject
Project("{8BC9CEB8-8B4A-11D0-8D11-00A0C91BC942}") = "FDMCustIEBtn", "FDMCustomized\FDMCustIEBtn\FDMCustIEBtn.vcxproj", "{DC17DBD3-87EA-6B2E-E092-5BD2C56C48F8}"
EndProject
Project("{8BC9CEB8-8B4A-11D0-8D11-00A0C91BC942}") = "fdminno", "InnoSetup\fdminno\fdminno.vcxproj", "{3637A487-6B39-1FD5-73F8-4131209515EA}"
EndProject
Project("{8BC9CEB8-8B4A-11D0-8D11-00A0C91BC942}") = "Web Interface", "Web Interface\Web Interface.vcxproj", "{A1A70388-83BF-59DE-81C9-EFAC2A8A1EC8}"
EndProject
Project("{8BC9CEB8-8B4A-11D0-8D11-00A0C91BC942}") = "iefdmdm", "iefdm\iefdmdm\iefdmdm.vcxproj", "{C45C6873-84C4-4513-4201-666202F73C67}"
EndProject
Project("{8BC9CEB8-8B4A-11D0-8D11-00A0C91BC942}") = "OpNetCatcher", "OpNetCatcher\OpNetCatcher.vcxproj", "{9CD6FA92-2497-5A6F-57BD-C32239EAECBD}"
EndProject
Project("{8BC9CEB8-8B4A-11D0-8D11-00A0C91BC942}") = "FdmIeBho", "iefdm\FdmIeBho\FdmIeBho.vcxproj", "{371D7067-645D-7D35-B46B-F40C0E2F81D1}"
EndProject
Project("{8BC9CEB8-8B4A-11D0-8D11-00A0C91BC942}") = "libtorrent", "Bittorrent\libtorrent\libtorrent.vcxproj", "{24190CA9-490E-4D8F-93D7-55DFC80E2688}"
EndProject
Project("{8BC9CEB8-8B4A-11D0-8D11-00A0C91BC942}") = "fdmbtsupp", "Bittorrent\fdmbtsupp\fdmbtsupp.vcxproj", "{99ECAF97-19FC-45D1-B48D-8F482C3B9E50}"
EndProject
Project("{8BC9CEB8-8B4A-11D0-8D11-00A0C91BC942}") = "Component", "Firefox\XPCOM Component\Component.vcxproj", "{BC7132B2-0C5A-B7BA-CE27-F3C17E090023}"
EndProject
Project("{8BC9CEB8-8B4A-11D0-8D11-00A0C91BC942}") = "vistafx", "vistafx\vistafx.vcxproj", "{E90361CF-4698-E9B2-2300-10FB3E36FE53}"
EndProject
Project("{8BC9CEB8-8B4A-11D0-8D11-00A0C91BC942}") = "UrlMonSpy", "iefdm\UrlMonSpy\UrlMonSpy.vcxproj", "{DCC54B62-2206-4D78-9799-65BB2CD41B3B}"
EndProject
Project("{8BC9CEB8-8B4A-11D0-8D11-00A0C91BC942}") = "InetFile", "InetFile\InetFile.vcxproj", "{CA0D564A-3EA6-7148-BFAA-324B6A1C44AD}"
EndProject
Project("{8BC9CEB8-8B4A-11D0-8D11-00A0C91BC942}") = "AppWinSockSniffDll", "AppWinSockSniffDll\AppWinSockSniffDll.vcxproj", "{79BF5D4B-0551-2D28-95C6-A48A0D0745BE}"
EndProject
Project("{8BC9CEB8-8B4A-11D0-8D11-00A0C91BC942}") = "msdl", "msdl\msdl.vcxproj", "{8097D2C4-7012-4148-BDAE-D117E5FB5301}"
EndProject
Project("{8BC9CEB8-8B4A-11D0-8D11-00A0C91BC942}") = "zlib", "zlib\zlib.vcxproj", "{85E21817-4641-4B32-A3C2-635470006333}"
EndProject
Global
	GlobalSection(SolutionConfigurationPlatforms) = preSolution
		Debug_noCURL|Win32 = Debug_noCURL|Win32
		Debug_noCURL|x64 = Debug_noCURL|x64
		Debug|Win32 = Debug|Win32
		Debug|x64 = Debug|x64
		Release_noCURL|Win32 = Release_noCURL|Win32
		Release_noCURL|x64 = Release_noCURL|x64
		Release_nossl|Win32 = Release_nossl|Win32
		Release_nossl|x64 = Release_nossl|x64
		Release_v90|Win32 = Release_v90|Win32
		Release_v90|x64 = Release_v90|x64
		Release|Win32 = Release|Win32
		Release|x64 = Release|x64
		Release-MT|Win32 = Release-MT|Win32
		Release-MT|x64 = Release-MT|x64
		Release-MT-dbg|Win32 = Release-MT-dbg|Win32
		Release-MT-dbg|x64 = Release-MT-dbg|x64
		Template|Win32 = Template|Win32
		Template|x64 = Template|x64
	EndGlobalSection
	GlobalSection(ProjectConfigurationPlatforms) = postSolution
		{95F0DC27-026E-009C-D13A-660A2FE96DE2}.Debug_noCURL|Win32.ActiveCfg = Debug|Win32
		{95F0DC27-026E-009C-D13A-660A2FE96DE2}.Debug_noCURL|Win32.Build.0 = Debug|Win32
		{95F0DC27-026E-009C-D13A-660A2FE96DE2}.Debug_noCURL|x64.ActiveCfg = Debug|Win32
		{95F0DC27-026E-009C-D13A-660A2FE96DE2}.Debug|Win32.ActiveCfg = Debug|Win32
		{95F0DC27-026E-009C-D13A-660A2FE96DE2}.Debug|Win32.Build.0 = Debug|Win32
		{95F0DC27-026E-009C-D13A-660A2FE96DE2}.Debug|x64.ActiveCfg = Debug|Win32
		{95F0DC27-026E-009C-D13A-660A2FE96DE2}.Release_noCURL|Win32.ActiveCfg = Release|Win32
		{95F0DC27-026E-009C-D13A-660A2FE96DE2}.Release_noCURL|Win32.Build.0 = Release|Win32
		{95F0DC27-026E-009C-D13A-660A2FE96DE2}.Release_noCURL|x64.ActiveCfg = Release_v90|Win32
		{95F0DC27-026E-009C-D13A-660A2FE96DE2}.Release_nossl|Win32.ActiveCfg = Release|Win32
		{95F0DC27-026E-009C-D13A-660A2FE96DE2}.Release_nossl|Win32.Build.0 = Release|Win32
		{95F0DC27-026E-009C-D13A-660A2FE96DE2}.Release_nossl|x64.ActiveCfg = Release_v90|Win32
		{95F0DC27-026E-009C-D13A-660A2FE96DE2}.Release_v90|Win32.ActiveCfg = Release_v90|Win32
		{95F0DC27-026E-009C-D13A-660A2FE96DE2}.Release_v90|Win32.Build.0 = Release_v90|Win32
		{95F0DC27-026E-009C-D13A-660A2FE96DE2}.Release_v90|x64.ActiveCfg = Release_v90|Win32
		{95F0DC27-026E-009C-D13A-660A2FE96DE2}.Release|Win32.ActiveCfg = Release|Win32
		{95F0DC27-026E-009C-D13A-660A2FE96DE2}.Release|Win32.Build.0 = Release|Win32
		{95F0DC27-026E-009C-D13A-660A2FE96DE2}.Release|x64.ActiveCfg = Release|Win32
		{95F0DC27-026E-009C-D13A-660A2FE96DE2}.Release-MT|Win32.ActiveCfg = Release|Win32
		{95F0DC27-026E-009C-D13A-660A2FE96DE2}.Release-MT|Win32.Build.0 = Release|Win32
		{95F0DC27-026E-009C-D13A-660A2FE96DE2}.Release-MT|x64.ActiveCfg = Release|Win32
		{95F0DC27-026E-009C-D13A-660A2FE96DE2}.Release-MT-dbg|Win32.ActiveCfg = Release|Win32
		{95F0DC27-026E-009C-D13A-660A2FE96DE2}.Release-MT-dbg|Win32.Build.0 = Release|Win32
		{95F0DC27-026E-009C-D13A-660A2FE96DE2}.Release-MT-dbg|x64.ActiveCfg = Release|Win32
		{95F0DC27-026E-009C-D13A-660A2FE96DE2}.Template|Win32.ActiveCfg = Release|Win32
		{95F0DC27-026E-009C-D13A-660A2FE96DE2}.Template|Win32.Build.0 = Release|Win32
		{95F0DC27-026E-009C-D13A-660A2FE96DE2}.Template|x64.ActiveCfg = Release|Win32
		{15F19B48-2A06-0EA8-E8A9-0E10F1AD48B6}.Debug_noCURL|Win32.ActiveCfg = Debug|Win32
		{15F19B48-2A06-0EA8-E8A9-0E10F1AD48B6}.Debug_noCURL|Win32.Build.0 = Debug|Win32
		{15F19B48-2A06-0EA8-E8A9-0E10F1AD48B6}.Debug_noCURL|x64.ActiveCfg = Debug|Win32
		{15F19B48-2A06-0EA8-E8A9-0E10F1AD48B6}.Debug|Win32.ActiveCfg = Debug|Win32
		{15F19B48-2A06-0EA8-E8A9-0E10F1AD48B6}.Debug|Win32.Build.0 = Debug|Win32
		{15F19B48-2A06-0EA8-E8A9-0E10F1AD48B6}.Debug|x64.ActiveCfg = Debug|Win32
		{15F19B48-2A06-0EA8-E8A9-0E10F1AD48B6}.Release_noCURL|Win32.ActiveCfg = Release|Win32
		{15F19B48-2A06-0EA8-E8A9-0E10F1AD48B6}.Release_noCURL|Win32.Build.0 = Release|Win32
		{15F19B48-2A06-0EA8-E8A9-0E10F1AD48B6}.Release_noCURL|x64.ActiveCfg = Release_v90|Win32
		{15F19B48-2A06-0EA8-E8A9-0E10F1AD48B6}.Release_nossl|Win32.ActiveCfg = Release|Win32
		{15F19B48-2A06-0EA8-E8A9-0E10F1AD48B6}.Release_nossl|Win32.Build.0 = Release|Win32
		{15F19B48-2A06-0EA8-E8A9-0E10F1AD48B6}.Release_nossl|x64.ActiveCfg = Release_v90|Win32
		{15F19B48-2A06-0EA8-E8A9-0E10F1AD48B6}.Release_v90|Win32.ActiveCfg = Release_v90|Win32
		{15F19B48-2A06-0EA8-E8A9-0E10F1AD48B6}.Release_v90|Win32.Build.0 = Release_v90|Win32
		{15F19B48-2A06-0EA8-E8A9-0E10F1AD48B6}.Release_v90|x64.ActiveCfg = Release_v90|Win32
		{15F19B48-2A06-0EA8-E8A9-0E10F1AD48B6}.Release|Win32.ActiveCfg = Release|Win32
		{15F19B48-2A06-0EA8-E8A9-0E10F1AD48B6}.Release|Win32.Build.0 = Release|Win32
		{15F19B48-2A06-0EA8-E8A9-0E10F1AD48B6}.Release|x64.ActiveCfg = Release|Win32
		{15F19B48-2A06-0EA8-E8A9-0E10F1AD48B6}.Release-MT|Win32.ActiveCfg = Release|Win32
		{15F19B48-2A06-0EA8-E8A9-0E10F1AD48B6}.Release-MT|Win32.Build.0 = Release|Win32
		{15F19B48-2A06-0EA8-E8A9-0E10F1AD48B6}.Release-MT|x64.ActiveCfg = Release|Win32
		{15F19B48-2A06-0EA8-E8A9-0E10F1AD48B6}.Release-MT-dbg|Win32.ActiveCfg = Release|Win32
		{15F19B48-2A06-0EA8-E8A9-0E10F1AD48B6}.Release-MT-dbg|Win32.Build.0 = Release|Win32
		{15F19B48-2A06-0EA8-E8A9-0E10F1AD48B6}.Release-MT-dbg|x64.ActiveCfg = Release|Win32
		{15F19B48-2A06-0EA8-E8A9-0E10F1AD48B6}.Template|Win32.ActiveCfg = Release|Win32
		{15F19B48-2A06-0EA8-E8A9-0E10F1AD48B6}.Template|Win32.Build.0 = Release|Win32
		{15F19B48-2A06-0EA8-E8A9-0E10F1AD48B6}.Template|x64.ActiveCfg = Release|Win32
		{A5248CF7-F19C-7DF0-92D8-154A4769CED2}.Debug_noCURL|Win32.ActiveCfg = Debug|Win32
		{A5248CF7-F19C-7DF0-92D8-154A4769CED2}.Debug_noCURL|Win32.Build.0 = Debug|Win32
		{A5248CF7-F19C-7DF0-92D8-154A4769CED2}.Debug_noCURL|x64.ActiveCfg = Debug|Win32
		{A5248CF7-F19C-7DF0-92D8-154A4769CED2}.Debug|Win32.ActiveCfg = Debug|Win32
		{A5248CF7-F19C-7DF0-92D8-154A4769CED2}.Debug|Win32.Build.0 = Debug|Win32
		{A5248CF7-F19C-7DF0-92D8-154A4769CED2}.Debug|x64.ActiveCfg = Debug|Win32
		{A5248CF7-F19C-7DF0-92D8-154A4769CED2}.Release_noCURL|Win32.ActiveCfg = Release|Win32
		{A5248CF7-F19C-7DF0-92D8-154A4769CED2}.Release_noCURL|Win32.Build.0 = Release|Win32
		{A5248CF7-F19C-7DF0-92D8-154A4769CED2}.Release_noCURL|x64.ActiveCfg = Release_v90|Win32
		{A5248CF7-F19C-7DF0-92D8-154A4769CED2}.Release_nossl|Win32.ActiveCfg = Release|Win32
		{A5248CF7-F19C-7DF0-92D8-154A4769CED2}.Release_nossl|Win32.Build.0 = Release|Win32
		{A5248CF7-F19C-7DF0-92D8-154A4769CED2}.Release_nossl|x64.ActiveCfg = Release_v90|Win32
		{A5248CF7-F19C-7DF0-92D8-154A4769CED2}.Release_v90|Win32.ActiveCfg = Release_v90|Win32
		{A5248CF7-F19C-7DF0-92D8-154A4769CED2}.Release_v90|Win32.Build.0 = Release_v90|Win32
		{A5248CF7-F19C-7DF0-92D8-154A4769CED2}.Release_v90|x64.ActiveCfg = Release_v90|Win32
		{A5248CF7-F19C-7DF0-92D8-154A4769CED2}.Release|Win32.ActiveCfg = Release|Win32
		{A5248CF7-F19C-7DF0-92D8-154A4769CED2}.Release|Win32.Build.0 = Release|Win32
		{A5248CF7-F19C-7DF0-92D8-154A4769CED2}.Release|x64.ActiveCfg = Release|Win32
		{A5248CF7-F19C-7DF0-92D8-154A4769CED2}.Release-MT|Win32.ActiveCfg = Release|Win32
		{A5248CF7-F19C-7DF0-92D8-154A4769CED2}.Release-MT|Win32.Build.0 = Release|Win32
		{A5248CF7-F19C-7DF0-92D8-154A4769CED2}.Release-MT|x64.ActiveCfg = Release|Win32
		{A5248CF7-F19C-7DF0-92D8-154A4769CED2}.Release-MT-dbg|Win32.ActiveCfg = Release|Win32
		{A5248CF7-F19C-7DF0-92D8-154A4769CED2}.Release-MT-dbg|Win32.Build.0 = Release|Win32
		{A5248CF7-F19C-7DF0-92D8-154A4769CED2}.Release-MT-dbg|x64.ActiveCfg = Release|Win32
		{A5248CF7-F19C-7DF0-92D8-154A4769CED2}.Template|Win32.ActiveCfg = Template|Win32
		{A5248CF7-F19C-7DF0-92D8-154A4769CED2}.Template|Win32.Build.0 = Template|Win32
		{A5248CF7-F19C-7DF0-92D8-154A4769CED2}.Template|x64.ActiveCfg = Template|Win32
		{E8C59B57-1502-FFB0-5D47-6B336C868036}.Debug_noCURL|Win32.ActiveCfg = Debug|Win32
		{E8C59B57-1502-FFB0-5D47-6B336C868036}.Debug_noCURL|Win32.Build.0 = Debug|Win32
		{E8C59B57-1502-FFB0-5D47-6B336C868036}.Debug_noCURL|x64.ActiveCfg = Debug|Win32
		{E8C59B57-1502-FFB0-5D47-6B336C868036}.Debug|Win32.ActiveCfg = Debug|Win32
		{E8C59B57-1502-FFB0-5D47-6B336C868036}.Debug|Win32.Build.0 = Debug|Win32
		{E8C59B57-1502-FFB0-5D47-6B336C868036}.Debug|x64.ActiveCfg = Debug|Win32
		{E8C59B57-1502-FFB0-5D47-6B336C868036}.Release_noCURL|Win32.ActiveCfg = Release|Win32
		{E8C59B57-1502-FFB0-5D47-6B336C868036}.Release_noCURL|Win32.Build.0 = Release|Win32
		{E8C59B57-1502-FFB0-5D47-6B336C868036}.Release_noCURL|x64.ActiveCfg = Release_v90|Win32
		{E8C59B57-1502-FFB0-5D47-6B336C868036}.Release_nossl|Win32.ActiveCfg = Release|Win32
		{E8C59B57-1502-FFB0-5D47-6B336C868036}.Release_nossl|Win32.Build.0 = Release|Win32
		{E8C59B57-1502-FFB0-5D47-6B336C868036}.Release_nossl|x64.ActiveCfg = Release_v90|Win32
		{E8C59B57-1502-FFB0-5D47-6B336C868036}.Release_v90|Win32.ActiveCfg = Release_v90|Win32
		{E8C59B57-1502-FFB0-5D47-6B336C868036}.Release_v90|Win32.Build.0 = Release_v90|Win32
		{E8C59B57-1502-FFB0-5D47-6B336C868036}.Release_v90|x64.ActiveCfg = Release_v90|Win32
		{E8C59B57-1502-FFB0-5D47-6B336C868036}.Release|Win32.ActiveCfg = Release|Win32
		{E8C59B57-1502-FFB0-5D47-6B336C868036}.Release|Win32.Build.0 = Release|Win32
		{E8C59B57-1502-FFB0-5D47-6B336C868036}.Release|x64.ActiveCfg = Release|Win32
		{E8C59B57-1502-FFB0-5D47-6B336C868036}.Release-MT|Win32.ActiveCfg = Release|Win32
		{E8C59B57-1502-FFB0-5D47-6B336C868036}.Release-MT|Win32.Build.0 = Release|Win32
		{E8C59B57-1502-FFB0-5D47-6B336C868036}.Release-MT|x64.ActiveCfg = Release|Win32
		{E8C59B57-1502-FFB0-5D47-6B336C868036}.Release-MT-dbg|Win32.ActiveCfg = Release|Win32
		{E8C59B57-1502-FFB0-5D47-6B336C868036}.Release-MT-dbg|Win32.Build.0 = Release|Win32
		{E8C59B57-1502-FFB0-5D47-6B336C868036}.Release-MT-dbg|x64.ActiveCfg = Release|Win32
		{E8C59B57-1502-FFB0-5D47-6B336C868036}.Template|Win32.ActiveCfg = Template|Win32
		{E8C59B57-1502-FFB0-5D47-6B336C868036}.Template|Win32.Build.0 = Template|Win32
		{E8C59B57-1502-FFB0-5D47-6B336C868036}.Template|x64.ActiveCfg = Template|Win32
		{73CF1C2C-B278-35AE-07C5-3A2A7834472C}.Debug_noCURL|Win32.ActiveCfg = Debug|Win32
		{73CF1C2C-B278-35AE-07C5-3A2A7834472C}.Debug_noCURL|Win32.Build.0 = Debug|Win32
		{73CF1C2C-B278-35AE-07C5-3A2A7834472C}.Debug_noCURL|x64.ActiveCfg = Debug|Win32
		{73CF1C2C-B278-35AE-07C5-3A2A7834472C}.Debug|Win32.ActiveCfg = Debug|Win32
		{73CF1C2C-B278-35AE-07C5-3A2A7834472C}.Debug|Win32.Build.0 = Debug|Win32
		{73CF1C2C-B278-35AE-07C5-3A2A7834472C}.Debug|x64.ActiveCfg = Debug|Win32
		{73CF1C2C-B278-35AE-07C5-3A2A7834472C}.Release_noCURL|Win32.ActiveCfg = Release_nossl|Win32
		{73CF1C2C-B278-35AE-07C5-3A2A7834472C}.Release_noCURL|Win32.Build.0 = Release_nossl|Win32
		{73CF1C2C-B278-35AE-07C5-3A2A7834472C}.Release_noCURL|x64.ActiveCfg = Release_nossl|Win32
		{73CF1C2C-B278-35AE-07C5-3A2A7834472C}.Release_nossl|Win32.ActiveCfg = Release_nossl|Win32
		{73CF1C2C-B278-35AE-07C5-3A2A7834472C}.Release_nossl|Win32.Build.0 = Release_nossl|Win32
		{73CF1C2C-B278-35AE-07C5-3A2A7834472C}.Release_nossl|x64.ActiveCfg = Release_nossl|Win32
		{73CF1C2C-B278-35AE-07C5-3A2A7834472C}.Release_v90|Win32.ActiveCfg = Release_v90|Win32
		{73CF1C2C-B278-35AE-07C5-3A2A7834472C}.Release_v90|Win32.Build.0 = Release_v90|Win32
		{73CF1C2C-B278-35AE-07C5-3A2A7834472C}.Release_v90|x64.ActiveCfg = Release_v90|Win32
		{73CF1C2C-B278-35AE-07C5-3A2A7834472C}.Release|Win32.ActiveCfg = Release|Win32
		{73CF1C2C-B278-35AE-07C5-3A2A7834472C}.Release|Win32.Build.0 = Release|Win32
		{73CF1C2C-B278-35AE-07C5-3A2A7834472C}.Release|x64.ActiveCfg = Release|Win32
		{73CF1C2C-B278-35AE-07C5-3A2A7834472C}.Release-MT|Win32.ActiveCfg = Release|Win32
		{73CF1C2C-B278-35AE-07C5-3A2A7834472C}.Release-MT|Win32.Build.0 = Release|Win32
		{73CF1C2C-B278-35AE-07C5-3A2A7834472C}.Release-MT|x64.ActiveCfg = Release|Win32
		{73CF1C2C-B278-35AE-07C5-3A2A7834472C}.Release-MT-dbg|Win32.ActiveCfg = Release|Win32
		{73CF1C2C-B278-35AE-07C5-3A2A7834472C}.Release-MT-dbg|Win32.Build.0 = Release|Win32
		{73CF1C2C-B278-35AE-07C5-3A2A7834472C}.Release-MT-dbg|x64.ActiveCfg = Release|Win32
		{73CF1C2C-B278-35AE-07C5-3A2A7834472C}.Template|Win32.ActiveCfg = Template|Win32
		{73CF1C2C-B278-35AE-07C5-3A2A7834472C}.Template|Win32.Build.0 = Template|Win32
		{73CF1C2C-B278-35AE-07C5-3A2A7834472C}.Template|x64.ActiveCfg = Template|Win32
		{B855D5EF-1573-350B-890D-A3C7AC0A2334}.Debug_noCURL|Win32.ActiveCfg = Debug|Win32
		{B855D5EF-1573-350B-890D-A3C7AC0A2334}.Debug_noCURL|Win32.Build.0 = Debug|Win32
		{B855D5EF-1573-350B-890D-A3C7AC0A2334}.Debug_noCURL|x64.ActiveCfg = Debug|Win32
		{B855D5EF-1573-350B-890D-A3C7AC0A2334}.Debug|Win32.ActiveCfg = Debug|Win32
		{B855D5EF-1573-350B-890D-A3C7AC0A2334}.Debug|Win32.Build.0 = Debug|Win32
		{B855D5EF-1573-350B-890D-A3C7AC0A2334}.Debug|x64.ActiveCfg = Debug|Win32
		{B855D5EF-1573-350B-890D-A3C7AC0A2334}.Release_noCURL|Win32.ActiveCfg = Release|Win32
		{B855D5EF-1573-350B-890D-A3C7AC0A2334}.Release_noCURL|Win32.Build.0 = Release|Win32
		{B855D5EF-1573-350B-890D-A3C7AC0A2334}.Release_noCURL|x64.ActiveCfg = Release_v90|Win32
		{B855D5EF-1573-350B-890D-A3C7AC0A2334}.Release_nossl|Win32.ActiveCfg = Release|Win32
		{B855D5EF-1573-350B-890D-A3C7AC0A2334}.Release_nossl|Win32.Build.0 = Release|Win32
		{B855D5EF-1573-350B-890D-A3C7AC0A2334}.Release_nossl|x64.ActiveCfg = Release_v90|Win32
		{B855D5EF-1573-350B-890D-A3C7AC0A2334}.Release_v90|Win32.ActiveCfg = Release_v90|Win32
		{B855D5EF-1573-350B-890D-A3C7AC0A2334}.Release_v90|Win32.Build.0 = Release_v90|Win32
		{B855D5EF-1573-350B-890D-A3C7AC0A2334}.Release_v90|x64.ActiveCfg = Release_v90|Win32
		{B855D5EF-1573-350B-890D-A3C7AC0A2334}.Release|Win32.ActiveCfg = Release|Win32
		{B855D5EF-1573-350B-890D-A3C7AC0A2334}.Release|Win32.Build.0 = Release|Win32
		{B855D5EF-1573-350B-890D-A3C7AC0A2334}.Release|x64.ActiveCfg = Release|Win32
		{B855D5EF-1573-350B-890D-A3C7AC0A2334}.Release-MT|Win32.ActiveCfg = Release|Win32
		{B855D5EF-1573-350B-890D-A3C7AC0A2334}.Release-MT|Win32.Build.0 = Release|Win32
		{B855D5EF-1573-350B-890D-A3C7AC0A2334}.Release-MT|x64.ActiveCfg = Release|Win32
		{B855D5EF-1573-350B-890D-A3C7AC0A2334}.Release-MT-dbg|Win32.ActiveCfg = Release|Win32
		{B855D5EF-1573-350B-890D-A3C7AC0A2334}.Release-MT-dbg|Win32.Build.0 = Release|Win32
		{B855D5EF-1573-350B-890D-A3C7AC0A2334}.Release-MT-dbg|x64.ActiveCfg = Release|Win32
		{B855D5EF-1573-350B-890D-A3C7AC0A2334}.Template|Win32.ActiveCfg = Release|Win32
		{B855D5EF-1573-350B-890D-A3C7AC0A2334}.Template|Win32.Build.0 = Release|Win32
		{B855D5EF-1573-350B-890D-A3C7AC0A2334}.Template|x64.ActiveCfg = Release|Win32
		{5E736730-56BF-17EA-7B36-DFE630EC8C37}.Debug_noCURL|Win32.ActiveCfg = Debug|Win32
		{5E736730-56BF-17EA-7B36-DFE630EC8C37}.Debug_noCURL|Win32.Build.0 = Debug|Win32
		{5E736730-56BF-17EA-7B36-DFE630EC8C37}.Debug_noCURL|x64.ActiveCfg = Debug|Win32
		{5E736730-56BF-17EA-7B36-DFE630EC8C37}.Debug|Win32.ActiveCfg = Debug|Win32
		{5E736730-56BF-17EA-7B36-DFE630EC8C37}.Debug|Win32.Build.0 = Debug|Win32
		{5E736730-56BF-17EA-7B36-DFE630EC8C37}.Debug|x64.ActiveCfg = Debug|Win32
		{5E736730-56BF-17EA-7B36-DFE630EC8C37}.Release_noCURL|Win32.ActiveCfg = Release|Win32
		{5E736730-56BF-17EA-7B36-DFE630EC8C37}.Release_noCURL|Win32.Build.0 = Release|Win32
		{5E736730-56BF-17EA-7B36-DFE630EC8C37}.Release_noCURL|x64.ActiveCfg = Release_v90|Win32
		{5E736730-56BF-17EA-7B36-DFE630EC8C37}.Release_nossl|Win32.ActiveCfg = Release|Win32
		{5E736730-56BF-17EA-7B36-DFE630EC8C37}.Release_nossl|Win32.Build.0 = Release|Win32
		{5E736730-56BF-17EA-7B36-DFE630EC8C37}.Release_nossl|x64.ActiveCfg = Release_v90|Win32
		{5E736730-56BF-17EA-7B36-DFE630EC8C37}.Release_v90|Win32.ActiveCfg = Release_v90|Win32
		{5E736730-56BF-17EA-7B36-DFE630EC8C37}.Release_v90|Win32.Build.0 = Release_v90|Win32
		{5E736730-56BF-17EA-7B36-DFE630EC8C37}.Release_v90|x64.ActiveCfg = Release_v90|Win32
		{5E736730-56BF-17EA-7B36-DFE630EC8C37}.Release|Win32.ActiveCfg = Release|Win32
		{5E736730-56BF-17EA-7B36-DFE630EC8C37}.Release|Win32.Build.0 = Release|Win32
		{5E736730-56BF-17EA-7B36-DFE630EC8C37}.Release|x64.ActiveCfg = Release|Win32
		{5E736730-56BF-17EA-7B36-DFE630EC8C37}.Release-MT|Win32.ActiveCfg = Release|Win32
		{5E736730-56BF-17EA-7B36-DFE630EC8C37}.Release-MT|Win32.Build.0 = Release|Win32
		{5E736730-56BF-17EA-7B36-DFE630EC8C37}.Release-MT|x64.ActiveCfg = Release|Win32
		{5E736730-56BF-17EA-7B36-DFE630EC8C37}.Release-MT-dbg|Win32.ActiveCfg = Release|Win32
		{5E736730-56BF-17EA-7B36-DFE630EC8C37}.Release-MT-dbg|Win32.Build.0 = Release|Win32
		{5E736730-56BF-17EA-7B36-DFE630EC8C37}.Release-MT-dbg|x64.ActiveCfg = Release|Win32
		{5E736730-56BF-17EA-7B36-DFE630EC8C37}.Template|Win32.ActiveCfg = Release|Win32
		{5E736730-56BF-17EA-7B36-DFE630EC8C37}.Template|Win32.Build.0 = Release|Win32
		{5E736730-56BF-17EA-7B36-DFE630EC8C37}.Template|x64.ActiveCfg = Release|Win32
		{DC17DBD3-87EA-6B2E-E092-5BD2C56C48F8}.Debug_noCURL|Win32.ActiveCfg = Debug|Win32
		{DC17DBD3-87EA-6B2E-E092-5BD2C56C48F8}.Debug_noCURL|Win32.Build.0 = Debug|Win32
		{DC17DBD3-87EA-6B2E-E092-5BD2C56C48F8}.Debug_noCURL|x64.ActiveCfg = Debug|Win32
		{DC17DBD3-87EA-6B2E-E092-5BD2C56C48F8}.Debug|Win32.ActiveCfg = Debug|Win32
		{DC17DBD3-87EA-6B2E-E092-5BD2C56C48F8}.Debug|Win32.Build.0 = Debug|Win32
		{DC17DBD3-87EA-6B2E-E092-5BD2C56C48F8}.Debug|x64.ActiveCfg = Debug|Win32
		{DC17DBD3-87EA-6B2E-E092-5BD2C56C48F8}.Release_noCURL|Win32.ActiveCfg = Release|Win32
		{DC17DBD3-87EA-6B2E-E092-5BD2C56C48F8}.Release_noCURL|Win32.Build.0 = Release|Win32
		{DC17DBD3-87EA-6B2E-E092-5BD2C56C48F8}.Release_noCURL|x64.ActiveCfg = Release_v90|Win32
		{DC17DBD3-87EA-6B2E-E092-5BD2C56C48F8}.Release_nossl|Win32.ActiveCfg = Release|Win32
		{DC17DBD3-87EA-6B2E-E092-5BD2C56C48F8}.Release_nossl|Win32.Build.0 = Release|Win32
		{DC17DBD3-87EA-6B2E-E092-5BD2C56C48F8}.Release_nossl|x64.ActiveCfg = Release_v90|Win32
		{DC17DBD3-87EA-6B2E-E092-5BD2C56C48F8}.Release_v90|Win32.ActiveCfg = Release_v90|Win32
		{DC17DBD3-87EA-6B2E-E092-5BD2C56C48F8}.Release_v90|Win32.Build.0 = Release_v90|Win32
		{DC17DBD3-87EA-6B2E-E092-5BD2C56C48F8}.Release_v90|x64.ActiveCfg = Release_v90|Win32
		{DC17DBD3-87EA-6B2E-E092-5BD2C56C48F8}.Release|Win32.ActiveCfg = Release|Win32
		{DC17DBD3-87EA-6B2E-E092-5BD2C56C48F8}.Release|Win32.Build.0 = Release|Win32
		{DC17DBD3-87EA-6B2E-E092-5BD2C56C48F8}.Release|x64.ActiveCfg = Release|Win32
		{DC17DBD3-87EA-6B2E-E092-5BD2C56C48F8}.Release-MT|Win32.ActiveCfg = Release|Win32
		{DC17DBD3-87EA-6B2E-E092-5BD2C56C48F8}.Release-MT|Win32.Build.0 = Release|Win32
		{DC17DBD3-87EA-6B2E-E092-5BD2C56C48F8}.Release-MT|x64.ActiveCfg = Release|Win32
		{DC17DBD3-87EA-6B2E-E092-5BD2C56C48F8}.Release-MT-dbg|Win32.ActiveCfg = Release|Win32
		{DC17DBD3-87EA-6B2E-E092-5BD2C56C48F8}.Release-MT-dbg|Win32.Build.0 = Release|Win32
		{DC17DBD3-87EA-6B2E-E092-5BD2C56C48F8}.Release-MT-dbg|x64.ActiveCfg = Release|Win32
		{DC17DBD3-87EA-6B2E-E092-5BD2C56C48F8}.Template|Win32.ActiveCfg = Template|Win32
		{DC17DBD3-87EA-6B2E-E092-5BD2C56C48F8}.Template|Win32.Build.0 = Template|Win32
		{DC17DBD3-87EA-6B2E-E092-5BD2C56C48F8}.Template|x64.ActiveCfg = Template|Win32
		{3637A487-6B39-1FD5-73F8-4131209515EA}.Debug_noCURL|Win32.ActiveCfg = Debug|Win32
		{3637A487-6B39-1FD5-73F8-4131209515EA}.Debug_noCURL|Win32.Build.0 = Debug|Win32
		{3637A487-6B39-1FD5-73F8-4131209515EA}.Debug_noCURL|x64.ActiveCfg = Debug|Win32
		{3637A487-6B39-1FD5-73F8-4131209515EA}.Debug|Win32.ActiveCfg = Debug|Win32
		{3637A487-6B39-1FD5-73F8-4131209515EA}.Debug|Win32.Build.0 = Debug|Win32
		{3637A487-6B39-1FD5-73F8-4131209515EA}.Debug|x64.ActiveCfg = Debug|Win32
		{3637A487-6B39-1FD5-73F8-4131209515EA}.Release_noCURL|Win32.ActiveCfg = Release|Win32
		{3637A487-6B39-1FD5-73F8-4131209515EA}.Release_noCURL|Win32.Build.0 = Release|Win32
		{3637A487-6B39-1FD5-73F8-4131209515EA}.Release_noCURL|x64.ActiveCfg = Release_v90|Win32
		{3637A487-6B39-1FD5-73F8-4131209515EA}.Release_nossl|Win32.ActiveCfg = Release|Win32
		{3637A487-6B39-1FD5-73F8-4131209515EA}.Release_nossl|Win32.Build.0 = Release|Win32
		{3637A487-6B39-1FD5-73F8-4131209515EA}.Release_nossl|x64.ActiveCfg = Release_v90|Win32
		{3637A487-6B39-1FD5-73F8-4131209515EA}.Release_v90|Win32.ActiveCfg = Release_v90|Win32
		{3637A487-6B39-1FD5-73F8-4131209515EA}.Release_v90|Win32.Build.0 = Release_v90|Win32
		{3637A487-6B39-1FD5-73F8-4131209515EA}.Release_v90|x64.ActiveCfg = Release_v90|Win32
		{3637A487-6B39-1FD5-73F8-4131209515EA}.Release|Win32.ActiveCfg = Release|Win32
		{3637A487-6B39-1FD5-73F8-4131209515EA}.Release|Win32.Build.0 = Release|Win32
		{3637A487-6B39-1FD5-73F8-4131209515EA}.Release|x64.ActiveCfg = Release|Win32
		{3637A487-6B39-1FD5-73F8-4131209515EA}.Release-MT|Win32.ActiveCfg = Release|Win32
		{3637A487-6B39-1FD5-73F8-4131209515EA}.Release-MT|Win32.Build.0 = Release|Win32
		{3637A487-6B39-1FD5-73F8-4131209515EA}.Release-MT|x64.ActiveCfg = Release|Win32
		{3637A487-6B39-1FD5-73F8-4131209515EA}.Release-MT-dbg|Win32.ActiveCfg = Release|Win32
		{3637A487-6B39-1FD5-73F8-4131209515EA}.Release-MT-dbg|Win32.Build.0 = Release|Win32
		{3637A487-6B39-1FD5-73F8-4131209515EA}.Release-MT-dbg|x64.ActiveCfg = Release|Win32
		{3637A487-6B39-1FD5-73F8-4131209515EA}.Template|Win32.ActiveCfg = Release|Win32
		{3637A487-6B39-1FD5-73F8-4131209515EA}.Template|Win32.Build.0 = Release|Win32
		{3637A487-6B39-1FD5-73F8-4131209515EA}.Template|x64.ActiveCfg = Release|Win32
		{A1A70388-83BF-59DE-81C9-EFAC2A8A1EC8}.Debug_noCURL|Win32.ActiveCfg = Debug|Win32
		{A1A70388-83BF-59DE-81C9-EFAC2A8A1EC8}.Debug_noCURL|Win32.Build.0 = Debug|Win32
		{A1A70388-83BF-59DE-81C9-EFAC2A8A1EC8}.Debug_noCURL|x64.ActiveCfg = Debug|Win32
		{A1A70388-83BF-59DE-81C9-EFAC2A8A1EC8}.Debug|Win32.ActiveCfg = Debug|Win32
		{A1A70388-83BF-59DE-81C9-EFAC2A8A1EC8}.Debug|Win32.Build.0 = Debug|Win32
		{A1A70388-83BF-59DE-81C9-EFAC2A8A1EC8}.Debug|x64.ActiveCfg = Debug|Win32
		{A1A70388-83BF-59DE-81C9-EFAC2A8A1EC8}.Release_noCURL|Win32.ActiveCfg = Release|Win32
		{A1A70388-83BF-59DE-81C9-EFAC2A8A1EC8}.Release_noCURL|Win32.Build.0 = Release|Win32
		{A1A70388-83BF-59DE-81C9-EFAC2A8A1EC8}.Release_noCURL|x64.ActiveCfg = Release_v90|Win32
		{A1A70388-83BF-59DE-81C9-EFAC2A8A1EC8}.Release_nossl|Win32.ActiveCfg = Release|Win32
		{A1A70388-83BF-59DE-81C9-EFAC2A8A1EC8}.Release_nossl|Win32.Build.0 = Release|Win32
		{A1A70388-83BF-59DE-81C9-EFAC2A8A1EC8}.Release_nossl|x64.ActiveCfg = Release_v90|Win32
		{A1A70388-83BF-59DE-81C9-EFAC2A8A1EC8}.Release_v90|Win32.ActiveCfg = Release_v90|Win32
		{A1A70388-83BF-59DE-81C9-EFAC2A8A1EC8}.Release_v90|Win32.Build.0 = Release_v90|Win32
		{A1A70388-83BF-59DE-81C9-EFAC2A8A1EC8}.Release_v90|x64.ActiveCfg = Release_v90|Win32
		{A1A70388-83BF-59DE-81C9-EFAC2A8A1EC8}.Release|Win32.ActiveCfg = Release|Win32
		{A1A70388-83BF-59DE-81C9-EFAC2A8A1EC8}.Release|Win32.Build.0 = Release|Win32
		{A1A70388-83BF-59DE-81C9-EFAC2A8A1EC8}.Release|x64.ActiveCfg = Release|Win32
		{A1A70388-83BF-59DE-81C9-EFAC2A8A1EC8}.Release-MT|Win32.ActiveCfg = Release|Win32
		{A1A70388-83BF-59DE-81C9-EFAC2A8A1EC8}.Release-MT|Win32.Build.0 = Release|Win32
		{A1A70388-83BF-59DE-81C9-EFAC2A8A1EC8}.Release-MT|x64.ActiveCfg = Release|Win32
		{A1A70388-83BF-59DE-81C9-EFAC2A8A1EC8}.Release-MT-dbg|Win32.ActiveCfg = Release|Win32
		{A1A70388-83BF-59DE-81C9-EFAC2A8A1EC8}.Release-MT-dbg|Win32.Build.0 = Release|Win32
		{A1A70388-83BF-59DE-81C9-EFAC2A8A1EC8}.Release-MT-dbg|x64.ActiveCfg = Release|Win32
		{A1A70388-83BF-59DE-81C9-EFAC2A8A1EC8}.Template|Win32.ActiveCfg = Template|Win32
		{A1A70388-83BF-59DE-81C9-EFAC2A8A1EC8}.Template|Win32.Build.0 = Template|Win32
		{A1A70388-83BF-59DE-81C9-EFAC2A8A1EC8}.Template|x64.ActiveCfg = Template|Win32
		{C45C6873-84C4-4513-4201-666202F73C67}.Debug_noCURL|Win32.ActiveCfg = Debug|Win32
		{C45C6873-84C4-4513-4201-666202F73C67}.Debug_noCURL|Win32.Build.0 = Debug|Win32
		{C45C6873-84C4-4513-4201-666202F73C67}.Debug_noCURL|x64.ActiveCfg = Debug|Win32
		{C45C6873-84C4-4513-4201-666202F73C67}.Debug|Win32.ActiveCfg = Debug|Win32
		{C45C6873-84C4-4513-4201-666202F73C67}.Debug|Win32.Build.0 = Debug|Win32
		{C45C6873-84C4-4513-4201-666202F73C67}.Debug|x64.ActiveCfg = Debug|Win32
		{C45C6873-84C4-4513-4201-666202F73C67}.Release_noCURL|Win32.ActiveCfg = Release|Win32
		{C45C6873-84C4-4513-4201-666202F73C67}.Release_noCURL|Win32.Build.0 = Release|Win32
		{C45C6873-84C4-4513-4201-666202F73C67}.Release_noCURL|x64.ActiveCfg = Release_v90|Win32
		{C45C6873-84C4-4513-4201-666202F73C67}.Release_nossl|Win32.ActiveCfg = Release|Win32
		{C45C6873-84C4-4513-4201-666202F73C67}.Release_nossl|Win32.Build.0 = Release|Win32
		{C45C6873-84C4-4513-4201-666202F73C67}.Release_nossl|x64.ActiveCfg = Release_v90|Win32
		{C45C6873-84C4-4513-4201-666202F73C67}.Release_v90|Win32.ActiveCfg = Release_v90|Win32
		{C45C6873-84C4-4513-4201-666202F73C67}.Release_v90|Win32.Build.0 = Release_v90|Win32
		{C45C6873-84C4-4513-4201-666202F73C67}.Release_v90|x64.ActiveCfg = Release_v90|Win32
		{C45C6873-84C4-4513-4201-666202F73C67}.Release|Win32.ActiveCfg = Release|Win32
		{C45C6873-84C4-4513-4201-666202F73C67}.Release|Win32.Build.0 = Release|Win32
		{C45C6873-84C4-4513-4201-666202F73C67}.Release|x64.ActiveCfg = Release|Win32
		{C45C6873-84C4-4513-4201-666202F73C67}.Release-MT|Win32.ActiveCfg = Release|Win32
		{C45C6873-84C4-4513-4201-666202F73C67}.Release-MT|Win32.Build.0 = Release|Win32
		{C45C6873-84C4-4513-4201-666202F73C67}.Release-MT|x64.ActiveCfg = Release|Win32
		{C45C6873-84C4-4513-4201-666202F73C67}.Release-MT-dbg|Win32.ActiveCfg = Release|Win32
		{C45C6873-84C4-4513-4201-666202F73C67}.Release-MT-dbg|Win32.Build.0 = Release|Win32
		{C45C6873-84C4-4513-4201-666202F73C67}.Release-MT-dbg|x64.ActiveCfg = Release|Win32
		{C45C6873-84C4-4513-4201-666202F73C67}.Template|Win32.ActiveCfg = Template|Win32
		{C45C6873-84C4-4513-4201-666202F73C67}.Template|Win32.Build.0 = Template|Win32
		{C45C6873-84C4-4513-4201-666202F73C67}.Template|x64.ActiveCfg = Template|Win32
		{9CD6FA92-2497-5A6F-57BD-C32239EAECBD}.Debug_noCURL|Win32.ActiveCfg = Debug|Win32
		{9CD6FA92-2497-5A6F-57BD-C32239EAECBD}.Debug_noCURL|Win32.Build.0 = Debug|Win32
		{9CD6FA92-2497-5A6F-57BD-C32239EAECBD}.Debug_noCURL|x64.ActiveCfg = Debug|Win32
		{9CD6FA92-2497-5A6F-57BD-C32239EAECBD}.Debug|Win32.ActiveCfg = Debug|Win32
		{9CD6FA92-2497-5A6F-57BD-C32239EAECBD}.Debug|Win32.Build.0 = Debug|Win32
		{9CD6FA92-2497-5A6F-57BD-C32239EAECBD}.Debug|x64.ActiveCfg = Debug|Win32
		{9CD6FA92-2497-5A6F-57BD-C32239EAECBD}.Release_noCURL|Win32.ActiveCfg = Release|Win32
		{9CD6FA92-2497-5A6F-57BD-C32239EAECBD}.Release_noCURL|Win32.Build.0 = Release|Win32
		{9CD6FA92-2497-5A6F-57BD-C32239EAECBD}.Release_noCURL|x64.ActiveCfg = Release_v90|Win32
		{9CD6FA92-2497-5A6F-57BD-C32239EAECBD}.Release_nossl|Win32.ActiveCfg = Release|Win32
		{9CD6FA92-2497-5A6F-57BD-C32239EAECBD}.Release_nossl|Win32.Build.0 = Release|Win32
		{9CD6FA92-2497-5A6F-57BD-C32239EAECBD}.Release_nossl|x64.ActiveCfg = Release_v90|Win32
		{9CD6FA92-2497-5A6F-57BD-C32239EAECBD}.Release_v90|Win32.ActiveCfg = Release_v90|Win32
		{9CD6FA92-2497-5A6F-57BD-C32239EAECBD}.Release_v90|Win32.Build.0 = Release_v90|Win32
		{9CD6FA92-2497-5A6F-57BD-C32239EAECBD}.Release_v90|x64.ActiveCfg = Release_v90|Win32
		{9CD6FA92-2497-5A6F-57BD-C32239EAECBD}.Release|Win32.ActiveCfg = Release|Win32
		{9CD6FA92-2497-5A6F-57BD-C32239EAECBD}.Release|Win32.Build.0 = Release|Win32
		{9CD6FA92-2497-5A6F-57BD-C32239EAECBD}.Release|x64.ActiveCfg = Release|Win32
		{9CD6FA92-2497-5A6F-57BD-C32239EAECBD}.Release-MT|Win32.ActiveCfg = Release|Win32
		{9CD6FA92-2497-5A6F-57BD-C32239EAECBD}.Release-MT|Win32.Build.0 = Release|Win32
		{9CD6FA92-2497-5A6F-57BD-C32239EAECBD}.Release-MT|x64.ActiveCfg = Release|Win32
		{9CD6FA92-2497-5A6F-57BD-C32239EAECBD}.Release-MT-dbg|Win32.ActiveCfg = Release|Win32
		{9CD6FA92-2497-5A6F-57BD-C32239EAECBD}.Release-MT-dbg|Win32.Build.0 = Release|Win32
		{9CD6FA92-2497-5A6F-57BD-C32239EAECBD}.Release-MT-dbg|x64.ActiveCfg = Release|Win32
		{9CD6FA92-2497-5A6F-57BD-C32239EAECBD}.Template|Win32.ActiveCfg = Release|Win32
		{9CD6FA92-2497-5A6F-57BD-C32239EAECBD}.Template|Win32.Build.0 = Release|Win32
		{9CD6FA92-2497-5A6F-57BD-C32239EAECBD}.Template|x64.ActiveCfg = Release|Win32
		{371D7067-645D-7D35-B46B-F40C0E2F81D1}.Debug_noCURL|Win32.ActiveCfg = Debug|Win32
		{371D7067-645D-7D35-B46B-F40C0E2F81D1}.Debug_noCURL|Win32.Build.0 = Debug|Win32
		{371D7067-645D-7D35-B46B-F40C0E2F81D1}.Debug_noCURL|x64.ActiveCfg = Debug|Win32
		{371D7067-645D-7D35-B46B-F40C0E2F81D1}.Debug|Win32.ActiveCfg = Debug|Win32
		{371D7067-645D-7D35-B46B-F40C0E2F81D1}.Debug|Win32.Build.0 = Debug|Win32
		{371D7067-645D-7D35-B46B-F40C0E2F81D1}.Debug|x64.ActiveCfg = Debug|Win32
		{371D7067-645D-7D35-B46B-F40C0E2F81D1}.Release_noCURL|Win32.ActiveCfg = Release|Win32
		{371D7067-645D-7D35-B46B-F40C0E2F81D1}.Release_noCURL|Win32.Build.0 = Release|Win32
		{371D7067-645D-7D35-B46B-F40C0E2F81D1}.Release_noCURL|x64.ActiveCfg = Release_v90|Win32
		{371D7067-645D-7D35-B46B-F40C0E2F81D1}.Release_nossl|Win32.ActiveCfg = Release|Win32
		{371D7067-645D-7D35-B46B-F40C0E2F81D1}.Release_nossl|Win32.Build.0 = Release|Win32
		{371D7067-645D-7D35-B46B-F40C0E2F81D1}.Release_nossl|x64.ActiveCfg = Release_v90|Win32
		{371D7067-645D-7D35-B46B-F40C0E2F81D1}.Release_v90|Win32.ActiveCfg = Release_v90|Win32
		{371D7067-645D-7D35-B46B-F40C0E2F81D1}.Release_v90|Win32.Build.0 = Release_v90|Win32
		{371D7067-645D-7D35-B46B-F40C0E2F81D1}.Release_v90|x64.ActiveCfg = Release_v90|Win32
		{371D7067-645D-7D35-B46B-F40C0E2F81D1}.Release|Win32.ActiveCfg = Release|Win32
		{371D7067-645D-7D35-B46B-F40C0E2F81D1}.Release|Win32.Build.0 = Release|Win32
		{371D7067-645D-7D35-B46B-F40C0E2F81D1}.Release|x64.ActiveCfg = Release|Win32
		{371D7067-645D-7D35-B46B-F40C0E2F81D1}.Release-MT|Win32.ActiveCfg = Release|Win32
		{371D7067-645D-7D35-B46B-F40C0E2F81D1}.Release-MT|Win32.Build.0 = Release|Win32
		{371D7067-645D-7D35-B46B-F40C0E2F81D1}.Release-MT|x64.ActiveCfg = Release|Win32
		{371D7067-645D-7D35-B46B-F40C0E2F81D1}.Release-MT-dbg|Win32.ActiveCfg = Release|Win32
		{371D7067-645D-7D35-B46B-F40C0E2F81D1}.Release-MT-dbg|Win32.Build.0 = Release|Win32
		{371D7067-645D-7D35-B46B-F40C0E2F81D1}.Release-MT-dbg|x64.ActiveCfg = Release|Win32
		{371D7067-645D-7D35-B46B-F40C0E2F81D1}.Template|Win32.ActiveCfg = Release|Win32
		{371D7067-645D-7D35-B46B-F40C0E2F81D1}.Template|Win32.Build.0 = Release|Win32
		{371D7067-645D-7D35-B46B-F40C0E2F81D1}.Template|x64.ActiveCfg = Release|Win32
		{24190CA9-490E-4D8F-93D7-55DFC80E2688}.Debug_noCURL|Win32.ActiveCfg = Debug|Win32
		{24190CA9-490E-4D8F-93D7-55DFC80E2688}.Debug_noCURL|Win32.Build.0 = Debug|Win32
		{24190CA9-490E-4D8F-93D7-55DFC80E2688}.Debug_noCURL|x64.ActiveCfg = Debug|Win32
		{24190CA9-490E-4D8F-93D7-55DFC80E2688}.Debug|Win32.ActiveCfg = Debug|Win32
		{24190CA9-490E-4D8F-93D7-55DFC80E2688}.Debug|Win32.Build.0 = Debug|Win32
		{24190CA9-490E-4D8F-93D7-55DFC80E2688}.Debug|x64.ActiveCfg = Debug|Win32
		{24190CA9-490E-4D8F-93D7-55DFC80E2688}.Release_noCURL|Win32.ActiveCfg = Release|Win32
		{24190CA9-490E-4D8F-93D7-55DFC80E2688}.Release_noCURL|Win32.Build.0 = Release|Win32
		{24190CA9-490E-4D8F-93D7-55DFC80E2688}.Release_noCURL|x64.ActiveCfg = Release_v90|Win32
		{24190CA9-490E-4D8F-93D7-55DFC80E2688}.Release_nossl|Win32.ActiveCfg = Release|Win32
		{24190CA9-490E-4D8F-93D7-55DFC80E2688}.Release_nossl|Win32.Build.0 = Release|Win32
		{24190CA9-490E-4D8F-93D7-55DFC80E2688}.Release_nossl|x64.ActiveCfg = Release_v90|Win32
		{24190CA9-490E-4D8F-93D7-55DFC80E2688}.Release_v90|Win32.ActiveCfg = Release_v90|Win32
		{24190CA9-490E-4D8F-93D7-55DFC80E2688}.Release_v90|x64.ActiveCfg = Release_v90|Win32
		{24190CA9-490E-4D8F-93D7-55DFC80E2688}.Release|Win32.ActiveCfg = Release|Win32
		{24190CA9-490E-4D8F-93D7-55DFC80E2688}.Release|Win32.Build.0 = Release|Win32
		{24190CA9-490E-4D8F-93D7-55DFC80E2688}.Release|x64.ActiveCfg = Release|Win32
		{24190CA9-490E-4D8F-93D7-55DFC80E2688}.Release-MT|Win32.ActiveCfg = Release-MT|Win32
		{24190CA9-490E-4D8F-93D7-55DFC80E2688}.Release-MT|Win32.Build.0 = Release-MT|Win32
		{24190CA9-490E-4D8F-93D7-55DFC80E2688}.Release-MT|x64.ActiveCfg = Release-MT|Win32
		{24190CA9-490E-4D8F-93D7-55DFC80E2688}.Release-MT-dbg|Win32.ActiveCfg = Release-MT-dbg|Win32
		{24190CA9-490E-4D8F-93D7-55DFC80E2688}.Release-MT-dbg|Win32.Build.0 = Release-MT-dbg|Win32
		{24190CA9-490E-4D8F-93D7-55DFC80E2688}.Release-MT-dbg|x64.ActiveCfg = Release-MT-dbg|Win32
		{24190CA9-490E-4D8F-93D7-55DFC80E2688}.Template|Win32.ActiveCfg = Release|Win32
		{24190CA9-490E-4D8F-93D7-55DFC80E2688}.Template|Win32.Build.0 = Release|Win32
		{24190CA9-490E-4D8F-93D7-55DFC80E2688}.Template|x64.ActiveCfg = Release|Win32
		{99ECAF97-19FC-45D1-B48D-8F482C3B9E50}.Debug_noCURL|Win32.ActiveCfg = Debug|Win32
		{99ECAF97-19FC-45D1-B48D-8F482C3B9E50}.Debug_noCURL|Win32.Build.0 = Debug|Win32
		{99ECAF97-19FC-45D1-B48D-8F482C3B9E50}.Debug_noCURL|x64.ActiveCfg = Debug|Win32
		{99ECAF97-19FC-45D1-B48D-8F482C3B9E50}.Debug|Win32.ActiveCfg = Debug|Win32
		{99ECAF97-19FC-45D1-B48D-8F482C3B9E50}.Debug|Win32.Build.0 = Debug|Win32
		{99ECAF97-19FC-45D1-B48D-8F482C3B9E50}.Debug|x64.ActiveCfg = Debug|Win32
		{99ECAF97-19FC-45D1-B48D-8F482C3B9E50}.Release_noCURL|Win32.ActiveCfg = Release|Win32
		{99ECAF97-19FC-45D1-B48D-8F482C3B9E50}.Release_noCURL|Win32.Build.0 = Release|Win32
		{99ECAF97-19FC-45D1-B48D-8F482C3B9E50}.Release_noCURL|x64.ActiveCfg = Release_v90|Win32
		{99ECAF97-19FC-45D1-B48D-8F482C3B9E50}.Release_nossl|Win32.ActiveCfg = Release|Win32
		{99ECAF97-19FC-45D1-B48D-8F482C3B9E50}.Release_nossl|Win32.Build.0 = Release|Win32
		{99ECAF97-19FC-45D1-B48D-8F482C3B9E50}.Release_nossl|x64.ActiveCfg = Release_v90|Win32
		{99ECAF97-19FC-45D1-B48D-8F482C3B9E50}.Release_v90|Win32.ActiveCfg = Release_v90|Win32
		{99ECAF97-19FC-45D1-B48D-8F482C3B9E50}.Release_v90|Win32.Build.0 = Release_v90|Win32
		{99ECAF97-19FC-45D1-B48D-8F482C3B9E50}.Release_v90|x64.ActiveCfg = Release_v90|Win32
		{99ECAF97-19FC-45D1-B48D-8F482C3B9E50}.Release|Win32.ActiveCfg = Release|Win32
		{99ECAF97-19FC-45D1-B48D-8F482C3B9E50}.Release|Win32.Build.0 = Release|Win32
		{99ECAF97-19FC-45D1-B48D-8F482C3B9E50}.Release|x64.ActiveCfg = Release|Win32
		{99ECAF97-19FC-45D1-B48D-8F482C3B9E50}.Release-MT|Win32.ActiveCfg = Release|Win32
		{99ECAF97-19FC-45D1-B48D-8F482C3B9E50}.Release-MT|Win32.Build.0 = Release|Win32
		{99ECAF97-19FC-45D1-B48D-8F482C3B9E50}.Release-MT|x64.ActiveCfg = Release|Win32
		{99ECAF97-19FC-45D1-B48D-8F482C3B9E50}.Release-MT-dbg|Win32.ActiveCfg = Release|Win32
		{99ECAF97-19FC-45D1-B48D-8F482C3B9E50}.Release-MT-dbg|Win32.Build.0 = Release|Win32
		{99ECAF97-19FC-45D1-B48D-8F482C3B9E50}.Release-MT-dbg|x64.ActiveCfg = Release|Win32
		{99ECAF97-19FC-45D1-B48D-8F482C3B9E50}.Template|Win32.ActiveCfg = Release|Win32
		{99ECAF97-19FC-45D1-B48D-8F482C3B9E50}.Template|Win32.Build.0 = Release|Win32
		{99ECAF97-19FC-45D1-B48D-8F482C3B9E50}.Template|x64.ActiveCfg = Release|Win32
		{BC7132B2-0C5A-B7BA-CE27-F3C17E090023}.Debug_noCURL|Win32.ActiveCfg = Debug|Win32
		{BC7132B2-0C5A-B7BA-CE27-F3C17E090023}.Debug_noCURL|Win32.Build.0 = Debug|Win32
		{BC7132B2-0C5A-B7BA-CE27-F3C17E090023}.Debug_noCURL|x64.ActiveCfg = Debug|Win32
		{BC7132B2-0C5A-B7BA-CE27-F3C17E090023}.Debug|Win32.ActiveCfg = Debug|Win32
		{BC7132B2-0C5A-B7BA-CE27-F3C17E090023}.Debug|Win32.Build.0 = Debug|Win32
		{BC7132B2-0C5A-B7BA-CE27-F3C17E090023}.Debug|x64.ActiveCfg = Debug|Win32
		{BC7132B2-0C5A-B7BA-CE27-F3C17E090023}.Release_noCURL|Win32.ActiveCfg = Release|Win32
		{BC7132B2-0C5A-B7BA-CE27-F3C17E090023}.Release_noCURL|Win32.Build.0 = Release|Win32
		{BC7132B2-0C5A-B7BA-CE27-F3C17E090023}.Release_noCURL|x64.ActiveCfg = Release_v90|Win32
		{BC7132B2-0C5A-B7BA-CE27-F3C17E090023}.Release_nossl|Win32.ActiveCfg = Release|Win32
		{BC7132B2-0C5A-B7BA-CE27-F3C17E090023}.Release_nossl|Win32.Build.0 = Release|Win32
		{BC7132B2-0C5A-B7BA-CE27-F3C17E090023}.Release_nossl|x64.ActiveCfg = Release_v90|Win32
		{BC7132B2-0C5A-B7BA-CE27-F3C17E090023}.Release_v90|Win32.ActiveCfg = Release_v90|Win32
		{BC7132B2-0C5A-B7BA-CE27-F3C17E090023}.Release_v90|Win32.Build.0 = Release_v90|Win32
		{BC7132B2-0C5A-B7BA-CE27-F3C17E090023}.Release_v90|x64.ActiveCfg = Release_v90|Win32
		{BC7132B2-0C5A-B7BA-CE27-F3C17E090023}.Release|Win32.ActiveCfg = Release|Win32
		{BC7132B2-0C5A-B7BA-CE27-F3C17E090023}.Release|Win32.Build.0 = Release|Win32
		{BC7132B2-0C5A-B7BA-CE27-F3C17E090023}.Release|x64.ActiveCfg = Release|Win32
		{BC7132B2-0C5A-B7BA-CE27-F3C17E090023}.Release-MT|Win32.ActiveCfg = Release|Win32
		{BC7132B2-0C5A-B7BA-CE27-F3C17E090023}.Release-MT|Win32.Build.0 = Release|Win32
		{BC7132B2-0C5A-B7BA-CE27-F3C17E090023}.Release-MT|x64.ActiveCfg = Release|Win32
		{BC7132B2-0C5A-B7BA-CE27-F3C17E090023}.Release-MT-dbg|Win32.ActiveCfg = Release|Win32
		{BC7132B2-0C5A-B7BA-CE27-F3C17E090023}.Release-MT-dbg|Win32.Build.0 = Release|Win32
		{BC7132B2-0C5A-B7BA-CE27-F3C17E090023}.Release-MT-dbg|x64.ActiveCfg = Release|Win32
		{BC7132B2-0C5A-B7BA-CE27-F3C17E090023}.Template|Win32.ActiveCfg = Release|Win32
		{BC7132B2-0C5A-B7BA-CE27-F3C17E090023}.Template|Win32.Build.0 = Release|Win32
		{BC7132B2-0C5A-B7BA-CE27-F3C17E090023}.Template|x64.ActiveCfg = Release|Win32
		{E90361CF-4698-E9B2-2300-10FB3E36FE53}.Debug_noCURL|Win32.ActiveCfg = Debug|Win32
		{E90361CF-4698-E9B2-2300-10FB3E36FE53}.Debug_noCURL|Win32.Build.0 = Debug|Win32
		{E90361CF-4698-E9B2-2300-10FB3E36FE53}.Debug_noCURL|x64.ActiveCfg = Debug|Win32
		{E90361CF-4698-E9B2-2300-10FB3E36FE53}.Debug|Win32.ActiveCfg = Debug|Win32
		{E90361CF-4698-E9B2-2300-10FB3E36FE53}.Debug|Win32.Build.0 = Debug|Win32
		{E90361CF-4698-E9B2-2300-10FB3E36FE53}.Debug|x64.ActiveCfg = Debug|Win32
		{E90361CF-4698-E9B2-2300-10FB3E36FE53}.Release_noCURL|Win32.ActiveCfg = Release|Win32
		{E90361CF-4698-E9B2-2300-10FB3E36FE53}.Release_noCURL|Win32.Build.0 = Release|Win32
		{E90361CF-4698-E9B2-2300-10FB3E36FE53}.Release_noCURL|x64.ActiveCfg = Release_v90|Win32
		{E90361CF-4698-E9B2-2300-10FB3E36FE53}.Release_nossl|Win32.ActiveCfg = Release|Win32
		{E90361CF-4698-E9B2-2300-10FB3E36FE53}.Release_nossl|Win32.Build.0 = Release|Win32
		{E90361CF-4698-E9B2-2300-10FB3E36FE53}.Release_nossl|x64.ActiveCfg = Release_v90|Win32
		{E90361CF-4698-E9B2-2300-10FB3E36FE53}.Release_v90|Win32.ActiveCfg = Release_v90|Win32
		{E90361CF-4698-E9B2-2300-10FB3E36FE53}.Release_v90|Win32.Build.0 = Release_v90|Win32
		{E90361CF-4698-E9B2-2300-10FB3E36FE53}.Release_v90|x64.ActiveCfg = Release_v90|Win32
		{E90361CF-4698-E9B2-2300-10FB3E36FE53}.Release|Win32.ActiveCfg = Release|Win32
		{E90361CF-4698-E9B2-2300-10FB3E36FE53}.Release|Win32.Build.0 = Release|Win32
		{E90361CF-4698-E9B2-2300-10FB3E36FE53}.Release|x64.ActiveCfg = Release|Win32
		{E90361CF-4698-E9B2-2300-10FB3E36FE53}.Release-MT|Win32.ActiveCfg = Release|Win32
		{E90361CF-4698-E9B2-2300-10FB3E36FE53}.Release-MT|Win32.Build.0 = Release|Win32
		{E90361CF-4698-E9B2-2300-10FB3E36FE53}.Release-MT|x64.ActiveCfg = Release|Win32
		{E90361CF-4698-E9B2-2300-10FB3E36FE53}.Release-MT-dbg|Win32.ActiveCfg = Release|Win32
		{E90361CF-4698-E9B2-2300-10FB3E36FE53}.Release-MT-dbg|Win32.Build.0 = Release|Win32
		{E90361CF-4698-E9B2-2300-10FB3E36FE53}.Release-MT-dbg|x64.ActiveCfg = Release|Win32
		{E90361CF-4698-E9B2-2300-10FB3E36FE53}.Template|Win32.ActiveCfg = Release|Win32
		{E90361CF-4698-E9B2-2300-10FB3E36FE53}.Template|Win32.Build.0 = Release|Win32
		{E90361CF-4698-E9B2-2300-10FB3E36FE53}.Template|x64.ActiveCfg = Release|Win32
		{DCC54B62-2206-4D78-9799-65BB2CD41B3B}.Debug_noCURL|Win32.ActiveCfg = Debug|Win32
		{DCC54B62-2206-4D78-9799-65BB2CD41B3B}.Debug_noCURL|Win32.Build.0 = Debug|Win32
		{DCC54B62-2206-4D78-9799-65BB2CD41B3B}.Debug_noCURL|x64.ActiveCfg = Debug|Win32
		{DCC54B62-2206-4D78-9799-65BB2CD41B3B}.Debug|Win32.ActiveCfg = Debug|Win32
		{DCC54B62-2206-4D78-9799-65BB2CD41B3B}.Debug|Win32.Build.0 = Debug|Win32
		{DCC54B62-2206-4D78-9799-65BB2CD41B3B}.Debug|x64.ActiveCfg = Debug|Win32
		{DCC54B62-2206-4D78-9799-65BB2CD41B3B}.Release_noCURL|Win32.ActiveCfg = Release|Win32
		{DCC54B62-2206-4D78-9799-65BB2CD41B3B}.Release_noCURL|Win32.Build.0 = Release|Win32
		{DCC54B62-2206-4D78-9799-65BB2CD41B3B}.Release_noCURL|x64.ActiveCfg = Release_v90|Win32
		{DCC54B62-2206-4D78-9799-65BB2CD41B3B}.Release_nossl|Win32.ActiveCfg = Release|Win32
		{DCC54B62-2206-4D78-9799-65BB2CD41B3B}.Release_nossl|Win32.Build.0 = Release|Win32
		{DCC54B62-2206-4D78-9799-65BB2CD41B3B}.Release_nossl|x64.ActiveCfg = Release_v90|Win32
		{DCC54B62-2206-4D78-9799-65BB2CD41B3B}.Release_v90|Win32.ActiveCfg = Release_v90|Win32
		{DCC54B62-2206-4D78-9799-65BB2CD41B3B}.Release_v90|Win32.Build.0 = Release_v90|Win32
		{DCC54B62-2206-4D78-9799-65BB2CD41B3B}.Release_v90|x64.ActiveCfg = Release_v90|Win32
		{DCC54B62-2206-4D78-9799-65BB2CD41B3B}.Release|Win32.ActiveCfg = Release|Win32
		{DCC54B62-2206-4D78-9799-65BB2CD41B3B}.Release|Win32.Build.0 = Release|Win32
		{DCC54B62-2206-4D78-9799-65BB2CD41B3B}.Release|x64.ActiveCfg = Release|Win32
		{DCC54B62-2206-4D78-9799-65BB2CD41B3B}.Release-MT|Win32.ActiveCfg = Release|Win32
		{DCC54B62-2206-4D78-9799-65BB2CD41B3B}.Release-MT|Win32.Build.0 = Release|Win32
		{DCC54B62-2206-4D78-9799-65BB2CD41B3B}.Release-MT|x64.ActiveCfg = Release|Win32
		{DCC54B62-2206-4D78-9799-65BB2CD41B3B}.Release-MT-dbg|Win32.ActiveCfg = Release|Win32
		{DCC54B62-2206-4D78-9799-65BB2CD41B3B}.Release-MT-dbg|Win32.Build.0 = Release|Win32
		{DCC54B62-2206-4D78-9799-65BB2CD41B3B}.Release-MT-dbg|x64.ActiveCfg = Release|Win32
		{DCC54B62-2206-4D78-9799-65BB2CD41B3B}.Template|Win32.ActiveCfg = Release|Win32
		{DCC54B62-2206-4D78-9799-65BB2CD41B3B}.Template|Win32.Build.0 = Release|Win32
		{DCC54B62-2206-4D78-9799-65BB2CD41B3B}.Template|x64.ActiveCfg = Release|Win32
		{CA0D564A-3EA6-7148-BFAA-324B6A1C44AD}.Debug_noCURL|Win32.ActiveCfg = Debug_noCURL|Win32
		{CA0D564A-3EA6-7148-BFAA-324B6A1C44AD}.Debug_noCURL|Win32.Build.0 = Debug_noCURL|Win32
		{CA0D564A-3EA6-7148-BFAA-324B6A1C44AD}.Debug_noCURL|x64.ActiveCfg = Debug_noCURL|Win32
		{CA0D564A-3EA6-7148-BFAA-324B6A1C44AD}.Debug|Win32.ActiveCfg = Debug|Win32
		{CA0D564A-3EA6-7148-BFAA-324B6A1C44AD}.Debug|Win32.Build.0 = Debug|Win32
		{CA0D564A-3EA6-7148-BFAA-324B6A1C44AD}.Debug|x64.ActiveCfg = Debug|Win32
		{CA0D564A-3EA6-7148-BFAA-324B6A1C44AD}.Release_noCURL|Win32.ActiveCfg = Release_noCURL|Win32
		{CA0D564A-3EA6-7148-BFAA-324B6A1C44AD}.Release_noCURL|Win32.Build.0 = Release_noCURL|Win32
		{CA0D564A-3EA6-7148-BFAA-324B6A1C44AD}.Release_noCURL|x64.ActiveCfg = Release_noCURL|Win32
		{CA0D564A-3EA6-7148-BFAA-324B6A1C44AD}.Release_nossl|Win32.ActiveCfg = Release_noCURL|Win32
		{CA0D564A-3EA6-7148-BFAA-324B6A1C44AD}.Release_nossl|Win32.Build.0 = Release_noCURL|Win32
		{CA0D564A-3EA6-7148-BFAA-324B6A1C44AD}.Release_nossl|x64.ActiveCfg = Release_noCURL|Win32
		{CA0D564A-3EA6-7148-BFAA-324B6A1C44AD}.Release_v90|Win32.ActiveCfg = Release_v90|Win32
		{CA0D564A-3EA6-7148-BFAA-324B6A1C44AD}.Release_v90|Win32.Build.0 = Release_v90|Win32
		{CA0D564A-3EA6-7148-BFAA-324B6A1C44AD}.Release_v90|x64.ActiveCfg = Release_v90|Win32
		{CA0D564A-3EA6-7148-BFAA-324B6A1C44AD}.Release|Win32.ActiveCfg = Release|Win32
		{CA0D564A-3EA6-7148-BFAA-324B6A1C44AD}.Release|Win32.Build.0 = Release|Win32
		{CA0D564A-3EA6-7148-BFAA-324B6A1C44AD}.Release|x64.ActiveCfg = Release|Win32
		{CA0D564A-3EA6-7148-BFAA-324B6A1C44AD}.Release-MT|Win32.ActiveCfg = Release|Win32
		{CA0D564A-3EA6-7148-BFAA-324B6A1C44AD}.Release-MT|Win32.Build.0 = Release|Win32
		{CA0D564A-3EA6-7148-BFAA-324B6A1C44AD}.Release-MT|x64.ActiveCfg = Release|Win32
		{CA0D564A-3EA6-7148-BFAA-324B6A1C44AD}.Release-MT-dbg|Win32.ActiveCfg = Release|Win32
		{CA0D564A-3EA6-7148-BFAA-324B6A1C44AD}.Release-MT-dbg|Win32.Build.0 = Release|Win32
		{CA0D564A-3EA6-7148-BFAA-324B6A1C44AD}.Release-MT-dbg|x64.ActiveCfg = Release|Win32
		{CA0D564A-3EA6-7148-BFAA-324B6A1C44AD}.Template|Win32.ActiveCfg = Template|Win32
		{CA0D564A-3EA6-7148-BFAA-324B6A1C44AD}.Template|Win32.Build.0 = Template|Win32
		{CA0D564A-3EA6-7148-BFAA-324B6A1C44AD}.Template|x64.ActiveCfg = Template|Win32
		{79BF5D4B-0551-2D28-95C6-A48A0D0745BE}.Debug_noCURL|Win32.ActiveCfg = Debug|Win32
		{79BF5D4B-0551-2D28-95C6-A48A0D0745BE}.Debug_noCURL|Win32.Build.0 = Debug|Win32
		{79BF5D4B-0551-2D28-95C6-A48A0D0745BE}.Debug_noCURL|x64.ActiveCfg = Debug|Win32
		{79BF5D4B-0551-2D28-95C6-A48A0D0745BE}.Debug|Win32.ActiveCfg = Debug|Win32
		{79BF5D4B-0551-2D28-95C6-A48A0D0745BE}.Debug|Win32.Build.0 = Debug|Win32
		{79BF5D4B-0551-2D28-95C6-A48A0D0745BE}.Debug|x64.ActiveCfg = Debug|Win32
		{79BF5D4B-0551-2D28-95C6-A48A0D0745BE}.Release_noCURL|Win32.ActiveCfg = Release|Win32
		{79BF5D4B-0551-2D28-95C6-A48A0D0745BE}.Release_noCURL|Win32.Build.0 = Release|Win32
		{79BF5D4B-0551-2D28-95C6-A48A0D0745BE}.Release_noCURL|x64.ActiveCfg = Release_v90|Win32
		{79BF5D4B-0551-2D28-95C6-A48A0D0745BE}.Release_nossl|Win32.ActiveCfg = Release|Win32
		{79BF5D4B-0551-2D28-95C6-A48A0D0745BE}.Release_nossl|Win32.Build.0 = Release|Win32
		{79BF5D4B-0551-2D28-95C6-A48A0D0745BE}.Release_nossl|x64.ActiveCfg = Release_v90|Win32
		{79BF5D4B-0551-2D28-95C6-A48A0D0745BE}.Release_v90|Win32.ActiveCfg = Release_v90|Win32
		{79BF5D4B-0551-2D28-95C6-A48A0D0745BE}.Release_v90|Win32.Build.0 = Release_v90|Win32
		{79BF5D4B-0551-2D28-95C6-A48A0D0745BE}.Release_v90|x64.ActiveCfg = Release_v90|Win32
		{79BF5D4B-0551-2D28-95C6-A48A0D0745BE}.Release|Win32.ActiveCfg = Release|Win32
		{79BF5D4B-0551-2D28-95C6-A48A0D0745BE}.Release|Win32.Build.0 = Release|Win32
		{79BF5D4B-0551-2D28-95C6-A48A0D0745BE}.Release|x64.ActiveCfg = Release|Win32
		{79BF5D4B-0551-2D28-95C6-A48A0D0745BE}.Release-MT|Win32.ActiveCfg = Release|Win32
		{79BF5D4B-0551-2D28-95C6-A48A0D0745BE}.Release-MT|Win32.Build.0 = Release|Win32
		{79BF5D4B-0551-2D28-95C6-A48A0D0745BE}.Release-MT|x64.ActiveCfg = Release|Win32
		{79BF5D4B-0551-2D28-95C6-A48A0D0745BE}.Release-MT-dbg|Win32.ActiveCfg = Release|Win32
		{79BF5D4B-0551-2D28-95C6-A48A0D0745BE}.Release-MT-dbg|Win32.Build.0 = Release|Win32
		{79BF5D4B-0551-2D28-95C6-A48A0D0745BE}.Release-MT-dbg|x64.ActiveCfg = Release|Win32
		{79BF5D4B-0551-2D28-95C6-A48A0D0745BE}.Template|Win32.ActiveCfg = Release|Win32
		{79BF5D4B-0551-2D28-95C6-A48A0D0745BE}.Template|Win32.Build.0 = Release|Win32
		{79BF5D4B-0551-2D28-95C6-A48A0D0745BE}.Template|x64.ActiveCfg = Release|Win32
		{8097D2C4-7012-4148-BDAE-D117E5FB5301}.Debug_noCURL|Win32.ActiveCfg = Debug|Win32
		{8097D2C4-7012-4148-BDAE-D117E5FB5301}.Debug_noCURL|Win32.Build.0 = Debug|Win32
		{8097D2C4-7012-4148-BDAE-D117E5FB5301}.Debug_noCURL|x64.ActiveCfg = Debug|Win32
		{8097D2C4-7012-4148-BDAE-D117E5FB5301}.Debug|Win32.ActiveCfg = Debug|Win32
		{8097D2C4-7012-4148-BDAE-D117E5FB5301}.Debug|Win32.Build.0 = Debug|Win32
		{8097D2C4-7012-4148-BDAE-D117E5FB5301}.Debug|x64.ActiveCfg = Debug|Win32
		{8097D2C4-7012-4148-BDAE-D117E5FB5301}.Release_noCURL|Win32.ActiveCfg = Release|Win32
		{8097D2C4-7012-4148-BDAE-D117E5FB5301}.Release_noCURL|Win32.Build.0 = Release|Win32
		{8097D2C4-7012-4148-BDAE-D117E5FB5301}.Release_noCURL|x64.ActiveCfg = Release|Win32
		{8097D2C4-7012-4148-BDAE-D117E5FB5301}.Release_nossl|Win32.ActiveCfg = Release|Win32
		{8097D2C4-7012-4148-BDAE-D117E5FB5301}.Release_nossl|Win32.Build.0 = Release|Win32
		{8097D2C4-7012-4148-BDAE-D117E5FB5301}.Release_nossl|x64.ActiveCfg = Release|Win32
		{8097D2C4-7012-4148-BDAE-D117E5FB5301}.Release_v90|Win32.ActiveCfg = Release|Win32
		{8097D2C4-7012-4148-BDAE-D117E5FB5301}.Release_v90|Win32.Build.0 = Release|Win32
		{8097D2C4-7012-4148-BDAE-D117E5FB5301}.Release_v90|x64.ActiveCfg = Release|Win32
		{8097D2C4-7012-4148-BDAE-D117E5FB5301}.Release|Win32.ActiveCfg = Release|Win32
		{8097D2C4-7012-4148-BDAE-D117E5FB5301}.Release|Win32.Build.0 = Release|Win32
		{8097D2C4-7012-4148-BDAE-D117E5FB5301}.Release|x64.ActiveCfg = Release|Win32
		{8097D2C4-7012-4148-BDAE-D117E5FB5301}.Release-MT|Win32.ActiveCfg = Release|Win32
		{8097D2C4-7012-4148-BDAE-D117E5FB5301}.Release-MT|Win32.Build.0 = Release|Win32
		{8097D2C4-7012-4148-BDAE-D117E5FB5301}.Release-MT|x64.ActiveCfg = Release|Win32
		{8097D2C4-7012-4148-BDAE-D117E5FB5301}.Release-MT-dbg|Win32.ActiveCfg = Release|Win32
		{8097D2C4-7012-4148-BDAE-D117E5FB5301}.Release-MT-dbg|Win32.Build.0 = Release|Win32
		{8097D2C4-7012-4148-BDAE-D117E5FB5301}.Release-MT-dbg|x64.ActiveCfg = Release|Win32
		{8097D2C4-7012-4148-BDAE-D117E5FB5301}.Template|Win32.ActiveCfg = Release|Win32
		{8097D2C4-7012-4148-BDAE-D117E5FB5301}.Template|Win32.Build.0 = Release|Win32
		{8097D2C4-7012-4148-BDAE-D117E5FB5301}.Template|x64.ActiveCfg = Release|Win32
		{85E21817-4641-4B32-A3C2-635470006333}.Debug_noCURL|Win32.ActiveCfg = Debug|x64
		{85E21817-4641-4B32-A3C2-635470006333}.Debug_noCURL|x64.ActiveCfg = Debug|x64
		{85E21817-4641-4B32-A3C2-635470006333}.Debug_noCURL|x64.Build.0 = Debug|x64
		{85E21817-4641-4B32-A3C2-635470006333}.Debug|Win32.ActiveCfg = Debug|Win32
		{85E21817-4641-4B32-A3C2-635470006333}.Debug|Win32.Build.0 = Debug|Win32
		{85E21817-4641-4B32-A3C2-635470006333}.Debug|x64.ActiveCfg = Debug|x64
		{85E21817-4641-4B32-A3C2-635470006333}.Debug|x64.Build.0 = Debug|x64
		{85E21817-4641-4B32-A3C2-635470006333}.Release_noCURL|Win32.ActiveCfg = Release|x64
		{85E21817-4641-4B32-A3C2-635470006333}.Release_noCURL|x64.ActiveCfg = Release|x64
		{85E21817-4641-4B32-A3C2-635470006333}.Release_noCURL|x64.Build.0 = Release|x64
		{85E21817-4641-4B32-A3C2-635470006333}.Release_nossl|Win32.ActiveCfg = Release|x64
		{85E21817-4641-4B32-A3C2-635470006333}.Release_nossl|x64.ActiveCfg = Release|x64
		{85E21817-4641-4B32-A3C2-635470006333}.Release_nossl|x64.Build.0 = Release|x64
		{85E21817-4641-4B32-A3C2-635470006333}.Release_v90|Win32.ActiveCfg = Release|x64
		{85E21817-4641-4B32-A3C2-635470006333}.Release_v90|x64.ActiveCfg = Release|x64
		{85E21817-4641-4B32-A3C2-635470006333}.Release_v90|x64.Build.0 = Release|x64
		{85E21817-4641-4B32-A3C2-635470006333}.Release|Win32.ActiveCfg = Release|Win32
		{85E21817-4641-4B32-A3C2-635470006333}.Release|Win32.Build.0 = Release|Win32
		{85E21817-4641-4B32-A3C2-635470006333}.Release|x64.ActiveCfg = Release|x64
		{85E21817-4641-4B32-A3C2-635470006333}.Release|x64.Build.0 = Release|x64
		{85E21817-4641-4B32-A3C2-635470006333}.Release-MT|Win32.ActiveCfg = Release|x64
		{85E21817-4641-4B32-A3C2-635470006333}.Release-MT|x64.ActiveCfg = Release|x64
		{85E21817-4641-4B32-A3C2-635470006333}.Release-MT|x64.Build.0 = Release|x64
		{85E21817-4641-4B32-A3C2-635470006333}.Release-MT-dbg|Win32.ActiveCfg = Release|x64
		{85E21817-4641-4B32-A3C2-635470006333}.Release-MT-dbg|x64.ActiveCfg = Release|x64
		{85E21817-4641-4B32-A3C2-635470006333}.Release-MT-dbg|x64.Build.0 = Release|x64
		{85E21817-4641-4B32-A3C2-635470006333}.Template|Win32.ActiveCfg = Release|x64
		{85E21817-4641-4B32-A3C2-635470006333}.Template|x64.ActiveCfg = Release|x64
		{85E21817-4641-4B32-A3C2-635470006333}.Template|x64.Build.0 = Release|x64
	EndGlobalSection
	GlobalSection(SolutionProperties) = preSolution
		HideSolutionNode = FALSE
	EndGlobalSection
EndGlobal
