
Microsoft Visual Studio Solution File, Format Version 12.00
# Visual Studio 2013
VisualStudioVersion = 12.0.40629.0
MinimumVisualStudioVersion = 10.0.40219.1
Project("{8BC9CEB8-8B4A-11D0-8D11-00A0C91BC942}") = "FDM", "FDM.vcxproj", "{1DC811D6-8228-4C28-AB24-10F667F8E785}"
	ProjectSection(ProjectDependencies) = postProject
		{85E21817-4641-4B32-A3C2-635470006333} = {85E21817-4641-4B32-A3C2-635470006333}
		{A6E3F658-E49B-2993-3EA3-5D24A4B1D512} = {A6E3F658-E49B-2993-3EA3-5D24A4B1D512}
		{C0565AAC-A200-9B7C-104D-29E7AEDC406A} = {C0565AAC-A200-9B7C-104D-29E7AEDC406A}
		{871E2051-3C01-8810-AEAA-A7D495172E70} = {871E2051-3C01-8810-AEAA-A7D495172E70}
		{80BDE4A4-DC76-FA5A-18C6-CBFD4601B350} = {80BDE4A4-DC76-FA5A-18C6-CBFD4601B350}
		{8F81BD80-5818-5A2C-7250-AB4D9C76B67B} = {8F81BD80-5818-5A2C-7250-AB4D9C76B67B}
	EndProjectSection
EndProject
Project("{8BC9CEB8-8B4A-11D0-8D11-00A0C91BC942}") = "PartMediaPreview", "PartMediaPreview\PartMediaPreview.vcxproj", "{A6E3F658-E49B-2993-3EA3-5D24A4B1D512}"
EndProject
Project("{8BC9CEB8-8B4A-11D0-8D11-00A0C91BC942}") = "FDMCustomized_lib", "FDMCustomized\FDMCustomized_lib\FDMCustomized_lib.vcxproj", "{C0565AAC-A200-9B7C-104D-29E7AEDC406A}"
EndProject
Project("{8BC9CEB8-8B4A-11D0-8D11-00A0C91BC942}") = "Hash", "Hash\Hash.vcxproj", "{8F81BD80-5818-5A2C-7250-AB4D9C76B67B}"
EndProject
Project("{8BC9CEB8-8B4A-11D0-8D11-00A0C91BC942}") = "cURL_lib", "InetFile\cURL_lib\cURL_lib.vcxproj", "{871E2051-3C01-8810-AEAA-A7D495172E70}"
EndProject
Project("{8BC9CEB8-8B4A-11D0-8D11-00A0C91BC942}") = "Updater", "Updater\Updater.vcxproj", "{9405F90D-8D7B-F201-4D93-8850E45021DE}"
EndProject
Project("{8BC9CEB8-8B4A-11D0-8D11-00A0C91BC942}") = "FDMCustIEBtn", "FDMCustomized\FDMCustIEBtn\FDMCustIEBtn.vcxproj", "{AB6DD617-E775-2236-6F44-555FBCFD37A3}"
EndProject
Project("{8BC9CEB8-8B4A-11D0-8D11-00A0C91BC942}") = "fdminno", "InnoSetup\fdminno\fdminno.vcxproj", "{4DC5702E-CA48-859E-DC1C-BDBE67BB3BD0}"
EndProject
Project("{8BC9CEB8-8B4A-11D0-8D11-00A0C91BC942}") = "Web Interface", "Web Interface\Web Interface.vcxproj", "{2A2BA967-CF11-9183-3B59-615A58973A6D}"
EndProject
Project("{8BC9CEB8-8B4A-11D0-8D11-00A0C91BC942}") = "iefdmdm", "iefdm\iefdmdm\iefdmdm.vcxproj", "{D1D6B4F7-7534-7BA4-7A79-ED4182318A8D}"
EndProject
Project("{8BC9CEB8-8B4A-11D0-8D11-00A0C91BC942}") = "OpNetCatcher", "OpNetCatcher\OpNetCatcher.vcxproj", "{6ED885C1-3748-4401-09FE-819D512246B6}"
EndProject
Project("{8BC9CEB8-8B4A-11D0-8D11-00A0C91BC942}") = "FdmIeBho", "iefdm\FdmIeBho\FdmIeBho.vcxproj", "{B5D87929-222B-644D-CD08-911D5F0C7C4F}"
EndProject
Project("{8BC9CEB8-8B4A-11D0-8D11-00A0C91BC942}") = "libtorrent", "Bittorrent\libtorrent\libtorrent.vcxproj", "{24190CA9-490E-4D8F-93D7-55DFC80E2688}"
EndProject
Project("{8BC9CEB8-8B4A-11D0-8D11-00A0C91BC942}") = "fdmbtsupp", "Bittorrent\fdmbtsupp\fdmbtsupp.vcxproj", "{99ECAF97-19FC-45D1-B48D-8F482C3B9E50}"
EndProject
Project("{8BC9CEB8-8B4A-11D0-8D11-00A0C91BC942}") = "UrlMonSpy", "iefdm\UrlMonSpy\UrlMonSpy.vcxproj", "{DCC54B62-2206-4D78-9799-65BB2CD41B3B}"
EndProject
Project("{8BC9CEB8-8B4A-11D0-8D11-00A0C91BC942}") = "InetFile", "InetFile\InetFile.vcxproj", "{80BDE4A4-DC76-FA5A-18C6-CBFD4601B350}"
EndProject
Project("{8BC9CEB8-8B4A-11D0-8D11-00A0C91BC942}") = "AppWinSockSniffDll", "AppWinSockSniffDll\AppWinSockSniffDll.vcxproj", "{7350138A-AF63-7728-A91D-9F2084339CFE}"
EndProject
Project("{8BC9CEB8-8B4A-11D0-8D11-00A0C91BC942}") = "msdl", "msdl\msdl.vcxproj", "{8097D2C4-7012-4148-BDAE-D117E5FB5301}"
EndProject
Project("{8BC9CEB8-8B4A-11D0-8D11-00A0C91BC942}") = "zlib", "zlib\zlib.vcxproj", "{85E21817-4641-4B32-A3C2-635470006333}"
EndProject
Project("{8BC9CEB8-8B4A-11D0-8D11-00A0C91BC942}") = "ChromeNativeHost", "Chrome\ChromeNativeHost.vcxproj", "{45DF9AE7-97B7-4CD4-BC5B-D2EE743F2ED9}"
EndProject
Project("{8BC9CEB8-8B4A-11D0-8D11-00A0C91BC942}") = "YouTubeParser", "YouTubeParser\YouTubeParser.vcxproj", "{6DF41211-AB95-45C2-8E0D-4A5022D571BC}"
EndProject
Project("{8BC9CEB8-8B4A-11D0-8D11-00A0C91BC942}") = "UpdateHlpr", "UpdateHlpr\UpdateHlpr.vcxproj", "{A34657E1-A007-4A05-A751-9809C622707B}"
EndProject
Project("{8BC9CEB8-8B4A-11D0-8D11-00A0C91BC942}") = "FdmBrowserHelper", "FdmBrowserHelper\FdmBrowserHelper.vcxproj", "{F43CE010-E5F0-45D1-89C5-3DCE111C2187}"
EndProject
Project("{8BC9CEB8-8B4A-11D0-8D11-00A0C91BC942}") = "FdmBhSniffDllProxy", "FdmBhSniffDllProxy\FdmBhSniffDllProxy.vcxproj", "{11ECF154-E7E0-4C8B-AC07-4673C56CAC3E}"
EndProject
Project("{8BC9CEB8-8B4A-11D0-8D11-00A0C91BC942}") = "NetworkMonitor", "NetworkMonitor\NetworkMonitor.vcxproj", "{029E59D3-810E-4E39-9BDF-35984A03B3AF}"
EndProject
Global
	GlobalSection(SolutionConfigurationPlatforms) = preSolution
		Debug_noCURL|Win32 = Debug_noCURL|Win32
		Debug_noCURL|x64 = Debug_noCURL|x64
		Debug|Win32 = Debug|Win32
		Debug|x64 = Debug|x64
		Release_noCURL|Win32 = Release_noCURL|Win32
		Release_noCURL|x64 = Release_noCURL|x64
		Release_nossl|Win32 = Release_nossl|Win32
		Release_nossl|x64 = Release_nossl|x64
		Release|Win32 = Release|Win32
		Release|x64 = Release|x64
		Release-MT|Win32 = Release-MT|Win32
		Release-MT|x64 = Release-MT|x64
		Release-MT-dbg|Win32 = Release-MT-dbg|Win32
		Release-MT-dbg|x64 = Release-MT-dbg|x64
		Template|Win32 = Template|Win32
		Template|x64 = Template|x64
	EndGlobalSection
	GlobalSection(ProjectConfigurationPlatforms) = postSolution
		{1DC811D6-8228-4C28-AB24-10F667F8E785}.Debug_noCURL|Win32.ActiveCfg = Debug|Win32
		{1DC811D6-8228-4C28-AB24-10F667F8E785}.Debug_noCURL|Win32.Build.0 = Debug|Win32
		{1DC811D6-8228-4C28-AB24-10F667F8E785}.Debug_noCURL|x64.ActiveCfg = Debug|Win32
		{1DC811D6-8228-4C28-AB24-10F667F8E785}.Debug|Win32.ActiveCfg = Debug|Win32
		{1DC811D6-8228-4C28-AB24-10F667F8E785}.Debug|Win32.Build.0 = Debug|Win32
		{1DC811D6-8228-4C28-AB24-10F667F8E785}.Debug|x64.ActiveCfg = Debug|Win32
		{1DC811D6-8228-4C28-AB24-10F667F8E785}.Release_noCURL|Win32.ActiveCfg = Release|Win32
		{1DC811D6-8228-4C28-AB24-10F667F8E785}.Release_noCURL|Win32.Build.0 = Release|Win32
		{1DC811D6-8228-4C28-AB24-10F667F8E785}.Release_noCURL|x64.ActiveCfg = Release_v90|Win32
		{1DC811D6-8228-4C28-AB24-10F667F8E785}.Release_nossl|Win32.ActiveCfg = Release|Win32
		{1DC811D6-8228-4C28-AB24-10F667F8E785}.Release_nossl|Win32.Build.0 = Release|Win32
		{1DC811D6-8228-4C28-AB24-10F667F8E785}.Release_nossl|x64.ActiveCfg = Release_v90|Win32
		{1DC811D6-8228-4C28-AB24-10F667F8E785}.Release|Win32.ActiveCfg = Release|Win32
		{1DC811D6-8228-4C28-AB24-10F667F8E785}.Release|Win32.Build.0 = Release|Win32
		{1DC811D6-8228-4C28-AB24-10F667F8E785}.Release|x64.ActiveCfg = Release|Win32
		{1DC811D6-8228-4C28-AB24-10F667F8E785}.Release-MT|Win32.ActiveCfg = Release|Win32
		{1DC811D6-8228-4C28-AB24-10F667F8E785}.Release-MT|Win32.Build.0 = Release|Win32
		{1DC811D6-8228-4C28-AB24-10F667F8E785}.Release-MT|x64.ActiveCfg = Release|Win32
		{1DC811D6-8228-4C28-AB24-10F667F8E785}.Release-MT-dbg|Win32.ActiveCfg = Release|Win32
		{1DC811D6-8228-4C28-AB24-10F667F8E785}.Release-MT-dbg|Win32.Build.0 = Release|Win32
		{1DC811D6-8228-4C28-AB24-10F667F8E785}.Release-MT-dbg|x64.ActiveCfg = Release|Win32
		{1DC811D6-8228-4C28-AB24-10F667F8E785}.Template|Win32.ActiveCfg = Release|Win32
		{1DC811D6-8228-4C28-AB24-10F667F8E785}.Template|Win32.Build.0 = Release|Win32
		{1DC811D6-8228-4C28-AB24-10F667F8E785}.Template|x64.ActiveCfg = Release|Win32
		{A6E3F658-E49B-2993-3EA3-5D24A4B1D512}.Debug_noCURL|Win32.ActiveCfg = Debug|Win32
		{A6E3F658-E49B-2993-3EA3-5D24A4B1D512}.Debug_noCURL|Win32.Build.0 = Debug|Win32
		{A6E3F658-E49B-2993-3EA3-5D24A4B1D512}.Debug_noCURL|x64.ActiveCfg = Debug|Win32
		{A6E3F658-E49B-2993-3EA3-5D24A4B1D512}.Debug|Win32.ActiveCfg = Debug|Win32
		{A6E3F658-E49B-2993-3EA3-5D24A4B1D512}.Debug|Win32.Build.0 = Debug|Win32
		{A6E3F658-E49B-2993-3EA3-5D24A4B1D512}.Debug|x64.ActiveCfg = Debug|Win32
		{A6E3F658-E49B-2993-3EA3-5D24A4B1D512}.Release_noCURL|Win32.ActiveCfg = Release|Win32
		{A6E3F658-E49B-2993-3EA3-5D24A4B1D512}.Release_noCURL|Win32.Build.0 = Release|Win32
		{A6E3F658-E49B-2993-3EA3-5D24A4B1D512}.Release_noCURL|x64.ActiveCfg = Release_v90|Win32
		{A6E3F658-E49B-2993-3EA3-5D24A4B1D512}.Release_nossl|Win32.ActiveCfg = Release|Win32
		{A6E3F658-E49B-2993-3EA3-5D24A4B1D512}.Release_nossl|Win32.Build.0 = Release|Win32
		{A6E3F658-E49B-2993-3EA3-5D24A4B1D512}.Release_nossl|x64.ActiveCfg = Release_v90|Win32
		{A6E3F658-E49B-2993-3EA3-5D24A4B1D512}.Release|Win32.ActiveCfg = Release|Win32
		{A6E3F658-E49B-2993-3EA3-5D24A4B1D512}.Release|Win32.Build.0 = Release|Win32
		{A6E3F658-E49B-2993-3EA3-5D24A4B1D512}.Release|x64.ActiveCfg = Release|Win32
		{A6E3F658-E49B-2993-3EA3-5D24A4B1D512}.Release-MT|Win32.ActiveCfg = Release|Win32
		{A6E3F658-E49B-2993-3EA3-5D24A4B1D512}.Release-MT|Win32.Build.0 = Release|Win32
		{A6E3F658-E49B-2993-3EA3-5D24A4B1D512}.Release-MT|x64.ActiveCfg = Release|Win32
		{A6E3F658-E49B-2993-3EA3-5D24A4B1D512}.Release-MT-dbg|Win32.ActiveCfg = Release|Win32
		{A6E3F658-E49B-2993-3EA3-5D24A4B1D512}.Release-MT-dbg|Win32.Build.0 = Release|Win32
		{A6E3F658-E49B-2993-3EA3-5D24A4B1D512}.Release-MT-dbg|x64.ActiveCfg = Release|Win32
		{A6E3F658-E49B-2993-3EA3-5D24A4B1D512}.Template|Win32.ActiveCfg = Release|Win32
		{A6E3F658-E49B-2993-3EA3-5D24A4B1D512}.Template|Win32.Build.0 = Release|Win32
		{A6E3F658-E49B-2993-3EA3-5D24A4B1D512}.Template|x64.ActiveCfg = Release|Win32
		{C0565AAC-A200-9B7C-104D-29E7AEDC406A}.Debug_noCURL|Win32.ActiveCfg = Debug|Win32
		{C0565AAC-A200-9B7C-104D-29E7AEDC406A}.Debug_noCURL|Win32.Build.0 = Debug|Win32
		{C0565AAC-A200-9B7C-104D-29E7AEDC406A}.Debug_noCURL|x64.ActiveCfg = Debug|Win32
		{C0565AAC-A200-9B7C-104D-29E7AEDC406A}.Debug|Win32.ActiveCfg = Debug|Win32
		{C0565AAC-A200-9B7C-104D-29E7AEDC406A}.Debug|Win32.Build.0 = Debug|Win32
		{C0565AAC-A200-9B7C-104D-29E7AEDC406A}.Debug|x64.ActiveCfg = Debug|Win32
		{C0565AAC-A200-9B7C-104D-29E7AEDC406A}.Release_noCURL|Win32.ActiveCfg = Release|Win32
		{C0565AAC-A200-9B7C-104D-29E7AEDC406A}.Release_noCURL|Win32.Build.0 = Release|Win32
		{C0565AAC-A200-9B7C-104D-29E7AEDC406A}.Release_noCURL|x64.ActiveCfg = Release_v90|Win32
		{C0565AAC-A200-9B7C-104D-29E7AEDC406A}.Release_nossl|Win32.ActiveCfg = Release|Win32
		{C0565AAC-A200-9B7C-104D-29E7AEDC406A}.Release_nossl|Win32.Build.0 = Release|Win32
		{C0565AAC-A200-9B7C-104D-29E7AEDC406A}.Release_nossl|x64.ActiveCfg = Release_v90|Win32
		{C0565AAC-A200-9B7C-104D-29E7AEDC406A}.Release|Win32.ActiveCfg = Release|Win32
		{C0565AAC-A200-9B7C-104D-29E7AEDC406A}.Release|Win32.Build.0 = Release|Win32
		{C0565AAC-A200-9B7C-104D-29E7AEDC406A}.Release|x64.ActiveCfg = Release|Win32
		{C0565AAC-A200-9B7C-104D-29E7AEDC406A}.Release-MT|Win32.ActiveCfg = Release|Win32
		{C0565AAC-A200-9B7C-104D-29E7AEDC406A}.Release-MT|Win32.Build.0 = Release|Win32
		{C0565AAC-A200-9B7C-104D-29E7AEDC406A}.Release-MT|x64.ActiveCfg = Release|Win32
		{C0565AAC-A200-9B7C-104D-29E7AEDC406A}.Release-MT-dbg|Win32.ActiveCfg = Release|Win32
		{C0565AAC-A200-9B7C-104D-29E7AEDC406A}.Release-MT-dbg|Win32.Build.0 = Release|Win32
		{C0565AAC-A200-9B7C-104D-29E7AEDC406A}.Release-MT-dbg|x64.ActiveCfg = Release|Win32
		{C0565AAC-A200-9B7C-104D-29E7AEDC406A}.Template|Win32.ActiveCfg = Template|Win32
		{C0565AAC-A200-9B7C-104D-29E7AEDC406A}.Template|Win32.Build.0 = Template|Win32
		{C0565AAC-A200-9B7C-104D-29E7AEDC406A}.Template|x64.ActiveCfg = Template|Win32
		{8F81BD80-5818-5A2C-7250-AB4D9C76B67B}.Debug_noCURL|Win32.ActiveCfg = Debug|Win32
		{8F81BD80-5818-5A2C-7250-AB4D9C76B67B}.Debug_noCURL|Win32.Build.0 = Debug|Win32
		{8F81BD80-5818-5A2C-7250-AB4D9C76B67B}.Debug_noCURL|x64.ActiveCfg = Debug|Win32
		{8F81BD80-5818-5A2C-7250-AB4D9C76B67B}.Debug|Win32.ActiveCfg = Debug|Win32
		{8F81BD80-5818-5A2C-7250-AB4D9C76B67B}.Debug|Win32.Build.0 = Debug|Win32
		{8F81BD80-5818-5A2C-7250-AB4D9C76B67B}.Debug|x64.ActiveCfg = Debug|Win32
		{8F81BD80-5818-5A2C-7250-AB4D9C76B67B}.Release_noCURL|Win32.ActiveCfg = Release|Win32
		{8F81BD80-5818-5A2C-7250-AB4D9C76B67B}.Release_noCURL|Win32.Build.0 = Release|Win32
		{8F81BD80-5818-5A2C-7250-AB4D9C76B67B}.Release_noCURL|x64.ActiveCfg = Release_v90|Win32
		{8F81BD80-5818-5A2C-7250-AB4D9C76B67B}.Release_nossl|Win32.ActiveCfg = Release|Win32
		{8F81BD80-5818-5A2C-7250-AB4D9C76B67B}.Release_nossl|Win32.Build.0 = Release|Win32
		{8F81BD80-5818-5A2C-7250-AB4D9C76B67B}.Release_nossl|x64.ActiveCfg = Release_v90|Win32
		{8F81BD80-5818-5A2C-7250-AB4D9C76B67B}.Release|Win32.ActiveCfg = Release|Win32
		{8F81BD80-5818-5A2C-7250-AB4D9C76B67B}.Release|Win32.Build.0 = Release|Win32
		{8F81BD80-5818-5A2C-7250-AB4D9C76B67B}.Release|x64.ActiveCfg = Release|Win32
		{8F81BD80-5818-5A2C-7250-AB4D9C76B67B}.Release-MT|Win32.ActiveCfg = Release|Win32
		{8F81BD80-5818-5A2C-7250-AB4D9C76B67B}.Release-MT|Win32.Build.0 = Release|Win32
		{8F81BD80-5818-5A2C-7250-AB4D9C76B67B}.Release-MT|x64.ActiveCfg = Release|Win32
		{8F81BD80-5818-5A2C-7250-AB4D9C76B67B}.Release-MT-dbg|Win32.ActiveCfg = Release|Win32
		{8F81BD80-5818-5A2C-7250-AB4D9C76B67B}.Release-MT-dbg|Win32.Build.0 = Release|Win32
		{8F81BD80-5818-5A2C-7250-AB4D9C76B67B}.Release-MT-dbg|x64.ActiveCfg = Release|Win32
		{8F81BD80-5818-5A2C-7250-AB4D9C76B67B}.Template|Win32.ActiveCfg = Template|Win32
		{8F81BD80-5818-5A2C-7250-AB4D9C76B67B}.Template|Win32.Build.0 = Template|Win32
		{8F81BD80-5818-5A2C-7250-AB4D9C76B67B}.Template|x64.ActiveCfg = Template|Win32
		{871E2051-3C01-8810-AEAA-A7D495172E70}.Debug_noCURL|Win32.ActiveCfg = Debug|Win32
		{871E2051-3C01-8810-AEAA-A7D495172E70}.Debug_noCURL|Win32.Build.0 = Debug|Win32
		{871E2051-3C01-8810-AEAA-A7D495172E70}.Debug_noCURL|x64.ActiveCfg = Debug|Win32
		{871E2051-3C01-8810-AEAA-A7D495172E70}.Debug|Win32.ActiveCfg = Debug|Win32
		{871E2051-3C01-8810-AEAA-A7D495172E70}.Debug|Win32.Build.0 = Debug|Win32
		{871E2051-3C01-8810-AEAA-A7D495172E70}.Debug|x64.ActiveCfg = Debug|Win32
		{871E2051-3C01-8810-AEAA-A7D495172E70}.Release_noCURL|Win32.ActiveCfg = Release_nossl|Win32
		{871E2051-3C01-8810-AEAA-A7D495172E70}.Release_noCURL|Win32.Build.0 = Release_nossl|Win32
		{871E2051-3C01-8810-AEAA-A7D495172E70}.Release_noCURL|x64.ActiveCfg = Release_nossl|Win32
		{871E2051-3C01-8810-AEAA-A7D495172E70}.Release_nossl|Win32.ActiveCfg = Release_nossl|Win32
		{871E2051-3C01-8810-AEAA-A7D495172E70}.Release_nossl|Win32.Build.0 = Release_nossl|Win32
		{871E2051-3C01-8810-AEAA-A7D495172E70}.Release_nossl|x64.ActiveCfg = Release_nossl|Win32
		{871E2051-3C01-8810-AEAA-A7D495172E70}.Release|Win32.ActiveCfg = Release|Win32
		{871E2051-3C01-8810-AEAA-A7D495172E70}.Release|Win32.Build.0 = Release|Win32
		{871E2051-3C01-8810-AEAA-A7D495172E70}.Release|x64.ActiveCfg = Release|Win32
		{871E2051-3C01-8810-AEAA-A7D495172E70}.Release-MT|Win32.ActiveCfg = Release|Win32
		{871E2051-3C01-8810-AEAA-A7D495172E70}.Release-MT|Win32.Build.0 = Release|Win32
		{871E2051-3C01-8810-AEAA-A7D495172E70}.Release-MT|x64.ActiveCfg = Release|Win32
		{871E2051-3C01-8810-AEAA-A7D495172E70}.Release-MT-dbg|Win32.ActiveCfg = Release|Win32
		{871E2051-3C01-8810-AEAA-A7D495172E70}.Release-MT-dbg|Win32.Build.0 = Release|Win32
		{871E2051-3C01-8810-AEAA-A7D495172E70}.Release-MT-dbg|x64.ActiveCfg = Release|Win32
		{871E2051-3C01-8810-AEAA-A7D495172E70}.Template|Win32.ActiveCfg = Template|Win32
		{871E2051-3C01-8810-AEAA-A7D495172E70}.Template|Win32.Build.0 = Template|Win32
		{871E2051-3C01-8810-AEAA-A7D495172E70}.Template|x64.ActiveCfg = Template|Win32
		{9405F90D-8D7B-F201-4D93-8850E45021DE}.Debug_noCURL|Win32.ActiveCfg = Debug|Win32
		{9405F90D-8D7B-F201-4D93-8850E45021DE}.Debug_noCURL|Win32.Build.0 = Debug|Win32
		{9405F90D-8D7B-F201-4D93-8850E45021DE}.Debug_noCURL|x64.ActiveCfg = Debug|Win32
		{9405F90D-8D7B-F201-4D93-8850E45021DE}.Debug|Win32.ActiveCfg = Debug|Win32
		{9405F90D-8D7B-F201-4D93-8850E45021DE}.Debug|Win32.Build.0 = Debug|Win32
		{9405F90D-8D7B-F201-4D93-8850E45021DE}.Debug|x64.ActiveCfg = Debug|Win32
		{9405F90D-8D7B-F201-4D93-8850E45021DE}.Release_noCURL|Win32.ActiveCfg = Release|Win32
		{9405F90D-8D7B-F201-4D93-8850E45021DE}.Release_noCURL|Win32.Build.0 = Release|Win32
		{9405F90D-8D7B-F201-4D93-8850E45021DE}.Release_noCURL|x64.ActiveCfg = Release_v90|Win32
		{9405F90D-8D7B-F201-4D93-8850E45021DE}.Release_nossl|Win32.ActiveCfg = Release|Win32
		{9405F90D-8D7B-F201-4D93-8850E45021DE}.Release_nossl|Win32.Build.0 = Release|Win32
		{9405F90D-8D7B-F201-4D93-8850E45021DE}.Release_nossl|x64.ActiveCfg = Release_v90|Win32
		{9405F90D-8D7B-F201-4D93-8850E45021DE}.Release|Win32.ActiveCfg = Release|Win32
		{9405F90D-8D7B-F201-4D93-8850E45021DE}.Release|Win32.Build.0 = Release|Win32
		{9405F90D-8D7B-F201-4D93-8850E45021DE}.Release|x64.ActiveCfg = Release|Win32
		{9405F90D-8D7B-F201-4D93-8850E45021DE}.Release-MT|Win32.ActiveCfg = Release|Win32
		{9405F90D-8D7B-F201-4D93-8850E45021DE}.Release-MT|Win32.Build.0 = Release|Win32
		{9405F90D-8D7B-F201-4D93-8850E45021DE}.Release-MT|x64.ActiveCfg = Release|Win32
		{9405F90D-8D7B-F201-4D93-8850E45021DE}.Release-MT-dbg|Win32.ActiveCfg = Release|Win32
		{9405F90D-8D7B-F201-4D93-8850E45021DE}.Release-MT-dbg|Win32.Build.0 = Release|Win32
		{9405F90D-8D7B-F201-4D93-8850E45021DE}.Release-MT-dbg|x64.ActiveCfg = Release|Win32
		{9405F90D-8D7B-F201-4D93-8850E45021DE}.Template|Win32.ActiveCfg = Release|Win32
		{9405F90D-8D7B-F201-4D93-8850E45021DE}.Template|Win32.Build.0 = Release|Win32
		{9405F90D-8D7B-F201-4D93-8850E45021DE}.Template|x64.ActiveCfg = Release|Win32
		{AB6DD617-E775-2236-6F44-555FBCFD37A3}.Debug_noCURL|Win32.ActiveCfg = Debug|Win32
		{AB6DD617-E775-2236-6F44-555FBCFD37A3}.Debug_noCURL|Win32.Build.0 = Debug|Win32
		{AB6DD617-E775-2236-6F44-555FBCFD37A3}.Debug_noCURL|x64.ActiveCfg = Debug|Win32
		{AB6DD617-E775-2236-6F44-555FBCFD37A3}.Debug|Win32.ActiveCfg = Debug|Win32
		{AB6DD617-E775-2236-6F44-555FBCFD37A3}.Debug|Win32.Build.0 = Debug|Win32
		{AB6DD617-E775-2236-6F44-555FBCFD37A3}.Debug|x64.ActiveCfg = Debug|Win32
		{AB6DD617-E775-2236-6F44-555FBCFD37A3}.Release_noCURL|Win32.ActiveCfg = Release_v90|Win32
		{AB6DD617-E775-2236-6F44-555FBCFD37A3}.Release_noCURL|Win32.Build.0 = Release_v90|Win32
		{AB6DD617-E775-2236-6F44-555FBCFD37A3}.Release_noCURL|x64.ActiveCfg = Release_v90|Win32
		{AB6DD617-E775-2236-6F44-555FBCFD37A3}.Release_nossl|Win32.ActiveCfg = Release_v90|Win32
		{AB6DD617-E775-2236-6F44-555FBCFD37A3}.Release_nossl|Win32.Build.0 = Release_v90|Win32
		{AB6DD617-E775-2236-6F44-555FBCFD37A3}.Release_nossl|x64.ActiveCfg = Release_v90|Win32
		{AB6DD617-E775-2236-6F44-555FBCFD37A3}.Release|Win32.ActiveCfg = Release|Win32
		{AB6DD617-E775-2236-6F44-555FBCFD37A3}.Release|Win32.Build.0 = Release|Win32
		{AB6DD617-E775-2236-6F44-555FBCFD37A3}.Release|x64.ActiveCfg = Release|Win32
		{AB6DD617-E775-2236-6F44-555FBCFD37A3}.Release-MT|Win32.ActiveCfg = Release|Win32
		{AB6DD617-E775-2236-6F44-555FBCFD37A3}.Release-MT|Win32.Build.0 = Release|Win32
		{AB6DD617-E775-2236-6F44-555FBCFD37A3}.Release-MT|x64.ActiveCfg = Release|Win32
		{AB6DD617-E775-2236-6F44-555FBCFD37A3}.Release-MT-dbg|Win32.ActiveCfg = Release|Win32
		{AB6DD617-E775-2236-6F44-555FBCFD37A3}.Release-MT-dbg|Win32.Build.0 = Release|Win32
		{AB6DD617-E775-2236-6F44-555FBCFD37A3}.Release-MT-dbg|x64.ActiveCfg = Release|Win32
		{AB6DD617-E775-2236-6F44-555FBCFD37A3}.Template|Win32.ActiveCfg = Template|Win32
		{AB6DD617-E775-2236-6F44-555FBCFD37A3}.Template|Win32.Build.0 = Template|Win32
		{AB6DD617-E775-2236-6F44-555FBCFD37A3}.Template|x64.ActiveCfg = Template|Win32
		{4DC5702E-CA48-859E-DC1C-BDBE67BB3BD0}.Debug_noCURL|Win32.ActiveCfg = Debug|Win32
		{4DC5702E-CA48-859E-DC1C-BDBE67BB3BD0}.Debug_noCURL|Win32.Build.0 = Debug|Win32
		{4DC5702E-CA48-859E-DC1C-BDBE67BB3BD0}.Debug_noCURL|x64.ActiveCfg = Debug|Win32
		{4DC5702E-CA48-859E-DC1C-BDBE67BB3BD0}.Debug|Win32.ActiveCfg = Debug|Win32
		{4DC5702E-CA48-859E-DC1C-BDBE67BB3BD0}.Debug|Win32.Build.0 = Debug|Win32
		{4DC5702E-CA48-859E-DC1C-BDBE67BB3BD0}.Debug|x64.ActiveCfg = Debug|Win32
		{4DC5702E-CA48-859E-DC1C-BDBE67BB3BD0}.Release_noCURL|Win32.ActiveCfg = Release|Win32
		{4DC5702E-CA48-859E-DC1C-BDBE67BB3BD0}.Release_noCURL|Win32.Build.0 = Release|Win32
		{4DC5702E-CA48-859E-DC1C-BDBE67BB3BD0}.Release_noCURL|x64.ActiveCfg = Release_v90|Win32
		{4DC5702E-CA48-859E-DC1C-BDBE67BB3BD0}.Release_nossl|Win32.ActiveCfg = Release|Win32
		{4DC5702E-CA48-859E-DC1C-BDBE67BB3BD0}.Release_nossl|Win32.Build.0 = Release|Win32
		{4DC5702E-CA48-859E-DC1C-BDBE67BB3BD0}.Release_nossl|x64.ActiveCfg = Release_v90|Win32
		{4DC5702E-CA48-859E-DC1C-BDBE67BB3BD0}.Release|Win32.ActiveCfg = Release|Win32
		{4DC5702E-CA48-859E-DC1C-BDBE67BB3BD0}.Release|Win32.Build.0 = Release|Win32
		{4DC5702E-CA48-859E-DC1C-BDBE67BB3BD0}.Release|x64.ActiveCfg = Release|Win32
		{4DC5702E-CA48-859E-DC1C-BDBE67BB3BD0}.Release-MT|Win32.ActiveCfg = Release|Win32
		{4DC5702E-CA48-859E-DC1C-BDBE67BB3BD0}.Release-MT|Win32.Build.0 = Release|Win32
		{4DC5702E-CA48-859E-DC1C-BDBE67BB3BD0}.Release-MT|x64.ActiveCfg = Release|Win32
		{4DC5702E-CA48-859E-DC1C-BDBE67BB3BD0}.Release-MT-dbg|Win32.ActiveCfg = Release|Win32
		{4DC5702E-CA48-859E-DC1C-BDBE67BB3BD0}.Release-MT-dbg|Win32.Build.0 = Release|Win32
		{4DC5702E-CA48-859E-DC1C-BDBE67BB3BD0}.Release-MT-dbg|x64.ActiveCfg = Release|Win32
		{4DC5702E-CA48-859E-DC1C-BDBE67BB3BD0}.Template|Win32.ActiveCfg = Release|Win32
		{4DC5702E-CA48-859E-DC1C-BDBE67BB3BD0}.Template|Win32.Build.0 = Release|Win32
		{4DC5702E-CA48-859E-DC1C-BDBE67BB3BD0}.Template|x64.ActiveCfg = Release|Win32
		{2A2BA967-CF11-9183-3B59-615A58973A6D}.Debug_noCURL|Win32.ActiveCfg = Debug|Win32
		{2A2BA967-CF11-9183-3B59-615A58973A6D}.Debug_noCURL|Win32.Build.0 = Debug|Win32
		{2A2BA967-CF11-9183-3B59-615A58973A6D}.Debug_noCURL|x64.ActiveCfg = Debug|Win32
		{2A2BA967-CF11-9183-3B59-615A58973A6D}.Debug|Win32.ActiveCfg = Debug|Win32
		{2A2BA967-CF11-9183-3B59-615A58973A6D}.Debug|Win32.Build.0 = Debug|Win32
		{2A2BA967-CF11-9183-3B59-615A58973A6D}.Debug|x64.ActiveCfg = Debug|Win32
		{2A2BA967-CF11-9183-3B59-615A58973A6D}.Release_noCURL|Win32.ActiveCfg = Release|Win32
		{2A2BA967-CF11-9183-3B59-615A58973A6D}.Release_noCURL|Win32.Build.0 = Release|Win32
		{2A2BA967-CF11-9183-3B59-615A58973A6D}.Release_noCURL|x64.ActiveCfg = Release_v90|Win32
		{2A2BA967-CF11-9183-3B59-615A58973A6D}.Release_nossl|Win32.ActiveCfg = Release|Win32
		{2A2BA967-CF11-9183-3B59-615A58973A6D}.Release_nossl|Win32.Build.0 = Release|Win32
		{2A2BA967-CF11-9183-3B59-615A58973A6D}.Release_nossl|x64.ActiveCfg = Release_v90|Win32
		{2A2BA967-CF11-9183-3B59-615A58973A6D}.Release|Win32.ActiveCfg = Release|Win32
		{2A2BA967-CF11-9183-3B59-615A58973A6D}.Release|Win32.Build.0 = Release|Win32
		{2A2BA967-CF11-9183-3B59-615A58973A6D}.Release|x64.ActiveCfg = Release|Win32
		{2A2BA967-CF11-9183-3B59-615A58973A6D}.Release-MT|Win32.ActiveCfg = Release|Win32
		{2A2BA967-CF11-9183-3B59-615A58973A6D}.Release-MT|Win32.Build.0 = Release|Win32
		{2A2BA967-CF11-9183-3B59-615A58973A6D}.Release-MT|x64.ActiveCfg = Release|Win32
		{2A2BA967-CF11-9183-3B59-615A58973A6D}.Release-MT-dbg|Win32.ActiveCfg = Release|Win32
		{2A2BA967-CF11-9183-3B59-615A58973A6D}.Release-MT-dbg|Win32.Build.0 = Release|Win32
		{2A2BA967-CF11-9183-3B59-615A58973A6D}.Release-MT-dbg|x64.ActiveCfg = Release|Win32
		{2A2BA967-CF11-9183-3B59-615A58973A6D}.Template|Win32.ActiveCfg = Template|Win32
		{2A2BA967-CF11-9183-3B59-615A58973A6D}.Template|Win32.Build.0 = Template|Win32
		{2A2BA967-CF11-9183-3B59-615A58973A6D}.Template|x64.ActiveCfg = Template|Win32
		{D1D6B4F7-7534-7BA4-7A79-ED4182318A8D}.Debug_noCURL|Win32.ActiveCfg = Debug|Win32
		{D1D6B4F7-7534-7BA4-7A79-ED4182318A8D}.Debug_noCURL|Win32.Build.0 = Debug|Win32
		{D1D6B4F7-7534-7BA4-7A79-ED4182318A8D}.Debug_noCURL|x64.ActiveCfg = Debug|Win32
		{D1D6B4F7-7534-7BA4-7A79-ED4182318A8D}.Debug|Win32.ActiveCfg = Debug|Win32
		{D1D6B4F7-7534-7BA4-7A79-ED4182318A8D}.Debug|Win32.Build.0 = Debug|Win32
		{D1D6B4F7-7534-7BA4-7A79-ED4182318A8D}.Debug|x64.ActiveCfg = Debug|Win32
		{D1D6B4F7-7534-7BA4-7A79-ED4182318A8D}.Release_noCURL|Win32.ActiveCfg = Release|Win32
		{D1D6B4F7-7534-7BA4-7A79-ED4182318A8D}.Release_noCURL|Win32.Build.0 = Release|Win32
		{D1D6B4F7-7534-7BA4-7A79-ED4182318A8D}.Release_noCURL|x64.ActiveCfg = Release_v90|Win32
		{D1D6B4F7-7534-7BA4-7A79-ED4182318A8D}.Release_nossl|Win32.ActiveCfg = Release|Win32
		{D1D6B4F7-7534-7BA4-7A79-ED4182318A8D}.Release_nossl|Win32.Build.0 = Release|Win32
		{D1D6B4F7-7534-7BA4-7A79-ED4182318A8D}.Release_nossl|x64.ActiveCfg = Release_v90|Win32
		{D1D6B4F7-7534-7BA4-7A79-ED4182318A8D}.Release|Win32.ActiveCfg = Release|Win32
		{D1D6B4F7-7534-7BA4-7A79-ED4182318A8D}.Release|Win32.Build.0 = Release|Win32
		{D1D6B4F7-7534-7BA4-7A79-ED4182318A8D}.Release|x64.ActiveCfg = Release|Win32
		{D1D6B4F7-7534-7BA4-7A79-ED4182318A8D}.Release-MT|Win32.ActiveCfg = Release|Win32
		{D1D6B4F7-7534-7BA4-7A79-ED4182318A8D}.Release-MT|Win32.Build.0 = Release|Win32
		{D1D6B4F7-7534-7BA4-7A79-ED4182318A8D}.Release-MT|x64.ActiveCfg = Release|Win32
		{D1D6B4F7-7534-7BA4-7A79-ED4182318A8D}.Release-MT-dbg|Win32.ActiveCfg = Release|Win32
		{D1D6B4F7-7534-7BA4-7A79-ED4182318A8D}.Release-MT-dbg|Win32.Build.0 = Release|Win32
		{D1D6B4F7-7534-7BA4-7A79-ED4182318A8D}.Release-MT-dbg|x64.ActiveCfg = Release|Win32
		{D1D6B4F7-7534-7BA4-7A79-ED4182318A8D}.Template|Win32.ActiveCfg = Template|Win32
		{D1D6B4F7-7534-7BA4-7A79-ED4182318A8D}.Template|Win32.Build.0 = Template|Win32
		{D1D6B4F7-7534-7BA4-7A79-ED4182318A8D}.Template|x64.ActiveCfg = Template|Win32
		{6ED885C1-3748-4401-09FE-819D512246B6}.Debug_noCURL|Win32.ActiveCfg = Debug|Win32
		{6ED885C1-3748-4401-09FE-819D512246B6}.Debug_noCURL|Win32.Build.0 = Debug|Win32
		{6ED885C1-3748-4401-09FE-819D512246B6}.Debug_noCURL|x64.ActiveCfg = Debug|Win32
		{6ED885C1-3748-4401-09FE-819D512246B6}.Debug|Win32.ActiveCfg = Debug|Win32
		{6ED885C1-3748-4401-09FE-819D512246B6}.Debug|Win32.Build.0 = Debug|Win32
		{6ED885C1-3748-4401-09FE-819D512246B6}.Debug|x64.ActiveCfg = Debug|Win32
		{6ED885C1-3748-4401-09FE-819D512246B6}.Release_noCURL|Win32.ActiveCfg = Release|Win32
		{6ED885C1-3748-4401-09FE-819D512246B6}.Release_noCURL|Win32.Build.0 = Release|Win32
		{6ED885C1-3748-4401-09FE-819D512246B6}.Release_noCURL|x64.ActiveCfg = Release_v90|Win32
		{6ED885C1-3748-4401-09FE-819D512246B6}.Release_nossl|Win32.ActiveCfg = Release|Win32
		{6ED885C1-3748-4401-09FE-819D512246B6}.Release_nossl|Win32.Build.0 = Release|Win32
		{6ED885C1-3748-4401-09FE-819D512246B6}.Release_nossl|x64.ActiveCfg = Release_v90|Win32
		{6ED885C1-3748-4401-09FE-819D512246B6}.Release|Win32.ActiveCfg = Release|Win32
		{6ED885C1-3748-4401-09FE-819D512246B6}.Release|Win32.Build.0 = Release|Win32
		{6ED885C1-3748-4401-09FE-819D512246B6}.Release|x64.ActiveCfg = Release|Win32
		{6ED885C1-3748-4401-09FE-819D512246B6}.Release-MT|Win32.ActiveCfg = Release|Win32
		{6ED885C1-3748-4401-09FE-819D512246B6}.Release-MT|Win32.Build.0 = Release|Win32
		{6ED885C1-3748-4401-09FE-819D512246B6}.Release-MT|x64.ActiveCfg = Release|Win32
		{6ED885C1-3748-4401-09FE-819D512246B6}.Release-MT-dbg|Win32.ActiveCfg = Release|Win32
		{6ED885C1-3748-4401-09FE-819D512246B6}.Release-MT-dbg|Win32.Build.0 = Release|Win32
		{6ED885C1-3748-4401-09FE-819D512246B6}.Release-MT-dbg|x64.ActiveCfg = Release|Win32
		{6ED885C1-3748-4401-09FE-819D512246B6}.Template|Win32.ActiveCfg = Release|Win32
		{6ED885C1-3748-4401-09FE-819D512246B6}.Template|Win32.Build.0 = Release|Win32
		{6ED885C1-3748-4401-09FE-819D512246B6}.Template|x64.ActiveCfg = Release|Win32
		{B5D87929-222B-644D-CD08-911D5F0C7C4F}.Debug_noCURL|Win32.ActiveCfg = Debug|Win32
		{B5D87929-222B-644D-CD08-911D5F0C7C4F}.Debug_noCURL|Win32.Build.0 = Debug|Win32
		{B5D87929-222B-644D-CD08-911D5F0C7C4F}.Debug_noCURL|x64.ActiveCfg = Debug|Win32
		{B5D87929-222B-644D-CD08-911D5F0C7C4F}.Debug|Win32.ActiveCfg = Debug|Win32
		{B5D87929-222B-644D-CD08-911D5F0C7C4F}.Debug|Win32.Build.0 = Debug|Win32
		{B5D87929-222B-644D-CD08-911D5F0C7C4F}.Debug|x64.ActiveCfg = Debug|Win32
		{B5D87929-222B-644D-CD08-911D5F0C7C4F}.Release_noCURL|Win32.ActiveCfg = Release|Win32
		{B5D87929-222B-644D-CD08-911D5F0C7C4F}.Release_noCURL|Win32.Build.0 = Release|Win32
		{B5D87929-222B-644D-CD08-911D5F0C7C4F}.Release_noCURL|x64.ActiveCfg = Release_v90|Win32
		{B5D87929-222B-644D-CD08-911D5F0C7C4F}.Release_nossl|Win32.ActiveCfg = Release|Win32
		{B5D87929-222B-644D-CD08-911D5F0C7C4F}.Release_nossl|Win32.Build.0 = Release|Win32
		{B5D87929-222B-644D-CD08-911D5F0C7C4F}.Release_nossl|x64.ActiveCfg = Release_v90|Win32
		{B5D87929-222B-644D-CD08-911D5F0C7C4F}.Release|Win32.ActiveCfg = Release|Win32
		{B5D87929-222B-644D-CD08-911D5F0C7C4F}.Release|Win32.Build.0 = Release|Win32
		{B5D87929-222B-644D-CD08-911D5F0C7C4F}.Release|x64.ActiveCfg = Release|Win32
		{B5D87929-222B-644D-CD08-911D5F0C7C4F}.Release-MT|Win32.ActiveCfg = Release|Win32
		{B5D87929-222B-644D-CD08-911D5F0C7C4F}.Release-MT|Win32.Build.0 = Release|Win32
		{B5D87929-222B-644D-CD08-911D5F0C7C4F}.Release-MT|x64.ActiveCfg = Release|Win32
		{B5D87929-222B-644D-CD08-911D5F0C7C4F}.Release-MT-dbg|Win32.ActiveCfg = Release|Win32
		{B5D87929-222B-644D-CD08-911D5F0C7C4F}.Release-MT-dbg|Win32.Build.0 = Release|Win32
		{B5D87929-222B-644D-CD08-911D5F0C7C4F}.Release-MT-dbg|x64.ActiveCfg = Release|Win32
		{B5D87929-222B-644D-CD08-911D5F0C7C4F}.Template|Win32.ActiveCfg = Release|Win32
		{B5D87929-222B-644D-CD08-911D5F0C7C4F}.Template|Win32.Build.0 = Release|Win32
		{B5D87929-222B-644D-CD08-911D5F0C7C4F}.Template|x64.ActiveCfg = Release|Win32
		{24190CA9-490E-4D8F-93D7-55DFC80E2688}.Debug_noCURL|Win32.ActiveCfg = Debug|Win32
		{24190CA9-490E-4D8F-93D7-55DFC80E2688}.Debug_noCURL|Win32.Build.0 = Debug|Win32
		{24190CA9-490E-4D8F-93D7-55DFC80E2688}.Debug_noCURL|x64.ActiveCfg = Debug|Win32
		{24190CA9-490E-4D8F-93D7-55DFC80E2688}.Debug|Win32.ActiveCfg = Debug|Win32
		{24190CA9-490E-4D8F-93D7-55DFC80E2688}.Debug|Win32.Build.0 = Debug|Win32
		{24190CA9-490E-4D8F-93D7-55DFC80E2688}.Debug|x64.ActiveCfg = Debug|Win32
		{24190CA9-490E-4D8F-93D7-55DFC80E2688}.Release_noCURL|Win32.ActiveCfg = Release|Win32
		{24190CA9-490E-4D8F-93D7-55DFC80E2688}.Release_noCURL|Win32.Build.0 = Release|Win32
		{24190CA9-490E-4D8F-93D7-55DFC80E2688}.Release_noCURL|x64.ActiveCfg = Release_v90|Win32
		{24190CA9-490E-4D8F-93D7-55DFC80E2688}.Release_nossl|Win32.ActiveCfg = Release|Win32
		{24190CA9-490E-4D8F-93D7-55DFC80E2688}.Release_nossl|Win32.Build.0 = Release|Win32
		{24190CA9-490E-4D8F-93D7-55DFC80E2688}.Release_nossl|x64.ActiveCfg = Release_v90|Win32
		{24190CA9-490E-4D8F-93D7-55DFC80E2688}.Release|Win32.ActiveCfg = Release|Win32
		{24190CA9-490E-4D8F-93D7-55DFC80E2688}.Release|Win32.Build.0 = Release|Win32
		{24190CA9-490E-4D8F-93D7-55DFC80E2688}.Release|x64.ActiveCfg = Release|Win32
		{24190CA9-490E-4D8F-93D7-55DFC80E2688}.Release-MT|Win32.ActiveCfg = Release-MT|Win32
		{24190CA9-490E-4D8F-93D7-55DFC80E2688}.Release-MT|Win32.Build.0 = Release-MT|Win32
		{24190CA9-490E-4D8F-93D7-55DFC80E2688}.Release-MT|x64.ActiveCfg = Release-MT|Win32
		{24190CA9-490E-4D8F-93D7-55DFC80E2688}.Release-MT-dbg|Win32.ActiveCfg = Release-MT-dbg|Win32
		{24190CA9-490E-4D8F-93D7-55DFC80E2688}.Release-MT-dbg|Win32.Build.0 = Release-MT-dbg|Win32
		{24190CA9-490E-4D8F-93D7-55DFC80E2688}.Release-MT-dbg|x64.ActiveCfg = Release-MT-dbg|Win32
		{24190CA9-490E-4D8F-93D7-55DFC80E2688}.Template|Win32.ActiveCfg = Release|Win32
		{24190CA9-490E-4D8F-93D7-55DFC80E2688}.Template|Win32.Build.0 = Release|Win32
		{24190CA9-490E-4D8F-93D7-55DFC80E2688}.Template|x64.ActiveCfg = Release|Win32
		{99ECAF97-19FC-45D1-B48D-8F482C3B9E50}.Debug_noCURL|Win32.ActiveCfg = Debug|Win32
		{99ECAF97-19FC-45D1-B48D-8F482C3B9E50}.Debug_noCURL|Win32.Build.0 = Debug|Win32
		{99ECAF97-19FC-45D1-B48D-8F482C3B9E50}.Debug_noCURL|x64.ActiveCfg = Debug|Win32
		{99ECAF97-19FC-45D1-B48D-8F482C3B9E50}.Debug|Win32.ActiveCfg = Debug|Win32
		{99ECAF97-19FC-45D1-B48D-8F482C3B9E50}.Debug|Win32.Build.0 = Debug|Win32
		{99ECAF97-19FC-45D1-B48D-8F482C3B9E50}.Debug|x64.ActiveCfg = Debug|Win32
		{99ECAF97-19FC-45D1-B48D-8F482C3B9E50}.Release_noCURL|Win32.ActiveCfg = Release|Win32
		{99ECAF97-19FC-45D1-B48D-8F482C3B9E50}.Release_noCURL|Win32.Build.0 = Release|Win32
		{99ECAF97-19FC-45D1-B48D-8F482C3B9E50}.Release_noCURL|x64.ActiveCfg = Release_v90|Win32
		{99ECAF97-19FC-45D1-B48D-8F482C3B9E50}.Release_nossl|Win32.ActiveCfg = Release|Win32
		{99ECAF97-19FC-45D1-B48D-8F482C3B9E50}.Release_nossl|Win32.Build.0 = Release|Win32
		{99ECAF97-19FC-45D1-B48D-8F482C3B9E50}.Release_nossl|x64.ActiveCfg = Release_v90|Win32
		{99ECAF97-19FC-45D1-B48D-8F482C3B9E50}.Release|Win32.ActiveCfg = Release|Win32
		{99ECAF97-19FC-45D1-B48D-8F482C3B9E50}.Release|Win32.Build.0 = Release|Win32
		{99ECAF97-19FC-45D1-B48D-8F482C3B9E50}.Release|x64.ActiveCfg = Release|Win32
		{99ECAF97-19FC-45D1-B48D-8F482C3B9E50}.Release-MT|Win32.ActiveCfg = Release|Win32
		{99ECAF97-19FC-45D1-B48D-8F482C3B9E50}.Release-MT|Win32.Build.0 = Release|Win32
		{99ECAF97-19FC-45D1-B48D-8F482C3B9E50}.Release-MT|x64.ActiveCfg = Release|Win32
		{99ECAF97-19FC-45D1-B48D-8F482C3B9E50}.Release-MT-dbg|Win32.ActiveCfg = Release|Win32
		{99ECAF97-19FC-45D1-B48D-8F482C3B9E50}.Release-MT-dbg|Win32.Build.0 = Release|Win32
		{99ECAF97-19FC-45D1-B48D-8F482C3B9E50}.Release-MT-dbg|x64.ActiveCfg = Release|Win32
		{99ECAF97-19FC-45D1-B48D-8F482C3B9E50}.Template|Win32.ActiveCfg = Release|Win32
		{99ECAF97-19FC-45D1-B48D-8F482C3B9E50}.Template|Win32.Build.0 = Release|Win32
		{99ECAF97-19FC-45D1-B48D-8F482C3B9E50}.Template|x64.ActiveCfg = Release|Win32
		{DCC54B62-2206-4D78-9799-65BB2CD41B3B}.Debug_noCURL|Win32.ActiveCfg = Debug|Win32
		{DCC54B62-2206-4D78-9799-65BB2CD41B3B}.Debug_noCURL|Win32.Build.0 = Debug|Win32
		{DCC54B62-2206-4D78-9799-65BB2CD41B3B}.Debug_noCURL|x64.ActiveCfg = Debug|Win32
		{DCC54B62-2206-4D78-9799-65BB2CD41B3B}.Debug|Win32.ActiveCfg = Debug|Win32
		{DCC54B62-2206-4D78-9799-65BB2CD41B3B}.Debug|Win32.Build.0 = Debug|Win32
		{DCC54B62-2206-4D78-9799-65BB2CD41B3B}.Debug|x64.ActiveCfg = Debug|Win32
		{DCC54B62-2206-4D78-9799-65BB2CD41B3B}.Release_noCURL|Win32.ActiveCfg = Release|Win32
		{DCC54B62-2206-4D78-9799-65BB2CD41B3B}.Release_noCURL|Win32.Build.0 = Release|Win32
		{DCC54B62-2206-4D78-9799-65BB2CD41B3B}.Release_noCURL|x64.ActiveCfg = Release_v90|Win32
		{DCC54B62-2206-4D78-9799-65BB2CD41B3B}.Release_nossl|Win32.ActiveCfg = Release|Win32
		{DCC54B62-2206-4D78-9799-65BB2CD41B3B}.Release_nossl|Win32.Build.0 = Release|Win32
		{DCC54B62-2206-4D78-9799-65BB2CD41B3B}.Release_nossl|x64.ActiveCfg = Release_v90|Win32
		{DCC54B62-2206-4D78-9799-65BB2CD41B3B}.Release|Win32.ActiveCfg = Release|Win32
		{DCC54B62-2206-4D78-9799-65BB2CD41B3B}.Release|Win32.Build.0 = Release|Win32
		{DCC54B62-2206-4D78-9799-65BB2CD41B3B}.Release|x64.ActiveCfg = Release|Win32
		{DCC54B62-2206-4D78-9799-65BB2CD41B3B}.Release-MT|Win32.ActiveCfg = Release|Win32
		{DCC54B62-2206-4D78-9799-65BB2CD41B3B}.Release-MT|Win32.Build.0 = Release|Win32
		{DCC54B62-2206-4D78-9799-65BB2CD41B3B}.Release-MT|x64.ActiveCfg = Release|Win32
		{DCC54B62-2206-4D78-9799-65BB2CD41B3B}.Release-MT-dbg|Win32.ActiveCfg = Release|Win32
		{DCC54B62-2206-4D78-9799-65BB2CD41B3B}.Release-MT-dbg|Win32.Build.0 = Release|Win32
		{DCC54B62-2206-4D78-9799-65BB2CD41B3B}.Release-MT-dbg|x64.ActiveCfg = Release|Win32
		{DCC54B62-2206-4D78-9799-65BB2CD41B3B}.Template|Win32.ActiveCfg = Release|Win32
		{DCC54B62-2206-4D78-9799-65BB2CD41B3B}.Template|Win32.Build.0 = Release|Win32
		{DCC54B62-2206-4D78-9799-65BB2CD41B3B}.Template|x64.ActiveCfg = Release|Win32
		{80BDE4A4-DC76-FA5A-18C6-CBFD4601B350}.Debug_noCURL|Win32.ActiveCfg = Debug_noCURL|Win32
		{80BDE4A4-DC76-FA5A-18C6-CBFD4601B350}.Debug_noCURL|Win32.Build.0 = Debug_noCURL|Win32
		{80BDE4A4-DC76-FA5A-18C6-CBFD4601B350}.Debug_noCURL|x64.ActiveCfg = Debug_noCURL|Win32
		{80BDE4A4-DC76-FA5A-18C6-CBFD4601B350}.Debug|Win32.ActiveCfg = Debug|Win32
		{80BDE4A4-DC76-FA5A-18C6-CBFD4601B350}.Debug|Win32.Build.0 = Debug|Win32
		{80BDE4A4-DC76-FA5A-18C6-CBFD4601B350}.Debug|x64.ActiveCfg = Debug|Win32
		{80BDE4A4-DC76-FA5A-18C6-CBFD4601B350}.Release_noCURL|Win32.ActiveCfg = Release_noCURL|Win32
		{80BDE4A4-DC76-FA5A-18C6-CBFD4601B350}.Release_noCURL|Win32.Build.0 = Release_noCURL|Win32
		{80BDE4A4-DC76-FA5A-18C6-CBFD4601B350}.Release_noCURL|x64.ActiveCfg = Release_noCURL|Win32
		{80BDE4A4-DC76-FA5A-18C6-CBFD4601B350}.Release_nossl|Win32.ActiveCfg = Release_noCURL|Win32
		{80BDE4A4-DC76-FA5A-18C6-CBFD4601B350}.Release_nossl|Win32.Build.0 = Release_noCURL|Win32
		{80BDE4A4-DC76-FA5A-18C6-CBFD4601B350}.Release_nossl|x64.ActiveCfg = Release_noCURL|Win32
		{80BDE4A4-DC76-FA5A-18C6-CBFD4601B350}.Release|Win32.ActiveCfg = Release|Win32
		{80BDE4A4-DC76-FA5A-18C6-CBFD4601B350}.Release|Win32.Build.0 = Release|Win32
		{80BDE4A4-DC76-FA5A-18C6-CBFD4601B350}.Release|x64.ActiveCfg = Release|Win32
		{80BDE4A4-DC76-FA5A-18C6-CBFD4601B350}.Release-MT|Win32.ActiveCfg = Release|Win32
		{80BDE4A4-DC76-FA5A-18C6-CBFD4601B350}.Release-MT|Win32.Build.0 = Release|Win32
		{80BDE4A4-DC76-FA5A-18C6-CBFD4601B350}.Release-MT|x64.ActiveCfg = Release|Win32
		{80BDE4A4-DC76-FA5A-18C6-CBFD4601B350}.Release-MT-dbg|Win32.ActiveCfg = Release|Win32
		{80BDE4A4-DC76-FA5A-18C6-CBFD4601B350}.Release-MT-dbg|Win32.Build.0 = Release|Win32
		{80BDE4A4-DC76-FA5A-18C6-CBFD4601B350}.Release-MT-dbg|x64.ActiveCfg = Release|Win32
		{80BDE4A4-DC76-FA5A-18C6-CBFD4601B350}.Template|Win32.ActiveCfg = Template|Win32
		{80BDE4A4-DC76-FA5A-18C6-CBFD4601B350}.Template|Win32.Build.0 = Template|Win32
		{80BDE4A4-DC76-FA5A-18C6-CBFD4601B350}.Template|x64.ActiveCfg = Template|Win32
		{7350138A-AF63-7728-A91D-9F2084339CFE}.Debug_noCURL|Win32.ActiveCfg = Debug|Win32
		{7350138A-AF63-7728-A91D-9F2084339CFE}.Debug_noCURL|Win32.Build.0 = Debug|Win32
		{7350138A-AF63-7728-A91D-9F2084339CFE}.Debug_noCURL|x64.ActiveCfg = Debug|Win32
		{7350138A-AF63-7728-A91D-9F2084339CFE}.Debug|Win32.ActiveCfg = Debug|Win32
		{7350138A-AF63-7728-A91D-9F2084339CFE}.Debug|Win32.Build.0 = Debug|Win32
		{7350138A-AF63-7728-A91D-9F2084339CFE}.Debug|x64.ActiveCfg = Debug|Win32
		{7350138A-AF63-7728-A91D-9F2084339CFE}.Release_noCURL|Win32.ActiveCfg = Release|Win32
		{7350138A-AF63-7728-A91D-9F2084339CFE}.Release_noCURL|Win32.Build.0 = Release|Win32
		{7350138A-AF63-7728-A91D-9F2084339CFE}.Release_noCURL|x64.ActiveCfg = Release_v90|Win32
		{7350138A-AF63-7728-A91D-9F2084339CFE}.Release_nossl|Win32.ActiveCfg = Release|Win32
		{7350138A-AF63-7728-A91D-9F2084339CFE}.Release_nossl|Win32.Build.0 = Release|Win32
		{7350138A-AF63-7728-A91D-9F2084339CFE}.Release_nossl|x64.ActiveCfg = Release_v90|Win32
		{7350138A-AF63-7728-A91D-9F2084339CFE}.Release|Win32.ActiveCfg = Release|Win32
		{7350138A-AF63-7728-A91D-9F2084339CFE}.Release|Win32.Build.0 = Release|Win32
		{7350138A-AF63-7728-A91D-9F2084339CFE}.Release|x64.ActiveCfg = Release|Win32
		{7350138A-AF63-7728-A91D-9F2084339CFE}.Release-MT|Win32.ActiveCfg = Release|Win32
		{7350138A-AF63-7728-A91D-9F2084339CFE}.Release-MT|Win32.Build.0 = Release|Win32
		{7350138A-AF63-7728-A91D-9F2084339CFE}.Release-MT|x64.ActiveCfg = Release|Win32
		{7350138A-AF63-7728-A91D-9F2084339CFE}.Release-MT-dbg|Win32.ActiveCfg = Release|Win32
		{7350138A-AF63-7728-A91D-9F2084339CFE}.Release-MT-dbg|Win32.Build.0 = Release|Win32
		{7350138A-AF63-7728-A91D-9F2084339CFE}.Release-MT-dbg|x64.ActiveCfg = Release|Win32
		{7350138A-AF63-7728-A91D-9F2084339CFE}.Template|Win32.ActiveCfg = Release|Win32
		{7350138A-AF63-7728-A91D-9F2084339CFE}.Template|Win32.Build.0 = Release|Win32
		{7350138A-AF63-7728-A91D-9F2084339CFE}.Template|x64.ActiveCfg = Release|Win32
		{8097D2C4-7012-4148-BDAE-D117E5FB5301}.Debug_noCURL|Win32.ActiveCfg = Debug|Win32
		{8097D2C4-7012-4148-BDAE-D117E5FB5301}.Debug_noCURL|Win32.Build.0 = Debug|Win32
		{8097D2C4-7012-4148-BDAE-D117E5FB5301}.Debug_noCURL|x64.ActiveCfg = Debug|Win32
		{8097D2C4-7012-4148-BDAE-D117E5FB5301}.Debug|Win32.ActiveCfg = Debug|Win32
		{8097D2C4-7012-4148-BDAE-D117E5FB5301}.Debug|Win32.Build.0 = Debug|Win32
		{8097D2C4-7012-4148-BDAE-D117E5FB5301}.Debug|x64.ActiveCfg = Debug|Win32
		{8097D2C4-7012-4148-BDAE-D117E5FB5301}.Release_noCURL|Win32.ActiveCfg = Release|Win32
		{8097D2C4-7012-4148-BDAE-D117E5FB5301}.Release_noCURL|Win32.Build.0 = Release|Win32
		{8097D2C4-7012-4148-BDAE-D117E5FB5301}.Release_noCURL|x64.ActiveCfg = Release|Win32
		{8097D2C4-7012-4148-BDAE-D117E5FB5301}.Release_nossl|Win32.ActiveCfg = Release|Win32
		{8097D2C4-7012-4148-BDAE-D117E5FB5301}.Release_nossl|Win32.Build.0 = Release|Win32
		{8097D2C4-7012-4148-BDAE-D117E5FB5301}.Release_nossl|x64.ActiveCfg = Release|Win32
		{8097D2C4-7012-4148-BDAE-D117E5FB5301}.Release|Win32.ActiveCfg = Release|Win32
		{8097D2C4-7012-4148-BDAE-D117E5FB5301}.Release|Win32.Build.0 = Release|Win32
		{8097D2C4-7012-4148-BDAE-D117E5FB5301}.Release|x64.ActiveCfg = Release|Win32
		{8097D2C4-7012-4148-BDAE-D117E5FB5301}.Release-MT|Win32.ActiveCfg = Release|Win32
		{8097D2C4-7012-4148-BDAE-D117E5FB5301}.Release-MT|Win32.Build.0 = Release|Win32
		{8097D2C4-7012-4148-BDAE-D117E5FB5301}.Release-MT|x64.ActiveCfg = Release|Win32
		{8097D2C4-7012-4148-BDAE-D117E5FB5301}.Release-MT-dbg|Win32.ActiveCfg = Release|Win32
		{8097D2C4-7012-4148-BDAE-D117E5FB5301}.Release-MT-dbg|Win32.Build.0 = Release|Win32
		{8097D2C4-7012-4148-BDAE-D117E5FB5301}.Release-MT-dbg|x64.ActiveCfg = Release|Win32
		{8097D2C4-7012-4148-BDAE-D117E5FB5301}.Template|Win32.ActiveCfg = Release|Win32
		{8097D2C4-7012-4148-BDAE-D117E5FB5301}.Template|Win32.Build.0 = Release|Win32
		{8097D2C4-7012-4148-BDAE-D117E5FB5301}.Template|x64.ActiveCfg = Release|Win32
		{85E21817-4641-4B32-A3C2-635470006333}.Debug_noCURL|Win32.ActiveCfg = Debug|x64
		{85E21817-4641-4B32-A3C2-635470006333}.Debug_noCURL|x64.ActiveCfg = Debug|x64
		{85E21817-4641-4B32-A3C2-635470006333}.Debug_noCURL|x64.Build.0 = Debug|x64
		{85E21817-4641-4B32-A3C2-635470006333}.Debug|Win32.ActiveCfg = Debug|Win32
		{85E21817-4641-4B32-A3C2-635470006333}.Debug|Win32.Build.0 = Debug|Win32
		{85E21817-4641-4B32-A3C2-635470006333}.Debug|x64.ActiveCfg = Debug|x64
		{85E21817-4641-4B32-A3C2-635470006333}.Debug|x64.Build.0 = Debug|x64
		{85E21817-4641-4B32-A3C2-635470006333}.Release_noCURL|Win32.ActiveCfg = Release|x64
		{85E21817-4641-4B32-A3C2-635470006333}.Release_noCURL|x64.ActiveCfg = Release|x64
		{85E21817-4641-4B32-A3C2-635470006333}.Release_noCURL|x64.Build.0 = Release|x64
		{85E21817-4641-4B32-A3C2-635470006333}.Release_nossl|Win32.ActiveCfg = Release|x64
		{85E21817-4641-4B32-A3C2-635470006333}.Release_nossl|x64.ActiveCfg = Release|x64
		{85E21817-4641-4B32-A3C2-635470006333}.Release_nossl|x64.Build.0 = Release|x64
		{85E21817-4641-4B32-A3C2-635470006333}.Release|Win32.ActiveCfg = Release|Win32
		{85E21817-4641-4B32-A3C2-635470006333}.Release|Win32.Build.0 = Release|Win32
		{85E21817-4641-4B32-A3C2-635470006333}.Release|x64.ActiveCfg = Release|x64
		{85E21817-4641-4B32-A3C2-635470006333}.Release|x64.Build.0 = Release|x64
		{85E21817-4641-4B32-A3C2-635470006333}.Release-MT|Win32.ActiveCfg = Release|x64
		{85E21817-4641-4B32-A3C2-635470006333}.Release-MT|x64.ActiveCfg = Release|x64
		{85E21817-4641-4B32-A3C2-635470006333}.Release-MT|x64.Build.0 = Release|x64
		{85E21817-4641-4B32-A3C2-635470006333}.Release-MT-dbg|Win32.ActiveCfg = Release|x64
		{85E21817-4641-4B32-A3C2-635470006333}.Release-MT-dbg|x64.ActiveCfg = Release|x64
		{85E21817-4641-4B32-A3C2-635470006333}.Release-MT-dbg|x64.Build.0 = Release|x64
		{85E21817-4641-4B32-A3C2-635470006333}.Template|Win32.ActiveCfg = Release|x64
		{85E21817-4641-4B32-A3C2-635470006333}.Template|x64.ActiveCfg = Release|x64
		{85E21817-4641-4B32-A3C2-635470006333}.Template|x64.Build.0 = Release|x64
		{45DF9AE7-97B7-4CD4-BC5B-D2EE743F2ED9}.Debug_noCURL|Win32.ActiveCfg = Debug|Win32
		{45DF9AE7-97B7-4CD4-BC5B-D2EE743F2ED9}.Debug_noCURL|Win32.Build.0 = Debug|Win32
		{45DF9AE7-97B7-4CD4-BC5B-D2EE743F2ED9}.Debug_noCURL|x64.ActiveCfg = Debug|Win32
		{45DF9AE7-97B7-4CD4-BC5B-D2EE743F2ED9}.Debug|Win32.ActiveCfg = Debug|Win32
		{45DF9AE7-97B7-4CD4-BC5B-D2EE743F2ED9}.Debug|Win32.Build.0 = Debug|Win32
		{45DF9AE7-97B7-4CD4-BC5B-D2EE743F2ED9}.Debug|x64.ActiveCfg = Debug|Win32
		{45DF9AE7-97B7-4CD4-BC5B-D2EE743F2ED9}.Release_noCURL|Win32.ActiveCfg = Release|Win32
		{45DF9AE7-97B7-4CD4-BC5B-D2EE743F2ED9}.Release_noCURL|Win32.Build.0 = Release|Win32
		{45DF9AE7-97B7-4CD4-BC5B-D2EE743F2ED9}.Release_noCURL|x64.ActiveCfg = Release|Win32
		{45DF9AE7-97B7-4CD4-BC5B-D2EE743F2ED9}.Release_nossl|Win32.ActiveCfg = Release|Win32
		{45DF9AE7-97B7-4CD4-BC5B-D2EE743F2ED9}.Release_nossl|Win32.Build.0 = Release|Win32
		{45DF9AE7-97B7-4CD4-BC5B-D2EE743F2ED9}.Release_nossl|x64.ActiveCfg = Release|Win32
		{45DF9AE7-97B7-4CD4-BC5B-D2EE743F2ED9}.Release|Win32.ActiveCfg = Release|Win32
		{45DF9AE7-97B7-4CD4-BC5B-D2EE743F2ED9}.Release|Win32.Build.0 = Release|Win32
		{45DF9AE7-97B7-4CD4-BC5B-D2EE743F2ED9}.Release|x64.ActiveCfg = Release|Win32
		{45DF9AE7-97B7-4CD4-BC5B-D2EE743F2ED9}.Release-MT|Win32.ActiveCfg = Release|Win32
		{45DF9AE7-97B7-4CD4-BC5B-D2EE743F2ED9}.Release-MT|Win32.Build.0 = Release|Win32
		{45DF9AE7-97B7-4CD4-BC5B-D2EE743F2ED9}.Release-MT|x64.ActiveCfg = Release|Win32
		{45DF9AE7-97B7-4CD4-BC5B-D2EE743F2ED9}.Release-MT-dbg|Win32.ActiveCfg = Release|Win32
		{45DF9AE7-97B7-4CD4-BC5B-D2EE743F2ED9}.Release-MT-dbg|Win32.Build.0 = Release|Win32
		{45DF9AE7-97B7-4CD4-BC5B-D2EE743F2ED9}.Release-MT-dbg|x64.ActiveCfg = Release|Win32
		{45DF9AE7-97B7-4CD4-BC5B-D2EE743F2ED9}.Template|Win32.ActiveCfg = Release|Win32
		{45DF9AE7-97B7-4CD4-BC5B-D2EE743F2ED9}.Template|Win32.Build.0 = Release|Win32
		{45DF9AE7-97B7-4CD4-BC5B-D2EE743F2ED9}.Template|x64.ActiveCfg = Release|Win32
		{6DF41211-AB95-45C2-8E0D-4A5022D571BC}.Debug_noCURL|Win32.ActiveCfg = Debug|Win32
		{6DF41211-AB95-45C2-8E0D-4A5022D571BC}.Debug_noCURL|Win32.Build.0 = Debug|Win32
		{6DF41211-AB95-45C2-8E0D-4A5022D571BC}.Debug_noCURL|x64.ActiveCfg = Debug|Win32
		{6DF41211-AB95-45C2-8E0D-4A5022D571BC}.Debug|Win32.ActiveCfg = Debug|Win32
		{6DF41211-AB95-45C2-8E0D-4A5022D571BC}.Debug|Win32.Build.0 = Debug|Win32
		{6DF41211-AB95-45C2-8E0D-4A5022D571BC}.Debug|x64.ActiveCfg = Debug|Win32
		{6DF41211-AB95-45C2-8E0D-4A5022D571BC}.Release_noCURL|Win32.ActiveCfg = Release|Win32
		{6DF41211-AB95-45C2-8E0D-4A5022D571BC}.Release_noCURL|Win32.Build.0 = Release|Win32
		{6DF41211-AB95-45C2-8E0D-4A5022D571BC}.Release_noCURL|x64.ActiveCfg = Release|Win32
		{6DF41211-AB95-45C2-8E0D-4A5022D571BC}.Release_nossl|Win32.ActiveCfg = Release|Win32
		{6DF41211-AB95-45C2-8E0D-4A5022D571BC}.Release_nossl|Win32.Build.0 = Release|Win32
		{6DF41211-AB95-45C2-8E0D-4A5022D571BC}.Release_nossl|x64.ActiveCfg = Release|Win32
		{6DF41211-AB95-45C2-8E0D-4A5022D571BC}.Release|Win32.ActiveCfg = Release|Win32
		{6DF41211-AB95-45C2-8E0D-4A5022D571BC}.Release|Win32.Build.0 = Release|Win32
		{6DF41211-AB95-45C2-8E0D-4A5022D571BC}.Release|x64.ActiveCfg = Release|Win32
		{6DF41211-AB95-45C2-8E0D-4A5022D571BC}.Release-MT|Win32.ActiveCfg = Release|Win32
		{6DF41211-AB95-45C2-8E0D-4A5022D571BC}.Release-MT|Win32.Build.0 = Release|Win32
		{6DF41211-AB95-45C2-8E0D-4A5022D571BC}.Release-MT|x64.ActiveCfg = Release|Win32
		{6DF41211-AB95-45C2-8E0D-4A5022D571BC}.Release-MT-dbg|Win32.ActiveCfg = Release|Win32
		{6DF41211-AB95-45C2-8E0D-4A5022D571BC}.Release-MT-dbg|Win32.Build.0 = Release|Win32
		{6DF41211-AB95-45C2-8E0D-4A5022D571BC}.Release-MT-dbg|x64.ActiveCfg = Release|Win32
		{6DF41211-AB95-45C2-8E0D-4A5022D571BC}.Template|Win32.ActiveCfg = Release|Win32
		{6DF41211-AB95-45C2-8E0D-4A5022D571BC}.Template|Win32.Build.0 = Release|Win32
		{6DF41211-AB95-45C2-8E0D-4A5022D571BC}.Template|x64.ActiveCfg = Release|Win32
		{A34657E1-A007-4A05-A751-9809C622707B}.Debug_noCURL|Win32.ActiveCfg = Debug|Win32
		{A34657E1-A007-4A05-A751-9809C622707B}.Debug_noCURL|Win32.Build.0 = Debug|Win32
		{A34657E1-A007-4A05-A751-9809C622707B}.Debug_noCURL|x64.ActiveCfg = Debug|Win32
		{A34657E1-A007-4A05-A751-9809C622707B}.Debug|Win32.ActiveCfg = Debug|Win32
		{A34657E1-A007-4A05-A751-9809C622707B}.Debug|Win32.Build.0 = Debug|Win32
		{A34657E1-A007-4A05-A751-9809C622707B}.Debug|x64.ActiveCfg = Debug|Win32
		{A34657E1-A007-4A05-A751-9809C622707B}.Release_noCURL|Win32.ActiveCfg = Release|Win32
		{A34657E1-A007-4A05-A751-9809C622707B}.Release_noCURL|Win32.Build.0 = Release|Win32
		{A34657E1-A007-4A05-A751-9809C622707B}.Release_noCURL|x64.ActiveCfg = Release|Win32
		{A34657E1-A007-4A05-A751-9809C622707B}.Release_nossl|Win32.ActiveCfg = Release|Win32
		{A34657E1-A007-4A05-A751-9809C622707B}.Release_nossl|Win32.Build.0 = Release|Win32
		{A34657E1-A007-4A05-A751-9809C622707B}.Release_nossl|x64.ActiveCfg = Release|Win32
		{A34657E1-A007-4A05-A751-9809C622707B}.Release|Win32.ActiveCfg = Release|Win32
		{A34657E1-A007-4A05-A751-9809C622707B}.Release|Win32.Build.0 = Release|Win32
		{A34657E1-A007-4A05-A751-9809C622707B}.Release|x64.ActiveCfg = Release|Win32
		{A34657E1-A007-4A05-A751-9809C622707B}.Release-MT|Win32.ActiveCfg = Release|Win32
		{A34657E1-A007-4A05-A751-9809C622707B}.Release-MT|Win32.Build.0 = Release|Win32
		{A34657E1-A007-4A05-A751-9809C622707B}.Release-MT|x64.ActiveCfg = Release|Win32
		{A34657E1-A007-4A05-A751-9809C622707B}.Release-MT-dbg|Win32.ActiveCfg = Release|Win32
		{A34657E1-A007-4A05-A751-9809C622707B}.Release-MT-dbg|Win32.Build.0 = Release|Win32
		{A34657E1-A007-4A05-A751-9809C622707B}.Release-MT-dbg|x64.ActiveCfg = Release|Win32
		{A34657E1-A007-4A05-A751-9809C622707B}.Template|Win32.ActiveCfg = Release|Win32
		{A34657E1-A007-4A05-A751-9809C622707B}.Template|Win32.Build.0 = Release|Win32
		{A34657E1-A007-4A05-A751-9809C622707B}.Template|x64.ActiveCfg = Release|Win32
		{F43CE010-E5F0-45D1-89C5-3DCE111C2187}.Debug_noCURL|Win32.ActiveCfg = Debug|Win32
		{F43CE010-E5F0-45D1-89C5-3DCE111C2187}.Debug_noCURL|Win32.Build.0 = Debug|Win32
		{F43CE010-E5F0-45D1-89C5-3DCE111C2187}.Debug_noCURL|x64.ActiveCfg = Debug|Win32
		{F43CE010-E5F0-45D1-89C5-3DCE111C2187}.Debug|Win32.ActiveCfg = Debug|Win32
		{F43CE010-E5F0-45D1-89C5-3DCE111C2187}.Debug|Win32.Build.0 = Debug|Win32
		{F43CE010-E5F0-45D1-89C5-3DCE111C2187}.Debug|x64.ActiveCfg = Debug|Win32
		{F43CE010-E5F0-45D1-89C5-3DCE111C2187}.Release_noCURL|Win32.ActiveCfg = Release|Win32
		{F43CE010-E5F0-45D1-89C5-3DCE111C2187}.Release_noCURL|Win32.Build.0 = Release|Win32
		{F43CE010-E5F0-45D1-89C5-3DCE111C2187}.Release_noCURL|x64.ActiveCfg = Release|Win32
		{F43CE010-E5F0-45D1-89C5-3DCE111C2187}.Release_nossl|Win32.ActiveCfg = Release|Win32
		{F43CE010-E5F0-45D1-89C5-3DCE111C2187}.Release_nossl|Win32.Build.0 = Release|Win32
		{F43CE010-E5F0-45D1-89C5-3DCE111C2187}.Release_nossl|x64.ActiveCfg = Release|Win32
		{F43CE010-E5F0-45D1-89C5-3DCE111C2187}.Release|Win32.ActiveCfg = Release|Win32
		{F43CE010-E5F0-45D1-89C5-3DCE111C2187}.Release|Win32.Build.0 = Release|Win32
		{F43CE010-E5F0-45D1-89C5-3DCE111C2187}.Release|x64.ActiveCfg = Release|Win32
		{F43CE010-E5F0-45D1-89C5-3DCE111C2187}.Release-MT|Win32.ActiveCfg = Release|Win32
		{F43CE010-E5F0-45D1-89C5-3DCE111C2187}.Release-MT|Win32.Build.0 = Release|Win32
		{F43CE010-E5F0-45D1-89C5-3DCE111C2187}.Release-MT|x64.ActiveCfg = Release|Win32
		{F43CE010-E5F0-45D1-89C5-3DCE111C2187}.Release-MT-dbg|Win32.ActiveCfg = Release|Win32
		{F43CE010-E5F0-45D1-89C5-3DCE111C2187}.Release-MT-dbg|Win32.Build.0 = Release|Win32
		{F43CE010-E5F0-45D1-89C5-3DCE111C2187}.Release-MT-dbg|x64.ActiveCfg = Release|Win32
		{F43CE010-E5F0-45D1-89C5-3DCE111C2187}.Template|Win32.ActiveCfg = Release|Win32
		{F43CE010-E5F0-45D1-89C5-3DCE111C2187}.Template|Win32.Build.0 = Release|Win32
		{F43CE010-E5F0-45D1-89C5-3DCE111C2187}.Template|x64.ActiveCfg = Release|Win32
		{11ECF154-E7E0-4C8B-AC07-4673C56CAC3E}.Debug_noCURL|Win32.ActiveCfg = Debug|Win32
		{11ECF154-E7E0-4C8B-AC07-4673C56CAC3E}.Debug_noCURL|Win32.Build.0 = Debug|Win32
		{11ECF154-E7E0-4C8B-AC07-4673C56CAC3E}.Debug_noCURL|x64.ActiveCfg = Debug|Win32
		{11ECF154-E7E0-4C8B-AC07-4673C56CAC3E}.Debug|Win32.ActiveCfg = Debug|Win32
		{11ECF154-E7E0-4C8B-AC07-4673C56CAC3E}.Debug|Win32.Build.0 = Debug|Win32
		{11ECF154-E7E0-4C8B-AC07-4673C56CAC3E}.Debug|x64.ActiveCfg = Debug|Win32
		{11ECF154-E7E0-4C8B-AC07-4673C56CAC3E}.Release_noCURL|Win32.ActiveCfg = Release|Win32
		{11ECF154-E7E0-4C8B-AC07-4673C56CAC3E}.Release_noCURL|Win32.Build.0 = Release|Win32
		{11ECF154-E7E0-4C8B-AC07-4673C56CAC3E}.Release_noCURL|x64.ActiveCfg = Release|Win32
		{11ECF154-E7E0-4C8B-AC07-4673C56CAC3E}.Release_nossl|Win32.ActiveCfg = Release|Win32
		{11ECF154-E7E0-4C8B-AC07-4673C56CAC3E}.Release_nossl|Win32.Build.0 = Release|Win32
		{11ECF154-E7E0-4C8B-AC07-4673C56CAC3E}.Release_nossl|x64.ActiveCfg = Release|Win32
		{11ECF154-E7E0-4C8B-AC07-4673C56CAC3E}.Release|Win32.ActiveCfg = Release|Win32
		{11ECF154-E7E0-4C8B-AC07-4673C56CAC3E}.Release|Win32.Build.0 = Release|Win32
		{11ECF154-E7E0-4C8B-AC07-4673C56CAC3E}.Release|x64.ActiveCfg = Release|Win32
		{11ECF154-E7E0-4C8B-AC07-4673C56CAC3E}.Release-MT|Win32.ActiveCfg = Release|Win32
		{11ECF154-E7E0-4C8B-AC07-4673C56CAC3E}.Release-MT|Win32.Build.0 = Release|Win32
		{11ECF154-E7E0-4C8B-AC07-4673C56CAC3E}.Release-MT|x64.ActiveCfg = Release|Win32
		{11ECF154-E7E0-4C8B-AC07-4673C56CAC3E}.Release-MT-dbg|Win32.ActiveCfg = Release|Win32
		{11ECF154-E7E0-4C8B-AC07-4673C56CAC3E}.Release-MT-dbg|Win32.Build.0 = Release|Win32
		{11ECF154-E7E0-4C8B-AC07-4673C56CAC3E}.Release-MT-dbg|x64.ActiveCfg = Release|Win32
		{11ECF154-E7E0-4C8B-AC07-4673C56CAC3E}.Template|Win32.ActiveCfg = Release|Win32
		{11ECF154-E7E0-4C8B-AC07-4673C56CAC3E}.Template|Win32.Build.0 = Release|Win32
		{11ECF154-E7E0-4C8B-AC07-4673C56CAC3E}.Template|x64.ActiveCfg = Release|Win32
		{029E59D3-810E-4E39-9BDF-35984A03B3AF}.Debug_noCURL|Win32.ActiveCfg = Debug|Win32
		{029E59D3-810E-4E39-9BDF-35984A03B3AF}.Debug_noCURL|Win32.Build.0 = Debug|Win32
		{029E59D3-810E-4E39-9BDF-35984A03B3AF}.Debug_noCURL|x64.ActiveCfg = Debug|Win32
		{029E59D3-810E-4E39-9BDF-35984A03B3AF}.Debug|Win32.ActiveCfg = Debug|Win32
		{029E59D3-810E-4E39-9BDF-35984A03B3AF}.Debug|Win32.Build.0 = Debug|Win32
		{029E59D3-810E-4E39-9BDF-35984A03B3AF}.Debug|x64.ActiveCfg = Debug|Win32
		{029E59D3-810E-4E39-9BDF-35984A03B3AF}.Release_noCURL|Win32.ActiveCfg = Release|Win32
		{029E59D3-810E-4E39-9BDF-35984A03B3AF}.Release_noCURL|Win32.Build.0 = Release|Win32
		{029E59D3-810E-4E39-9BDF-35984A03B3AF}.Release_noCURL|x64.ActiveCfg = Release|Win32
		{029E59D3-810E-4E39-9BDF-35984A03B3AF}.Release_nossl|Win32.ActiveCfg = Release|Win32
		{029E59D3-810E-4E39-9BDF-35984A03B3AF}.Release_nossl|Win32.Build.0 = Release|Win32
		{029E59D3-810E-4E39-9BDF-35984A03B3AF}.Release_nossl|x64.ActiveCfg = Release|Win32
		{029E59D3-810E-4E39-9BDF-35984A03B3AF}.Release|Win32.ActiveCfg = Release|Win32
		{029E59D3-810E-4E39-9BDF-35984A03B3AF}.Release|Win32.Build.0 = Release|Win32
		{029E59D3-810E-4E39-9BDF-35984A03B3AF}.Release|x64.ActiveCfg = Release|Win32
		{029E59D3-810E-4E39-9BDF-35984A03B3AF}.Release-MT|Win32.ActiveCfg = Release|Win32
		{029E59D3-810E-4E39-9BDF-35984A03B3AF}.Release-MT|Win32.Build.0 = Release|Win32
		{029E59D3-810E-4E39-9BDF-35984A03B3AF}.Release-MT|x64.ActiveCfg = Release|Win32
		{029E59D3-810E-4E39-9BDF-35984A03B3AF}.Release-MT-dbg|Win32.ActiveCfg = Release|Win32
		{029E59D3-810E-4E39-9BDF-35984A03B3AF}.Release-MT-dbg|Win32.Build.0 = Release|Win32
		{029E59D3-810E-4E39-9BDF-35984A03B3AF}.Release-MT-dbg|x64.ActiveCfg = Release|Win32
		{029E59D3-810E-4E39-9BDF-35984A03B3AF}.Template|Win32.ActiveCfg = Release|Win32
		{029E59D3-810E-4E39-9BDF-35984A03B3AF}.Template|Win32.Build.0 = Release|Win32
		{029E59D3-810E-4E39-9BDF-35984A03B3AF}.Template|x64.ActiveCfg = Release|Win32
	EndGlobalSection
	GlobalSection(SolutionProperties) = preSolution
		HideSolutionNode = FALSE
	EndGlobalSection
EndGlobal
